
Microsoft Visual Studio Solution File, Format Version 12.00
# Visual Studio Version 16
VisualStudioVersion = 16.0.29509.3
MinimumVisualStudioVersion = 10.0.40219.1
Project("{2150E333-8FDC-42A3-9474-1A3956D46DE8}") = "abp", "abp", "{2D0BF08C-2275-4AD4-8F3E-FDF2649C8283}"
EndProject
Project("{2150E333-8FDC-42A3-9474-1A3956D46DE8}") = "src", "src", "{2C3B1847-0BC3-4072-B355-A104336C7A90}"
EndProject
Project("{9A19103F-16F7-4668-BE54-9A1E7A4F7556}") = "FS.Abp.Localization", "src\FS.Abp.Localization\FS.Abp.Localization.csproj", "{0A638632-2DBD-4FEE-896A-D2AF62D89102}"
EndProject
Project("{9A19103F-16F7-4668-BE54-9A1E7A4F7556}") = "FS.Abp.Zero", "src\FS.Abp.Zero\FS.Abp.Zero.csproj", "{3572897A-3D13-40EB-ADCB-CB12862ED8C6}"
EndProject
Project("{FAE04EC0-301F-11D3-BF4B-00C04F79EFBC}") = "FS.Report", "src\FS.Report\FS.Report.csproj", "{4A88D08A-995A-43D1-84F4-EE1BCDD1BAFB}"
EndProject
Global
	GlobalSection(SolutionConfigurationPlatforms) = preSolution
		Debug|Any CPU = Debug|Any CPU
		Release|Any CPU = Release|Any CPU
	EndGlobalSection
	GlobalSection(ProjectConfigurationPlatforms) = postSolution
		{0A638632-2DBD-4FEE-896A-D2AF62D89102}.Debug|Any CPU.ActiveCfg = Debug|Any CPU
		{0A638632-2DBD-4FEE-896A-D2AF62D89102}.Debug|Any CPU.Build.0 = Debug|Any CPU
		{0A638632-2DBD-4FEE-896A-D2AF62D89102}.Release|Any CPU.ActiveCfg = Release|Any CPU
		{0A638632-2DBD-4FEE-896A-D2AF62D89102}.Release|Any CPU.Build.0 = Release|Any CPU
		{3572897A-3D13-40EB-ADCB-CB12862ED8C6}.Debug|Any CPU.ActiveCfg = Debug|Any CPU
		{3572897A-3D13-40EB-ADCB-CB12862ED8C6}.Debug|Any CPU.Build.0 = Debug|Any CPU
		{3572897A-3D13-40EB-ADCB-CB12862ED8C6}.Release|Any CPU.ActiveCfg = Release|Any CPU
		{3572897A-3D13-40EB-ADCB-CB12862ED8C6}.Release|Any CPU.Build.0 = Release|Any CPU
		{4A88D08A-995A-43D1-84F4-EE1BCDD1BAFB}.Debug|Any CPU.ActiveCfg = Debug|Any CPU
		{4A88D08A-995A-43D1-84F4-EE1BCDD1BAFB}.Debug|Any CPU.Build.0 = Debug|Any CPU
		{4A88D08A-995A-43D1-84F4-EE1BCDD1BAFB}.Release|Any CPU.ActiveCfg = Release|Any CPU
		{4A88D08A-995A-43D1-84F4-EE1BCDD1BAFB}.Release|Any CPU.Build.0 = Release|Any CPU
	EndGlobalSection
	GlobalSection(SolutionProperties) = preSolution
		HideSolutionNode = FALSE
	EndGlobalSection
	GlobalSection(NestedProjects) = preSolution
		{0A638632-2DBD-4FEE-896A-D2AF62D89102} = {2C3B1847-0BC3-4072-B355-A104336C7A90}
		{3572897A-3D13-40EB-ADCB-CB12862ED8C6} = {2C3B1847-0BC3-4072-B355-A104336C7A90}
		{4A88D08A-995A-43D1-84F4-EE1BCDD1BAFB} = {2C3B1847-0BC3-4072-B355-A104336C7A90}
	EndGlobalSection
	GlobalSection(ExtensibilityGlobals) = postSolution
		SolutionGuid = {E0E4686A-E7B3-47DB-8649-A6AE92DE94FD}
	EndGlobalSection
EndGlobal
