
Microsoft Visual Studio Solution File, Format Version 12.00
# Visual Studio Version 16
VisualStudioVersion = 16.0.29709.97
MinimumVisualStudioVersion = 10.0.40219.1
Project("{2150E333-8FDC-42A3-9474-1A3956D46DE8}") = "FS.Abp.AspNetCore", "FS.Abp.AspNetCore", "{E2D733F6-9953-4929-B6B7-044CD0372DE2}"
EndProject
Project("{2150E333-8FDC-42A3-9474-1A3956D46DE8}") = "framework", "framework", "{3F8960EB-4E1B-4ED2-B5C1-E7D2609A73A0}"
EndProject
Project("{2150E333-8FDC-42A3-9474-1A3956D46DE8}") = "modules", "modules", "{BDFBCB8B-E426-4AD0-9FED-7B34E6872D57}"
EndProject
Project("{2150E333-8FDC-42A3-9474-1A3956D46DE8}") = "FS.Abp", "FS.Abp", "{E3673F6F-46F2-43C6-9F26-B716672A7D40}"
EndProject
Project("{9A19103F-16F7-4668-BE54-9A1E7A4F7556}") = "FS.Abp.Domain.Shared", "modules\FS.Abp\src\FS.Abp.Domain.Shared\FS.Abp.Domain.Shared.csproj", "{8548E6E3-7185-42F4-B939-094BEA189324}"
EndProject
Project("{9A19103F-16F7-4668-BE54-9A1E7A4F7556}") = "FS.Abp.Domain", "modules\FS.Abp\src\FS.Abp.Domain\FS.Abp.Domain.csproj", "{98958486-FEEA-4A61-AD03-B0BAE4770A6E}"
EndProject
Project("{9A19103F-16F7-4668-BE54-9A1E7A4F7556}") = "FS.Abp.Application.Contracts", "modules\FS.Abp\src\FS.Abp.Application.Contracts\FS.Abp.Application.Contracts.csproj", "{9EC0377E-9CFD-4B25-B388-C17A180CE7F6}"
EndProject
Project("{9A19103F-16F7-4668-BE54-9A1E7A4F7556}") = "FS.Abp.Application", "modules\FS.Abp\src\FS.Abp.Application\FS.Abp.Application.csproj", "{FA72543D-73DB-425D-ABE6-FE02E56FAA03}"
EndProject
Project("{9A19103F-16F7-4668-BE54-9A1E7A4F7556}") = "FS.Abp.EntityFrameworkCore", "modules\FS.Abp\src\FS.Abp.EntityFrameworkCore\FS.Abp.EntityFrameworkCore.csproj", "{A72D8639-00B5-463F-8E96-0DB9F4693BC7}"
EndProject
Project("{9A19103F-16F7-4668-BE54-9A1E7A4F7556}") = "FS.Abp.HttpApi", "modules\FS.Abp\src\FS.Abp.HttpApi\FS.Abp.HttpApi.csproj", "{C07D9757-E39C-40F6-AFCC-72D03D7DD513}"
EndProject
Project("{9A19103F-16F7-4668-BE54-9A1E7A4F7556}") = "FS.Abp.AspNetCore.Mvc.JsonSubTypes", "framework\FS.Abp.AspNetCore\src\FS.Abp.AspNetCore.Mvc.JsonSubTypes\FS.Abp.AspNetCore.Mvc.JsonSubTypes.csproj", "{7A51F46D-AF4D-4144-95B8-9B0EE6B6EF4E}"
EndProject
Project("{9A19103F-16F7-4668-BE54-9A1E7A4F7556}") = "FS.Abp.AspNetCore.Mvc.JsonSubTypes.Contracts", "framework\FS.Abp.AspNetCore\src\FS.Abp.AspNetCore.Mvc.JsonSubTypes.Contracts\FS.Abp.AspNetCore.Mvc.JsonSubTypes.Contracts.csproj", "{7599C7C7-4CA9-42F1-B7A3-6E678E5EFB9D}"
EndProject
Project("{2150E333-8FDC-42A3-9474-1A3956D46DE8}") = "FS.LineNotify", "FS.LineNotify", "{EA74BCFA-57B1-411F-90F6-02E9210BE36E}"
EndProject
Project("{9A19103F-16F7-4668-BE54-9A1E7A4F7556}") = "FS.LineNotify.Domain.Shared", "modules\FS.LineNotify\src\FS.LineNotify.Domain.Shared\FS.LineNotify.Domain.Shared.csproj", "{D64C1577-4929-4B60-939E-96DE1534891A}"
EndProject
Project("{9A19103F-16F7-4668-BE54-9A1E7A4F7556}") = "FS.LineNotify.Domain", "modules\FS.LineNotify\src\FS.LineNotify.Domain\FS.LineNotify.Domain.csproj", "{F2840BC7-0188-4606-9126-DADD0F5ABF7A}"
EndProject
Project("{9A19103F-16F7-4668-BE54-9A1E7A4F7556}") = "FS.LineNotify.Webhook", "modules\FS.LineNotify\src\FS.LineNotify.Webhook\FS.LineNotify.Webhook.csproj", "{AFAD9EBA-6B22-475F-B2FA-FAAC4204DDF2}"
EndProject
Project("{9A19103F-16F7-4668-BE54-9A1E7A4F7556}") = "FS.LineNotify.Webhook.Client", "modules\FS.LineNotify\src\FS.LineNotify.Webhook.Client\FS.LineNotify.Webhook.Client.csproj", "{3E89A227-FC9D-487E-9472-7BEA38635DB5}"
EndProject
Project("{2150E333-8FDC-42A3-9474-1A3956D46DE8}") = "FS.Abp.Npoi.Mapper", "FS.Abp.Npoi.Mapper", "{2656FB2F-5A01-47D2-92B5-3FBE4941D857}"
EndProject
Project("{2150E333-8FDC-42A3-9474-1A3956D46DE8}") = "src", "src", "{F7C89BED-EC2F-4383-9FF8-555611AAB2CA}"
EndProject
Project("{2150E333-8FDC-42A3-9474-1A3956D46DE8}") = "test", "test", "{649B1578-993B-4EB2-9E63-F8CC57B20888}"
EndProject
Project("{9A19103F-16F7-4668-BE54-9A1E7A4F7556}") = "FS.Abp.Npoi.Mapper", "framework\FS.Abp.Npoi.Mapper\src\FS.Abp.Npoi.Mapper\FS.Abp.Npoi.Mapper.csproj", "{26505F9F-7EB6-44CB-A821-95AC7D1C5CF2}"
EndProject
Global
	GlobalSection(SolutionConfigurationPlatforms) = preSolution
		Debug|Any CPU = Debug|Any CPU
		Release|Any CPU = Release|Any CPU
	EndGlobalSection
	GlobalSection(ProjectConfigurationPlatforms) = postSolution
		{8548E6E3-7185-42F4-B939-094BEA189324}.Debug|Any CPU.ActiveCfg = Debug|Any CPU
		{8548E6E3-7185-42F4-B939-094BEA189324}.Debug|Any CPU.Build.0 = Debug|Any CPU
		{8548E6E3-7185-42F4-B939-094BEA189324}.Release|Any CPU.ActiveCfg = Release|Any CPU
		{8548E6E3-7185-42F4-B939-094BEA189324}.Release|Any CPU.Build.0 = Release|Any CPU
		{98958486-FEEA-4A61-AD03-B0BAE4770A6E}.Debug|Any CPU.ActiveCfg = Debug|Any CPU
		{98958486-FEEA-4A61-AD03-B0BAE4770A6E}.Debug|Any CPU.Build.0 = Debug|Any CPU
		{98958486-FEEA-4A61-AD03-B0BAE4770A6E}.Release|Any CPU.ActiveCfg = Release|Any CPU
		{98958486-FEEA-4A61-AD03-B0BAE4770A6E}.Release|Any CPU.Build.0 = Release|Any CPU
		{9EC0377E-9CFD-4B25-B388-C17A180CE7F6}.Debug|Any CPU.ActiveCfg = Debug|Any CPU
		{9EC0377E-9CFD-4B25-B388-C17A180CE7F6}.Debug|Any CPU.Build.0 = Debug|Any CPU
		{9EC0377E-9CFD-4B25-B388-C17A180CE7F6}.Release|Any CPU.ActiveCfg = Release|Any CPU
		{9EC0377E-9CFD-4B25-B388-C17A180CE7F6}.Release|Any CPU.Build.0 = Release|Any CPU
		{FA72543D-73DB-425D-ABE6-FE02E56FAA03}.Debug|Any CPU.ActiveCfg = Debug|Any CPU
		{FA72543D-73DB-425D-ABE6-FE02E56FAA03}.Debug|Any CPU.Build.0 = Debug|Any CPU
		{FA72543D-73DB-425D-ABE6-FE02E56FAA03}.Release|Any CPU.ActiveCfg = Release|Any CPU
		{FA72543D-73DB-425D-ABE6-FE02E56FAA03}.Release|Any CPU.Build.0 = Release|Any CPU
		{A72D8639-00B5-463F-8E96-0DB9F4693BC7}.Debug|Any CPU.ActiveCfg = Debug|Any CPU
		{A72D8639-00B5-463F-8E96-0DB9F4693BC7}.Debug|Any CPU.Build.0 = Debug|Any CPU
		{A72D8639-00B5-463F-8E96-0DB9F4693BC7}.Release|Any CPU.ActiveCfg = Release|Any CPU
		{A72D8639-00B5-463F-8E96-0DB9F4693BC7}.Release|Any CPU.Build.0 = Release|Any CPU
		{C07D9757-E39C-40F6-AFCC-72D03D7DD513}.Debug|Any CPU.ActiveCfg = Debug|Any CPU
		{C07D9757-E39C-40F6-AFCC-72D03D7DD513}.Debug|Any CPU.Build.0 = Debug|Any CPU
		{C07D9757-E39C-40F6-AFCC-72D03D7DD513}.Release|Any CPU.ActiveCfg = Release|Any CPU
		{C07D9757-E39C-40F6-AFCC-72D03D7DD513}.Release|Any CPU.Build.0 = Release|Any CPU
		{7A51F46D-AF4D-4144-95B8-9B0EE6B6EF4E}.Debug|Any CPU.ActiveCfg = Debug|Any CPU
		{7A51F46D-AF4D-4144-95B8-9B0EE6B6EF4E}.Debug|Any CPU.Build.0 = Debug|Any CPU
		{7A51F46D-AF4D-4144-95B8-9B0EE6B6EF4E}.Release|Any CPU.ActiveCfg = Release|Any CPU
		{7A51F46D-AF4D-4144-95B8-9B0EE6B6EF4E}.Release|Any CPU.Build.0 = Release|Any CPU
		{7599C7C7-4CA9-42F1-B7A3-6E678E5EFB9D}.Debug|Any CPU.ActiveCfg = Debug|Any CPU
		{7599C7C7-4CA9-42F1-B7A3-6E678E5EFB9D}.Debug|Any CPU.Build.0 = Debug|Any CPU
		{7599C7C7-4CA9-42F1-B7A3-6E678E5EFB9D}.Release|Any CPU.ActiveCfg = Release|Any CPU
		{7599C7C7-4CA9-42F1-B7A3-6E678E5EFB9D}.Release|Any CPU.Build.0 = Release|Any CPU
		{D64C1577-4929-4B60-939E-96DE1534891A}.Debug|Any CPU.ActiveCfg = Debug|Any CPU
		{D64C1577-4929-4B60-939E-96DE1534891A}.Debug|Any CPU.Build.0 = Debug|Any CPU
		{D64C1577-4929-4B60-939E-96DE1534891A}.Release|Any CPU.ActiveCfg = Release|Any CPU
		{D64C1577-4929-4B60-939E-96DE1534891A}.Release|Any CPU.Build.0 = Release|Any CPU
		{F2840BC7-0188-4606-9126-DADD0F5ABF7A}.Debug|Any CPU.ActiveCfg = Debug|Any CPU
		{F2840BC7-0188-4606-9126-DADD0F5ABF7A}.Debug|Any CPU.Build.0 = Debug|Any CPU
		{F2840BC7-0188-4606-9126-DADD0F5ABF7A}.Release|Any CPU.ActiveCfg = Release|Any CPU
		{F2840BC7-0188-4606-9126-DADD0F5ABF7A}.Release|Any CPU.Build.0 = Release|Any CPU
		{AFAD9EBA-6B22-475F-B2FA-FAAC4204DDF2}.Debug|Any CPU.ActiveCfg = Debug|Any CPU
		{AFAD9EBA-6B22-475F-B2FA-FAAC4204DDF2}.Debug|Any CPU.Build.0 = Debug|Any CPU
		{AFAD9EBA-6B22-475F-B2FA-FAAC4204DDF2}.Release|Any CPU.ActiveCfg = Release|Any CPU
		{AFAD9EBA-6B22-475F-B2FA-FAAC4204DDF2}.Release|Any CPU.Build.0 = Release|Any CPU
		{3E89A227-FC9D-487E-9472-7BEA38635DB5}.Debug|Any CPU.ActiveCfg = Debug|Any CPU
		{3E89A227-FC9D-487E-9472-7BEA38635DB5}.Debug|Any CPU.Build.0 = Debug|Any CPU
		{3E89A227-FC9D-487E-9472-7BEA38635DB5}.Release|Any CPU.ActiveCfg = Release|Any CPU
		{3E89A227-FC9D-487E-9472-7BEA38635DB5}.Release|Any CPU.Build.0 = Release|Any CPU
		{26505F9F-7EB6-44CB-A821-95AC7D1C5CF2}.Debug|Any CPU.ActiveCfg = Debug|Any CPU
		{26505F9F-7EB6-44CB-A821-95AC7D1C5CF2}.Debug|Any CPU.Build.0 = Debug|Any CPU
		{26505F9F-7EB6-44CB-A821-95AC7D1C5CF2}.Release|Any CPU.ActiveCfg = Release|Any CPU
		{26505F9F-7EB6-44CB-A821-95AC7D1C5CF2}.Release|Any CPU.Build.0 = Release|Any CPU
	EndGlobalSection
	GlobalSection(SolutionProperties) = preSolution
		HideSolutionNode = FALSE
	EndGlobalSection
	GlobalSection(NestedProjects) = preSolution
		{E2D733F6-9953-4929-B6B7-044CD0372DE2} = {3F8960EB-4E1B-4ED2-B5C1-E7D2609A73A0}
		{E3673F6F-46F2-43C6-9F26-B716672A7D40} = {BDFBCB8B-E426-4AD0-9FED-7B34E6872D57}
		{8548E6E3-7185-42F4-B939-094BEA189324} = {E3673F6F-46F2-43C6-9F26-B716672A7D40}
		{98958486-FEEA-4A61-AD03-B0BAE4770A6E} = {E3673F6F-46F2-43C6-9F26-B716672A7D40}
		{9EC0377E-9CFD-4B25-B388-C17A180CE7F6} = {E3673F6F-46F2-43C6-9F26-B716672A7D40}
		{FA72543D-73DB-425D-ABE6-FE02E56FAA03} = {E3673F6F-46F2-43C6-9F26-B716672A7D40}
		{A72D8639-00B5-463F-8E96-0DB9F4693BC7} = {E3673F6F-46F2-43C6-9F26-B716672A7D40}
		{C07D9757-E39C-40F6-AFCC-72D03D7DD513} = {E3673F6F-46F2-43C6-9F26-B716672A7D40}
		{7A51F46D-AF4D-4144-95B8-9B0EE6B6EF4E} = {E2D733F6-9953-4929-B6B7-044CD0372DE2}
		{7599C7C7-4CA9-42F1-B7A3-6E678E5EFB9D} = {E2D733F6-9953-4929-B6B7-044CD0372DE2}
		{EA74BCFA-57B1-411F-90F6-02E9210BE36E} = {BDFBCB8B-E426-4AD0-9FED-7B34E6872D57}
		{D64C1577-4929-4B60-939E-96DE1534891A} = {EA74BCFA-57B1-411F-90F6-02E9210BE36E}
		{F2840BC7-0188-4606-9126-DADD0F5ABF7A} = {EA74BCFA-57B1-411F-90F6-02E9210BE36E}
		{AFAD9EBA-6B22-475F-B2FA-FAAC4204DDF2} = {EA74BCFA-57B1-411F-90F6-02E9210BE36E}
		{3E89A227-FC9D-487E-9472-7BEA38635DB5} = {EA74BCFA-57B1-411F-90F6-02E9210BE36E}
		{2656FB2F-5A01-47D2-92B5-3FBE4941D857} = {3F8960EB-4E1B-4ED2-B5C1-E7D2609A73A0}
		{F7C89BED-EC2F-4383-9FF8-555611AAB2CA} = {2656FB2F-5A01-47D2-92B5-3FBE4941D857}
		{649B1578-993B-4EB2-9E63-F8CC57B20888} = {2656FB2F-5A01-47D2-92B5-3FBE4941D857}
		{26505F9F-7EB6-44CB-A821-95AC7D1C5CF2} = {F7C89BED-EC2F-4383-9FF8-555611AAB2CA}
	EndGlobalSection
	GlobalSection(ExtensibilityGlobals) = postSolution
		SolutionGuid = {0DF6CE8A-0288-4B49-B328-6379496CC484}
	EndGlobalSection
EndGlobal
