
Microsoft Visual Studio Solution File, Format Version 12.00
# Visual Studio Version 16
VisualStudioVersion = 16.0.29001.49
MinimumVisualStudioVersion = 10.0.40219.1
Project("{9A19103F-16F7-4668-BE54-9A1E7A4F7556}") = "FS.Cms.Domain.Shared", "src\FS.Cms.Domain.Shared\FS.Cms.Domain.Shared.csproj", "{D64C1577-4929-4B60-939E-96DE1534891A}"
EndProject
Project("{9A19103F-16F7-4668-BE54-9A1E7A4F7556}") = "FS.Cms.Domain", "src\FS.Cms.Domain\FS.Cms.Domain.csproj", "{F2840BC7-0188-4606-9126-DADD0F5ABF7A}"
EndProject
Project("{9A19103F-16F7-4668-BE54-9A1E7A4F7556}") = "FS.Cms.Application.Contracts", "src\FS.Cms.Application.Contracts\FS.Cms.Application.Contracts.csproj", "{BD65D04F-08D5-40C1-8C24-77CA0BACB877}"
EndProject
Project("{9A19103F-16F7-4668-BE54-9A1E7A4F7556}") = "FS.Cms.Application", "src\FS.Cms.Application\FS.Cms.Application.csproj", "{78040F9E-3501-4A40-82DF-00A597710F35}"
EndProject
Project("{2150E333-8FDC-42A3-9474-1A3956D46DE8}") = "src", "src", "{649A3FFA-182F-4E56-9717-E6A9A2BEC545}"
EndProject
Project("{2150E333-8FDC-42A3-9474-1A3956D46DE8}") = "test", "test", "{CCD2960C-23CC-4AB4-B84D-60C7AAA52F4D}"
EndProject
Project("{2150E333-8FDC-42A3-9474-1A3956D46DE8}") = "host", "host", "{E400416D-2895-4512-9D17-90681EEC7E0A}"
EndProject
Project("{9A19103F-16F7-4668-BE54-9A1E7A4F7556}") = "FS.Cms.EntityFrameworkCore", "src\FS.Cms.EntityFrameworkCore\FS.Cms.EntityFrameworkCore.csproj", "{0CE86223-D31D-4315-A1F5-87BA3EE1B844}"
EndProject
Project("{9A19103F-16F7-4668-BE54-9A1E7A4F7556}") = "FS.Cms.MongoDB", "src\FS.Cms.MongoDB\FS.Cms.MongoDB.csproj", "{F1C58097-4C08-4D88-8976-6B3389391481}"
EndProject
Project("{9A19103F-16F7-4668-BE54-9A1E7A4F7556}") = "FS.Cms.HttpApi", "src\FS.Cms.HttpApi\FS.Cms.HttpApi.csproj", "{077AA5F8-8B61-420C-A6B5-0150A66FDB34}"
EndProject
Project("{9A19103F-16F7-4668-BE54-9A1E7A4F7556}") = "FS.Cms.HttpApi.Client", "src\FS.Cms.HttpApi.Client\FS.Cms.HttpApi.Client.csproj", "{36E2735F-CEAB-44C8-A6D1-2CDAFF399751}"
EndProject
Project("{9A19103F-16F7-4668-BE54-9A1E7A4F7556}") = "FS.Cms.TestBase", "test\FS.Cms.TestBase\FS.Cms.TestBase.csproj", "{C5BB573D-3030-4BCB-88B7-F6A85C32766C}"
EndProject
Project("{9A19103F-16F7-4668-BE54-9A1E7A4F7556}") = "FS.Cms.EntityFrameworkCore.Tests", "test\FS.Cms.EntityFrameworkCore.Tests\FS.Cms.EntityFrameworkCore.Tests.csproj", "{527F645C-C1FC-406E-8479-81386C8ECF13}"
EndProject
Project("{9A19103F-16F7-4668-BE54-9A1E7A4F7556}") = "FS.Cms.Domain.Tests", "test\FS.Cms.Domain.Tests\FS.Cms.Domain.Tests.csproj", "{E60895E5-79C4-447D-88B7-85CB5BA336A4}"
EndProject
Project("{9A19103F-16F7-4668-BE54-9A1E7A4F7556}") = "FS.Cms.Application.Tests", "test\FS.Cms.Application.Tests\FS.Cms.Application.Tests.csproj", "{90CB5DC4-C040-45C7-8900-9688B26405BC}"
EndProject
Project("{9A19103F-16F7-4668-BE54-9A1E7A4F7556}") = "FS.Cms.HttpApi.Host", "host\FS.Cms.HttpApi.Host\FS.Cms.HttpApi.Host.csproj", "{37B135B0-DAFE-4616-B25C-1BDF32FC44A2}"
EndProject
Project("{9A19103F-16F7-4668-BE54-9A1E7A4F7556}") = "FS.Cms.Web", "src\FS.Cms.Web\FS.Cms.Web.csproj", "{3B7B6317-1B85-4164-8E11-75574F80AE17}"
EndProject
Project("{9A19103F-16F7-4668-BE54-9A1E7A4F7556}") = "FS.Cms.HttpApi.Client.ConsoleTestApp", "test\FS.Cms.HttpApi.Client.ConsoleTestApp\FS.Cms.HttpApi.Client.ConsoleTestApp.csproj", "{1EDCD6D4-DF3A-4E3B-ABB6-C0D0B373EAB8}"
EndProject
Project("{9A19103F-16F7-4668-BE54-9A1E7A4F7556}") = "FS.Cms.IdentityServer", "host\FS.Cms.IdentityServer\FS.Cms.IdentityServer.csproj", "{690203F4-3CD5-4569-88D9-EE831EEA5F5F}"
EndProject
Project("{9A19103F-16F7-4668-BE54-9A1E7A4F7556}") = "FS.Cms.Host.Shared", "host\FS.Cms.Host.Shared\FS.Cms.Host.Shared.csproj", "{F6AC8D4A-EDD7-4514-8E8A-5BCB019864DB}"
EndProject
Project("{2150E333-8FDC-42A3-9474-1A3956D46DE8}") = "framework", "framework", "{86D7A1DE-C351-47F6-B1DB-A17E48579C08}"
EndProject
Project("{2150E333-8FDC-42A3-9474-1A3956D46DE8}") = "modules", "modules", "{DDFA3264-40CD-4B04-A686-551E31155088}"
EndProject
Project("{9A19103F-16F7-4668-BE54-9A1E7A4F7556}") = "FS.Abp.SettingManagement.Application", "..\FS.Abp.SettingManagement\src\FS.Abp.SettingManagement.Application\FS.Abp.SettingManagement.Application.csproj", "{5692AD57-CD69-42CC-8D24-8012F7F91269}"
EndProject
Project("{9A19103F-16F7-4668-BE54-9A1E7A4F7556}") = "FS.Abp.SettingManagement.Application.Contracts", "..\FS.Abp.SettingManagement\src\FS.Abp.SettingManagement.Application.Contracts\FS.Abp.SettingManagement.Application.Contracts.csproj", "{A19391BC-7E44-4267-90C8-129E55AA7A07}"
EndProject
Project("{9A19103F-16F7-4668-BE54-9A1E7A4F7556}") = "FS.Abp.SettingManagement.Domain", "..\FS.Abp.SettingManagement\src\FS.Abp.SettingManagement.Domain\FS.Abp.SettingManagement.Domain.csproj", "{8E4CBDAE-D022-4037-820A-295D44ECDDA6}"
EndProject
Project("{9A19103F-16F7-4668-BE54-9A1E7A4F7556}") = "FS.Abp.SettingManagement.Domain.Shared", "..\FS.Abp.SettingManagement\src\FS.Abp.SettingManagement.Domain.Shared\FS.Abp.SettingManagement.Domain.Shared.csproj", "{144822D0-5613-47D6-BC7D-5B3C8EB9D19D}"
EndProject
Project("{9A19103F-16F7-4668-BE54-9A1E7A4F7556}") = "FS.Abp.SettingManagement.EntityFrameworkCore", "..\FS.Abp.SettingManagement\src\FS.Abp.SettingManagement.EntityFrameworkCore\FS.Abp.SettingManagement.EntityFrameworkCore.csproj", "{07AFE29B-0788-4167-A3C9-0A423A138A49}"
EndProject
Project("{9A19103F-16F7-4668-BE54-9A1E7A4F7556}") = "FS.Abp.SettingManagement.HttpApi", "..\FS.Abp.SettingManagement\src\FS.Abp.SettingManagement.HttpApi\FS.Abp.SettingManagement.HttpApi.csproj", "{F994537A-A457-41B3-B3C3-C0FA537C78C1}"
EndProject
Project("{9A19103F-16F7-4668-BE54-9A1E7A4F7556}") = "FS.Abp.SettingManagement.HttpApi.Client", "..\FS.Abp.SettingManagement\src\FS.Abp.SettingManagement.HttpApi.Client\FS.Abp.SettingManagement.HttpApi.Client.csproj", "{7A747AF0-350D-41D6-9FE5-07BF34196DD1}"
EndProject
Project("{9A19103F-16F7-4668-BE54-9A1E7A4F7556}") = "FS.Abp.SettingManagement.MongoDB", "..\FS.Abp.SettingManagement\src\FS.Abp.SettingManagement.MongoDB\FS.Abp.SettingManagement.MongoDB.csproj", "{6D014BEF-9906-4274-AA14-F43E615959EF}"
EndProject
Project("{9A19103F-16F7-4668-BE54-9A1E7A4F7556}") = "FS.Abp.SettingManagement.Host.Shared", "..\FS.Abp.SettingManagement\host\FS.Abp.SettingManagement.Host.Shared\FS.Abp.SettingManagement.Host.Shared.csproj", "{D5FC0C4F-6AFF-403A-B5E7-50F43BACBED7}"
EndProject
Project("{9A19103F-16F7-4668-BE54-9A1E7A4F7556}") = "FS.Abp.CodingManagement.Host.Shared", "..\FS.Abp.CodingManagement\host\FS.Abp.CodingManagement.Host.Shared\FS.Abp.CodingManagement.Host.Shared.csproj", "{75120A37-C201-4E2A-ACA1-C2BD7AEC69A1}"
EndProject
Project("{9A19103F-16F7-4668-BE54-9A1E7A4F7556}") = "FS.Abp.CodingManagement.Application", "..\FS.Abp.CodingManagement\src\FS.Abp.CodingManagement.Application\FS.Abp.CodingManagement.Application.csproj", "{75E50637-B5A0-45A9-BA57-54FE4F954630}"
EndProject
Project("{9A19103F-16F7-4668-BE54-9A1E7A4F7556}") = "FS.Abp.CodingManagement.Application.Contracts", "..\FS.Abp.CodingManagement\src\FS.Abp.CodingManagement.Application.Contracts\FS.Abp.CodingManagement.Application.Contracts.csproj", "{25612619-BD64-410E-A93C-BEC4EE34CE92}"
EndProject
Project("{9A19103F-16F7-4668-BE54-9A1E7A4F7556}") = "FS.Abp.CodingManagement.Domain", "..\FS.Abp.CodingManagement\src\FS.Abp.CodingManagement.Domain\FS.Abp.CodingManagement.Domain.csproj", "{8A604860-C4B7-47DA-B334-DB44E397105A}"
EndProject
Project("{9A19103F-16F7-4668-BE54-9A1E7A4F7556}") = "FS.Abp.CodingManagement.Domain.Shared", "..\FS.Abp.CodingManagement\src\FS.Abp.CodingManagement.Domain.Shared\FS.Abp.CodingManagement.Domain.Shared.csproj", "{44D913EE-4EA0-4B44-9146-B5011607B225}"
EndProject
Project("{9A19103F-16F7-4668-BE54-9A1E7A4F7556}") = "FS.Abp.CodingManagement.EntityFrameworkCore", "..\FS.Abp.CodingManagement\src\FS.Abp.CodingManagement.EntityFrameworkCore\FS.Abp.CodingManagement.EntityFrameworkCore.csproj", "{80B4B5EE-EDB6-47F6-9026-23C24B18A347}"
EndProject
Project("{9A19103F-16F7-4668-BE54-9A1E7A4F7556}") = "FS.Abp.CodingManagement.HttpApi", "..\FS.Abp.CodingManagement\src\FS.Abp.CodingManagement.HttpApi\FS.Abp.CodingManagement.HttpApi.csproj", "{4A96F36A-2A69-4D09-AB94-316E74EF9D6C}"
EndProject
Project("{9A19103F-16F7-4668-BE54-9A1E7A4F7556}") = "FS.Abp.CodingManagement.HttpApi.Client", "..\FS.Abp.CodingManagement\src\FS.Abp.CodingManagement.HttpApi.Client\FS.Abp.CodingManagement.HttpApi.Client.csproj", "{C9AF6C6C-F97A-4223-8FCA-6F6CA779ED66}"
EndProject
Project("{9A19103F-16F7-4668-BE54-9A1E7A4F7556}") = "FS.Abp.CodingManagement.MongoDB", "..\FS.Abp.CodingManagement\src\FS.Abp.CodingManagement.MongoDB\FS.Abp.CodingManagement.MongoDB.csproj", "{22A91C7A-4904-42AF-8F7F-F32879721014}"
EndProject
Project("{9A19103F-16F7-4668-BE54-9A1E7A4F7556}") = "FS.Abp.CodingManagement.Web", "..\FS.Abp.CodingManagement\src\FS.Abp.CodingManagement.Web\FS.Abp.CodingManagement.Web.csproj", "{FFB0F685-D3DD-425E-8D3F-ADA4DD641091}"
EndProject
Project("{2150E333-8FDC-42A3-9474-1A3956D46DE8}") = "EasyAbp.Abp.Trees", "EasyAbp.Abp.Trees", "{66765E74-D959-48D8-BC15-E0295CCAA957}"
EndProject
Project("{9A19103F-16F7-4668-BE54-9A1E7A4F7556}") = "EasyAbp.Abp.Trees.Domain", "..\..\framework\Abp.Trees\src\EasyAbp.Abp.Trees.Domain\EasyAbp.Abp.Trees.Domain.csproj", "{3E88F3FF-C0FF-4749-A46D-D4EE379F832A}"
EndProject
Project("{9A19103F-16F7-4668-BE54-9A1E7A4F7556}") = "EasyAbp.Abp.Trees.Domain.Shared", "..\..\framework\Abp.Trees\src\EasyAbp.Abp.Trees.Domain.Shared\EasyAbp.Abp.Trees.Domain.Shared.csproj", "{FCD1C9CF-5A06-4019-8B74-81E6681EB86C}"
EndProject
Project("{9A19103F-16F7-4668-BE54-9A1E7A4F7556}") = "EasyAbp.Abp.Trees.EntityFrameworkCore", "..\..\framework\Abp.Trees\src\EasyAbp.Abp.Trees.EntityFrameworkCore\EasyAbp.Abp.Trees.EntityFrameworkCore.csproj", "{5DEF8D3E-66B3-4B98-8BF8-43123B16D9A4}"
EndProject
Project("{2150E333-8FDC-42A3-9474-1A3956D46DE8}") = "integrations", "integrations", "{F15820CA-3D85-48A1-8001-B029D708BC9A}"
EndProject
Project("{2150E333-8FDC-42A3-9474-1A3956D46DE8}") = "FS.Abp", "FS.Abp", "{2BA465C3-2E6F-4155-B5D9-738A21F93920}"
EndProject
Project("{9A19103F-16F7-4668-BE54-9A1E7A4F7556}") = "FS.Abp.Domain", "..\..\integrations\FS.Abp\src\FS.Abp.Domain\FS.Abp.Domain.csproj", "{8682C3A3-3E5E-497A-8ACC-58AD4B6EFEC4}"
EndProject
Project("{9A19103F-16F7-4668-BE54-9A1E7A4F7556}") = "FS.Abp.Application.Contracts", "..\..\integrations\FS.Abp\src\FS.Abp.Application.Contracts\FS.Abp.Application.Contracts.csproj", "{BD837086-3A88-453E-B111-274C14B636AF}"
EndProject
Project("{9A19103F-16F7-4668-BE54-9A1E7A4F7556}") = "FS.Abp.Application", "..\..\integrations\FS.Abp\src\FS.Abp.Application\FS.Abp.Application.csproj", "{8B7AA650-EA8E-413D-B289-014AF1FE3963}"
EndProject
Project("{9A19103F-16F7-4668-BE54-9A1E7A4F7556}") = "FS.Abp.Domain.Shared", "..\..\integrations\FS.Abp\src\FS.Abp.Domain.Shared\FS.Abp.Domain.Shared.csproj", "{195BE7BE-F4AF-4632-9665-5C2B4D45B578}"
EndProject
Project("{9A19103F-16F7-4668-BE54-9A1E7A4F7556}") = "FS.Abp.EntityFrameworkCore", "..\..\integrations\FS.Abp\src\FS.Abp.EntityFrameworkCore\FS.Abp.EntityFrameworkCore.csproj", "{F43D1183-98CA-4742-A0F2-4C1AB54B3E52}"
EndProject
Project("{9A19103F-16F7-4668-BE54-9A1E7A4F7556}") = "FS.Abp.Host.Shared", "..\..\integrations\FS.Abp\src\FS.Abp.Host.Shared\FS.Abp.Host.Shared.csproj", "{A0D7BA93-A04E-46F5-85AA-361F9EFA996A}"
EndProject
Project("{2150E333-8FDC-42A3-9474-1A3956D46DE8}") = "modules", "modules", "{D6784DC0-7EBA-4A0F-802B-1F32D24C2E9A}"
EndProject
Project("{9A19103F-16F7-4668-BE54-9A1E7A4F7556}") = "FS.Report", "..\..\framework\FS.Core\src\FS.Report\FS.Report.csproj", "{4A88D08A-995A-43D1-84F4-EE1BCDD1BAFB}"
EndProject
Project("{2150E333-8FDC-42A3-9474-1A3956D46DE8}") = "FS.Abp.CodingManagement", "FS.Abp.CodingManagement", "{1324179D-E93D-49B6-8075-8CE7CB40EE23}"
EndProject
Project("{2150E333-8FDC-42A3-9474-1A3956D46DE8}") = "FS.Core", "FS.Core", "{21101988-BB5C-4D01-8308-1A2C7DFCE57A}"
EndProject
Project("{2150E333-8FDC-42A3-9474-1A3956D46DE8}") = "FS.Abp.SettingManagement", "FS.Abp.SettingManagement", "{18480860-ED90-4766-8ADB-CBEAB3E8E717}"
EndProject
Project("{2150E333-8FDC-42A3-9474-1A3956D46DE8}") = "FS.Abp.Themes", "FS.Abp.Themes", "{D90FF79A-8946-4630-BEDF-C798D3F88843}"
EndProject
Project("{9A19103F-16F7-4668-BE54-9A1E7A4F7556}") = "FS.Abp.Themes.Domain.Shared", "..\FS.Abp.Themes\src\FS.Abp.Themes.Domain.Shared\FS.Abp.Themes.Domain.Shared.csproj", "{EC4CF4C0-33D8-46CF-B9F7-EED4E40C30C8}"
EndProject
Project("{9A19103F-16F7-4668-BE54-9A1E7A4F7556}") = "FS.Abp.Themes.Domain", "..\FS.Abp.Themes\src\FS.Abp.Themes.Domain\FS.Abp.Themes.Domain.csproj", "{28633D51-D80E-47AE-8B4F-D97ED06BCE41}"
EndProject
Project("{9A19103F-16F7-4668-BE54-9A1E7A4F7556}") = "FS.Abp.Themes.Application.Contracts", "..\FS.Abp.Themes\src\FS.Abp.Themes.Application.Contracts\FS.Abp.Themes.Application.Contracts.csproj", "{51C384C2-5633-42FF-B268-8AF242A302FC}"
EndProject
Project("{9A19103F-16F7-4668-BE54-9A1E7A4F7556}") = "FS.Abp.Themes.Application", "..\FS.Abp.Themes\src\FS.Abp.Themes.Application\FS.Abp.Themes.Application.csproj", "{999138D4-C8E3-47A4-936F-55E444894FCA}"
EndProject
Project("{9A19103F-16F7-4668-BE54-9A1E7A4F7556}") = "FS.Abp.Themes.EntityFrameworkCore", "..\FS.Abp.Themes\src\FS.Abp.Themes.EntityFrameworkCore\FS.Abp.Themes.EntityFrameworkCore.csproj", "{F5340988-FD9F-4A13-8851-E571D10B550D}"
EndProject
Project("{9A19103F-16F7-4668-BE54-9A1E7A4F7556}") = "FS.Abp.Themes.HttpApi", "..\FS.Abp.Themes\src\FS.Abp.Themes.HttpApi\FS.Abp.Themes.HttpApi.csproj", "{FD057B8A-46F8-4CE4-AD42-1D176040E113}"
EndProject
Project("{9A19103F-16F7-4668-BE54-9A1E7A4F7556}") = "FS.Abp.Themes.Host.Shared", "..\FS.Abp.Themes\host\FS.Abp.Themes.Host.Shared\FS.Abp.Themes.Host.Shared.csproj", "{37299D72-3B20-46F5-AAAB-8654EA5F756D}"
EndProject
Project("{2150E333-8FDC-42A3-9474-1A3956D46DE8}") = "FS.Abp.JobsManagement", "FS.Abp.JobsManagement", "{D71A6600-C09F-4A24-890E-94EFDE613ECD}"
EndProject
Project("{9A19103F-16F7-4668-BE54-9A1E7A4F7556}") = "FS.Abp.JobsManagement.Domain.Shared", "..\FS.Abp.JobsManagement\src\FS.Abp.JobsManagement.Domain.Shared\FS.Abp.JobsManagement.Domain.Shared.csproj", "{8796DCB0-CB90-403F-A3B2-0A1041B26436}"
EndProject
Project("{9A19103F-16F7-4668-BE54-9A1E7A4F7556}") = "FS.Abp.JobsManagement.Domain", "..\FS.Abp.JobsManagement\src\FS.Abp.JobsManagement.Domain\FS.Abp.JobsManagement.Domain.csproj", "{A55C06D2-8E8B-44DC-A194-FAE1065AEE8E}"
EndProject
Project("{9A19103F-16F7-4668-BE54-9A1E7A4F7556}") = "FS.Abp.JobsManagement.Application.Contracts", "..\FS.Abp.JobsManagement\src\FS.Abp.JobsManagement.Application.Contracts\FS.Abp.JobsManagement.Application.Contracts.csproj", "{D53111B9-1526-4C6F-B3A4-16CEC570EE84}"
EndProject
Project("{9A19103F-16F7-4668-BE54-9A1E7A4F7556}") = "FS.Abp.JobsManagement.Application", "..\FS.Abp.JobsManagement\src\FS.Abp.JobsManagement.Application\FS.Abp.JobsManagement.Application.csproj", "{90A3D4BE-2112-4258-82BF-60E2862B0CD8}"
EndProject
Project("{9A19103F-16F7-4668-BE54-9A1E7A4F7556}") = "FS.Abp.JobsManagement.EntityFrameworkCore", "..\FS.Abp.JobsManagement\src\FS.Abp.JobsManagement.EntityFrameworkCore\FS.Abp.JobsManagement.EntityFrameworkCore.csproj", "{9E5F20E0-C00A-47BF-A53A-83D807038A43}"
EndProject
Project("{9A19103F-16F7-4668-BE54-9A1E7A4F7556}") = "FS.Abp.JobsManagement.HttpApi", "..\FS.Abp.JobsManagement\src\FS.Abp.JobsManagement.HttpApi\FS.Abp.JobsManagement.HttpApi.csproj", "{C87C0DE7-D894-4A16-BFA8-C93D1B07C5D1}"
EndProject
Project("{9A19103F-16F7-4668-BE54-9A1E7A4F7556}") = "FS.Abp.JobsManagement.Host.Shared", "..\FS.Abp.JobsManagement\host\FS.Abp.JobsManagement.Host.Shared\FS.Abp.JobsManagement.Host.Shared.csproj", "{BBC8EBE0-9A28-49F0-A073-E6658E0FBA03}"
EndProject
Project("{2150E333-8FDC-42A3-9474-1A3956D46DE8}") = "FS.Abp.Core", "FS.Abp.Core", "{FABFF65C-4A24-4723-8562-803E6987B3DA}"
EndProject
Project("{9A19103F-16F7-4668-BE54-9A1E7A4F7556}") = "FS.Abp.Core.Domain.Shared", "..\FS.Abp.Core\src\FS.Abp.Core.Domain.Shared\FS.Abp.Core.Domain.Shared.csproj", "{43D7AF4B-EA9C-4A40-B546-546503655DE8}"
EndProject
Project("{9A19103F-16F7-4668-BE54-9A1E7A4F7556}") = "FS.Abp.Core.Domain", "..\FS.Abp.Core\src\FS.Abp.Core.Domain\FS.Abp.Core.Domain.csproj", "{C3B2571B-B6EC-40B4-8158-FCB6A65982DD}"
EndProject
Project("{9A19103F-16F7-4668-BE54-9A1E7A4F7556}") = "FS.Abp.Core.Application.Contracts", "..\FS.Abp.Core\src\FS.Abp.Core.Application.Contracts\FS.Abp.Core.Application.Contracts.csproj", "{5B74502C-B5BF-437C-976A-6C20EAB5D773}"
EndProject
Project("{9A19103F-16F7-4668-BE54-9A1E7A4F7556}") = "FS.Abp.Core.Application", "..\FS.Abp.Core\src\FS.Abp.Core.Application\FS.Abp.Core.Application.csproj", "{696B0BD5-F6D6-4DCA-8A9D-82B89E2942BA}"
EndProject
Project("{9A19103F-16F7-4668-BE54-9A1E7A4F7556}") = "FS.Abp.Core.EntityFrameworkCore", "..\FS.Abp.Core\src\FS.Abp.Core.EntityFrameworkCore\FS.Abp.Core.EntityFrameworkCore.csproj", "{E695825E-0A0D-4475-A751-38078B06F124}"
EndProject
Project("{9A19103F-16F7-4668-BE54-9A1E7A4F7556}") = "FS.Abp.Core.HttpApi", "..\FS.Abp.Core\src\FS.Abp.Core.HttpApi\FS.Abp.Core.HttpApi.csproj", "{FC9E0FD1-6AAC-4EE4-AD15-899268C31DC3}"
EndProject
Project("{9A19103F-16F7-4668-BE54-9A1E7A4F7556}") = "FS.Abp.Core.Host.Shared", "..\FS.Abp.Core\host\FS.Abp.Core.Host.Shared\FS.Abp.Core.Host.Shared.csproj", "{E0F551C6-8A3E-470E-9FF3-597D11F4E96B}"
EndProject
Global
	GlobalSection(SolutionConfigurationPlatforms) = preSolution
		Debug|Any CPU = Debug|Any CPU
		Release|Any CPU = Release|Any CPU
	EndGlobalSection
	GlobalSection(ProjectConfigurationPlatforms) = postSolution
		{D64C1577-4929-4B60-939E-96DE1534891A}.Debug|Any CPU.ActiveCfg = Debug|Any CPU
		{D64C1577-4929-4B60-939E-96DE1534891A}.Debug|Any CPU.Build.0 = Debug|Any CPU
		{D64C1577-4929-4B60-939E-96DE1534891A}.Release|Any CPU.ActiveCfg = Release|Any CPU
		{D64C1577-4929-4B60-939E-96DE1534891A}.Release|Any CPU.Build.0 = Release|Any CPU
		{F2840BC7-0188-4606-9126-DADD0F5ABF7A}.Debug|Any CPU.ActiveCfg = Debug|Any CPU
		{F2840BC7-0188-4606-9126-DADD0F5ABF7A}.Debug|Any CPU.Build.0 = Debug|Any CPU
		{F2840BC7-0188-4606-9126-DADD0F5ABF7A}.Release|Any CPU.ActiveCfg = Release|Any CPU
		{F2840BC7-0188-4606-9126-DADD0F5ABF7A}.Release|Any CPU.Build.0 = Release|Any CPU
		{BD65D04F-08D5-40C1-8C24-77CA0BACB877}.Debug|Any CPU.ActiveCfg = Debug|Any CPU
		{BD65D04F-08D5-40C1-8C24-77CA0BACB877}.Debug|Any CPU.Build.0 = Debug|Any CPU
		{BD65D04F-08D5-40C1-8C24-77CA0BACB877}.Release|Any CPU.ActiveCfg = Release|Any CPU
		{BD65D04F-08D5-40C1-8C24-77CA0BACB877}.Release|Any CPU.Build.0 = Release|Any CPU
		{78040F9E-3501-4A40-82DF-00A597710F35}.Debug|Any CPU.ActiveCfg = Debug|Any CPU
		{78040F9E-3501-4A40-82DF-00A597710F35}.Debug|Any CPU.Build.0 = Debug|Any CPU
		{78040F9E-3501-4A40-82DF-00A597710F35}.Release|Any CPU.ActiveCfg = Release|Any CPU
		{78040F9E-3501-4A40-82DF-00A597710F35}.Release|Any CPU.Build.0 = Release|Any CPU
		{0CE86223-D31D-4315-A1F5-87BA3EE1B844}.Debug|Any CPU.ActiveCfg = Debug|Any CPU
		{0CE86223-D31D-4315-A1F5-87BA3EE1B844}.Debug|Any CPU.Build.0 = Debug|Any CPU
		{0CE86223-D31D-4315-A1F5-87BA3EE1B844}.Release|Any CPU.ActiveCfg = Release|Any CPU
		{0CE86223-D31D-4315-A1F5-87BA3EE1B844}.Release|Any CPU.Build.0 = Release|Any CPU
		{F1C58097-4C08-4D88-8976-6B3389391481}.Debug|Any CPU.ActiveCfg = Debug|Any CPU
		{F1C58097-4C08-4D88-8976-6B3389391481}.Debug|Any CPU.Build.0 = Debug|Any CPU
		{F1C58097-4C08-4D88-8976-6B3389391481}.Release|Any CPU.ActiveCfg = Release|Any CPU
		{F1C58097-4C08-4D88-8976-6B3389391481}.Release|Any CPU.Build.0 = Release|Any CPU
		{077AA5F8-8B61-420C-A6B5-0150A66FDB34}.Debug|Any CPU.ActiveCfg = Debug|Any CPU
		{077AA5F8-8B61-420C-A6B5-0150A66FDB34}.Debug|Any CPU.Build.0 = Debug|Any CPU
		{077AA5F8-8B61-420C-A6B5-0150A66FDB34}.Release|Any CPU.ActiveCfg = Release|Any CPU
		{077AA5F8-8B61-420C-A6B5-0150A66FDB34}.Release|Any CPU.Build.0 = Release|Any CPU
		{36E2735F-CEAB-44C8-A6D1-2CDAFF399751}.Debug|Any CPU.ActiveCfg = Debug|Any CPU
		{36E2735F-CEAB-44C8-A6D1-2CDAFF399751}.Debug|Any CPU.Build.0 = Debug|Any CPU
		{36E2735F-CEAB-44C8-A6D1-2CDAFF399751}.Release|Any CPU.ActiveCfg = Release|Any CPU
		{36E2735F-CEAB-44C8-A6D1-2CDAFF399751}.Release|Any CPU.Build.0 = Release|Any CPU
		{C5BB573D-3030-4BCB-88B7-F6A85C32766C}.Debug|Any CPU.ActiveCfg = Debug|Any CPU
		{C5BB573D-3030-4BCB-88B7-F6A85C32766C}.Debug|Any CPU.Build.0 = Debug|Any CPU
		{C5BB573D-3030-4BCB-88B7-F6A85C32766C}.Release|Any CPU.ActiveCfg = Release|Any CPU
		{C5BB573D-3030-4BCB-88B7-F6A85C32766C}.Release|Any CPU.Build.0 = Release|Any CPU
		{527F645C-C1FC-406E-8479-81386C8ECF13}.Debug|Any CPU.ActiveCfg = Debug|Any CPU
		{527F645C-C1FC-406E-8479-81386C8ECF13}.Debug|Any CPU.Build.0 = Debug|Any CPU
		{527F645C-C1FC-406E-8479-81386C8ECF13}.Release|Any CPU.ActiveCfg = Release|Any CPU
		{527F645C-C1FC-406E-8479-81386C8ECF13}.Release|Any CPU.Build.0 = Release|Any CPU
		{E60895E5-79C4-447D-88B7-85CB5BA336A4}.Debug|Any CPU.ActiveCfg = Debug|Any CPU
		{E60895E5-79C4-447D-88B7-85CB5BA336A4}.Debug|Any CPU.Build.0 = Debug|Any CPU
		{E60895E5-79C4-447D-88B7-85CB5BA336A4}.Release|Any CPU.ActiveCfg = Release|Any CPU
		{E60895E5-79C4-447D-88B7-85CB5BA336A4}.Release|Any CPU.Build.0 = Release|Any CPU
		{90CB5DC4-C040-45C7-8900-9688B26405BC}.Debug|Any CPU.ActiveCfg = Debug|Any CPU
		{90CB5DC4-C040-45C7-8900-9688B26405BC}.Debug|Any CPU.Build.0 = Debug|Any CPU
		{90CB5DC4-C040-45C7-8900-9688B26405BC}.Release|Any CPU.ActiveCfg = Release|Any CPU
		{90CB5DC4-C040-45C7-8900-9688B26405BC}.Release|Any CPU.Build.0 = Release|Any CPU
		{37B135B0-DAFE-4616-B25C-1BDF32FC44A2}.Debug|Any CPU.ActiveCfg = Debug|Any CPU
		{37B135B0-DAFE-4616-B25C-1BDF32FC44A2}.Debug|Any CPU.Build.0 = Debug|Any CPU
		{37B135B0-DAFE-4616-B25C-1BDF32FC44A2}.Release|Any CPU.ActiveCfg = Release|Any CPU
		{37B135B0-DAFE-4616-B25C-1BDF32FC44A2}.Release|Any CPU.Build.0 = Release|Any CPU
		{3B7B6317-1B85-4164-8E11-75574F80AE17}.Debug|Any CPU.ActiveCfg = Debug|Any CPU
		{3B7B6317-1B85-4164-8E11-75574F80AE17}.Debug|Any CPU.Build.0 = Debug|Any CPU
		{3B7B6317-1B85-4164-8E11-75574F80AE17}.Release|Any CPU.ActiveCfg = Release|Any CPU
		{3B7B6317-1B85-4164-8E11-75574F80AE17}.Release|Any CPU.Build.0 = Release|Any CPU
		{1EDCD6D4-DF3A-4E3B-ABB6-C0D0B373EAB8}.Debug|Any CPU.ActiveCfg = Debug|Any CPU
		{1EDCD6D4-DF3A-4E3B-ABB6-C0D0B373EAB8}.Debug|Any CPU.Build.0 = Debug|Any CPU
		{1EDCD6D4-DF3A-4E3B-ABB6-C0D0B373EAB8}.Release|Any CPU.ActiveCfg = Release|Any CPU
		{1EDCD6D4-DF3A-4E3B-ABB6-C0D0B373EAB8}.Release|Any CPU.Build.0 = Release|Any CPU
		{690203F4-3CD5-4569-88D9-EE831EEA5F5F}.Debug|Any CPU.ActiveCfg = Debug|Any CPU
		{690203F4-3CD5-4569-88D9-EE831EEA5F5F}.Debug|Any CPU.Build.0 = Debug|Any CPU
		{690203F4-3CD5-4569-88D9-EE831EEA5F5F}.Release|Any CPU.ActiveCfg = Release|Any CPU
		{690203F4-3CD5-4569-88D9-EE831EEA5F5F}.Release|Any CPU.Build.0 = Release|Any CPU
		{F6AC8D4A-EDD7-4514-8E8A-5BCB019864DB}.Debug|Any CPU.ActiveCfg = Debug|Any CPU
		{F6AC8D4A-EDD7-4514-8E8A-5BCB019864DB}.Debug|Any CPU.Build.0 = Debug|Any CPU
		{F6AC8D4A-EDD7-4514-8E8A-5BCB019864DB}.Release|Any CPU.ActiveCfg = Release|Any CPU
		{F6AC8D4A-EDD7-4514-8E8A-5BCB019864DB}.Release|Any CPU.Build.0 = Release|Any CPU
		{5692AD57-CD69-42CC-8D24-8012F7F91269}.Debug|Any CPU.ActiveCfg = Debug|Any CPU
		{5692AD57-CD69-42CC-8D24-8012F7F91269}.Debug|Any CPU.Build.0 = Debug|Any CPU
		{5692AD57-CD69-42CC-8D24-8012F7F91269}.Release|Any CPU.ActiveCfg = Release|Any CPU
		{5692AD57-CD69-42CC-8D24-8012F7F91269}.Release|Any CPU.Build.0 = Release|Any CPU
		{A19391BC-7E44-4267-90C8-129E55AA7A07}.Debug|Any CPU.ActiveCfg = Debug|Any CPU
		{A19391BC-7E44-4267-90C8-129E55AA7A07}.Debug|Any CPU.Build.0 = Debug|Any CPU
		{A19391BC-7E44-4267-90C8-129E55AA7A07}.Release|Any CPU.ActiveCfg = Release|Any CPU
		{A19391BC-7E44-4267-90C8-129E55AA7A07}.Release|Any CPU.Build.0 = Release|Any CPU
		{8E4CBDAE-D022-4037-820A-295D44ECDDA6}.Debug|Any CPU.ActiveCfg = Debug|Any CPU
		{8E4CBDAE-D022-4037-820A-295D44ECDDA6}.Debug|Any CPU.Build.0 = Debug|Any CPU
		{8E4CBDAE-D022-4037-820A-295D44ECDDA6}.Release|Any CPU.ActiveCfg = Release|Any CPU
		{8E4CBDAE-D022-4037-820A-295D44ECDDA6}.Release|Any CPU.Build.0 = Release|Any CPU
		{144822D0-5613-47D6-BC7D-5B3C8EB9D19D}.Debug|Any CPU.ActiveCfg = Debug|Any CPU
		{144822D0-5613-47D6-BC7D-5B3C8EB9D19D}.Debug|Any CPU.Build.0 = Debug|Any CPU
		{144822D0-5613-47D6-BC7D-5B3C8EB9D19D}.Release|Any CPU.ActiveCfg = Release|Any CPU
		{144822D0-5613-47D6-BC7D-5B3C8EB9D19D}.Release|Any CPU.Build.0 = Release|Any CPU
		{07AFE29B-0788-4167-A3C9-0A423A138A49}.Debug|Any CPU.ActiveCfg = Debug|Any CPU
		{07AFE29B-0788-4167-A3C9-0A423A138A49}.Debug|Any CPU.Build.0 = Debug|Any CPU
		{07AFE29B-0788-4167-A3C9-0A423A138A49}.Release|Any CPU.ActiveCfg = Release|Any CPU
		{07AFE29B-0788-4167-A3C9-0A423A138A49}.Release|Any CPU.Build.0 = Release|Any CPU
		{F994537A-A457-41B3-B3C3-C0FA537C78C1}.Debug|Any CPU.ActiveCfg = Debug|Any CPU
		{F994537A-A457-41B3-B3C3-C0FA537C78C1}.Debug|Any CPU.Build.0 = Debug|Any CPU
		{F994537A-A457-41B3-B3C3-C0FA537C78C1}.Release|Any CPU.ActiveCfg = Release|Any CPU
		{F994537A-A457-41B3-B3C3-C0FA537C78C1}.Release|Any CPU.Build.0 = Release|Any CPU
		{7A747AF0-350D-41D6-9FE5-07BF34196DD1}.Debug|Any CPU.ActiveCfg = Debug|Any CPU
		{7A747AF0-350D-41D6-9FE5-07BF34196DD1}.Debug|Any CPU.Build.0 = Debug|Any CPU
		{7A747AF0-350D-41D6-9FE5-07BF34196DD1}.Release|Any CPU.ActiveCfg = Release|Any CPU
		{7A747AF0-350D-41D6-9FE5-07BF34196DD1}.Release|Any CPU.Build.0 = Release|Any CPU
		{6D014BEF-9906-4274-AA14-F43E615959EF}.Debug|Any CPU.ActiveCfg = Debug|Any CPU
		{6D014BEF-9906-4274-AA14-F43E615959EF}.Debug|Any CPU.Build.0 = Debug|Any CPU
		{6D014BEF-9906-4274-AA14-F43E615959EF}.Release|Any CPU.ActiveCfg = Release|Any CPU
		{6D014BEF-9906-4274-AA14-F43E615959EF}.Release|Any CPU.Build.0 = Release|Any CPU
		{D5FC0C4F-6AFF-403A-B5E7-50F43BACBED7}.Debug|Any CPU.ActiveCfg = Debug|Any CPU
		{D5FC0C4F-6AFF-403A-B5E7-50F43BACBED7}.Debug|Any CPU.Build.0 = Debug|Any CPU
		{D5FC0C4F-6AFF-403A-B5E7-50F43BACBED7}.Release|Any CPU.ActiveCfg = Release|Any CPU
		{D5FC0C4F-6AFF-403A-B5E7-50F43BACBED7}.Release|Any CPU.Build.0 = Release|Any CPU
		{75120A37-C201-4E2A-ACA1-C2BD7AEC69A1}.Debug|Any CPU.ActiveCfg = Debug|Any CPU
		{75120A37-C201-4E2A-ACA1-C2BD7AEC69A1}.Debug|Any CPU.Build.0 = Debug|Any CPU
		{75120A37-C201-4E2A-ACA1-C2BD7AEC69A1}.Release|Any CPU.ActiveCfg = Release|Any CPU
		{75120A37-C201-4E2A-ACA1-C2BD7AEC69A1}.Release|Any CPU.Build.0 = Release|Any CPU
		{75E50637-B5A0-45A9-BA57-54FE4F954630}.Debug|Any CPU.ActiveCfg = Debug|Any CPU
		{75E50637-B5A0-45A9-BA57-54FE4F954630}.Debug|Any CPU.Build.0 = Debug|Any CPU
		{75E50637-B5A0-45A9-BA57-54FE4F954630}.Release|Any CPU.ActiveCfg = Release|Any CPU
		{75E50637-B5A0-45A9-BA57-54FE4F954630}.Release|Any CPU.Build.0 = Release|Any CPU
		{25612619-BD64-410E-A93C-BEC4EE34CE92}.Debug|Any CPU.ActiveCfg = Debug|Any CPU
		{25612619-BD64-410E-A93C-BEC4EE34CE92}.Debug|Any CPU.Build.0 = Debug|Any CPU
		{25612619-BD64-410E-A93C-BEC4EE34CE92}.Release|Any CPU.ActiveCfg = Release|Any CPU
		{25612619-BD64-410E-A93C-BEC4EE34CE92}.Release|Any CPU.Build.0 = Release|Any CPU
		{8A604860-C4B7-47DA-B334-DB44E397105A}.Debug|Any CPU.ActiveCfg = Debug|Any CPU
		{8A604860-C4B7-47DA-B334-DB44E397105A}.Debug|Any CPU.Build.0 = Debug|Any CPU
		{8A604860-C4B7-47DA-B334-DB44E397105A}.Release|Any CPU.ActiveCfg = Release|Any CPU
		{8A604860-C4B7-47DA-B334-DB44E397105A}.Release|Any CPU.Build.0 = Release|Any CPU
		{44D913EE-4EA0-4B44-9146-B5011607B225}.Debug|Any CPU.ActiveCfg = Debug|Any CPU
		{44D913EE-4EA0-4B44-9146-B5011607B225}.Debug|Any CPU.Build.0 = Debug|Any CPU
		{44D913EE-4EA0-4B44-9146-B5011607B225}.Release|Any CPU.ActiveCfg = Release|Any CPU
		{44D913EE-4EA0-4B44-9146-B5011607B225}.Release|Any CPU.Build.0 = Release|Any CPU
		{80B4B5EE-EDB6-47F6-9026-23C24B18A347}.Debug|Any CPU.ActiveCfg = Debug|Any CPU
		{80B4B5EE-EDB6-47F6-9026-23C24B18A347}.Debug|Any CPU.Build.0 = Debug|Any CPU
		{80B4B5EE-EDB6-47F6-9026-23C24B18A347}.Release|Any CPU.ActiveCfg = Release|Any CPU
		{80B4B5EE-EDB6-47F6-9026-23C24B18A347}.Release|Any CPU.Build.0 = Release|Any CPU
		{4A96F36A-2A69-4D09-AB94-316E74EF9D6C}.Debug|Any CPU.ActiveCfg = Debug|Any CPU
		{4A96F36A-2A69-4D09-AB94-316E74EF9D6C}.Debug|Any CPU.Build.0 = Debug|Any CPU
		{4A96F36A-2A69-4D09-AB94-316E74EF9D6C}.Release|Any CPU.ActiveCfg = Release|Any CPU
		{4A96F36A-2A69-4D09-AB94-316E74EF9D6C}.Release|Any CPU.Build.0 = Release|Any CPU
		{C9AF6C6C-F97A-4223-8FCA-6F6CA779ED66}.Debug|Any CPU.ActiveCfg = Debug|Any CPU
		{C9AF6C6C-F97A-4223-8FCA-6F6CA779ED66}.Debug|Any CPU.Build.0 = Debug|Any CPU
		{C9AF6C6C-F97A-4223-8FCA-6F6CA779ED66}.Release|Any CPU.ActiveCfg = Release|Any CPU
		{C9AF6C6C-F97A-4223-8FCA-6F6CA779ED66}.Release|Any CPU.Build.0 = Release|Any CPU
		{22A91C7A-4904-42AF-8F7F-F32879721014}.Debug|Any CPU.ActiveCfg = Debug|Any CPU
		{22A91C7A-4904-42AF-8F7F-F32879721014}.Debug|Any CPU.Build.0 = Debug|Any CPU
		{22A91C7A-4904-42AF-8F7F-F32879721014}.Release|Any CPU.ActiveCfg = Release|Any CPU
		{22A91C7A-4904-42AF-8F7F-F32879721014}.Release|Any CPU.Build.0 = Release|Any CPU
		{FFB0F685-D3DD-425E-8D3F-ADA4DD641091}.Debug|Any CPU.ActiveCfg = Debug|Any CPU
		{FFB0F685-D3DD-425E-8D3F-ADA4DD641091}.Debug|Any CPU.Build.0 = Debug|Any CPU
		{FFB0F685-D3DD-425E-8D3F-ADA4DD641091}.Release|Any CPU.ActiveCfg = Release|Any CPU
		{FFB0F685-D3DD-425E-8D3F-ADA4DD641091}.Release|Any CPU.Build.0 = Release|Any CPU
		{3E88F3FF-C0FF-4749-A46D-D4EE379F832A}.Debug|Any CPU.ActiveCfg = Debug|Any CPU
		{3E88F3FF-C0FF-4749-A46D-D4EE379F832A}.Debug|Any CPU.Build.0 = Debug|Any CPU
		{3E88F3FF-C0FF-4749-A46D-D4EE379F832A}.Release|Any CPU.ActiveCfg = Release|Any CPU
		{3E88F3FF-C0FF-4749-A46D-D4EE379F832A}.Release|Any CPU.Build.0 = Release|Any CPU
		{FCD1C9CF-5A06-4019-8B74-81E6681EB86C}.Debug|Any CPU.ActiveCfg = Debug|Any CPU
		{FCD1C9CF-5A06-4019-8B74-81E6681EB86C}.Debug|Any CPU.Build.0 = Debug|Any CPU
		{FCD1C9CF-5A06-4019-8B74-81E6681EB86C}.Release|Any CPU.ActiveCfg = Release|Any CPU
		{FCD1C9CF-5A06-4019-8B74-81E6681EB86C}.Release|Any CPU.Build.0 = Release|Any CPU
		{5DEF8D3E-66B3-4B98-8BF8-43123B16D9A4}.Debug|Any CPU.ActiveCfg = Debug|Any CPU
		{5DEF8D3E-66B3-4B98-8BF8-43123B16D9A4}.Debug|Any CPU.Build.0 = Debug|Any CPU
		{5DEF8D3E-66B3-4B98-8BF8-43123B16D9A4}.Release|Any CPU.ActiveCfg = Release|Any CPU
		{5DEF8D3E-66B3-4B98-8BF8-43123B16D9A4}.Release|Any CPU.Build.0 = Release|Any CPU
		{8682C3A3-3E5E-497A-8ACC-58AD4B6EFEC4}.Debug|Any CPU.ActiveCfg = Debug|Any CPU
		{8682C3A3-3E5E-497A-8ACC-58AD4B6EFEC4}.Debug|Any CPU.Build.0 = Debug|Any CPU
		{8682C3A3-3E5E-497A-8ACC-58AD4B6EFEC4}.Release|Any CPU.ActiveCfg = Release|Any CPU
		{8682C3A3-3E5E-497A-8ACC-58AD4B6EFEC4}.Release|Any CPU.Build.0 = Release|Any CPU
		{BD837086-3A88-453E-B111-274C14B636AF}.Debug|Any CPU.ActiveCfg = Debug|Any CPU
		{BD837086-3A88-453E-B111-274C14B636AF}.Debug|Any CPU.Build.0 = Debug|Any CPU
		{BD837086-3A88-453E-B111-274C14B636AF}.Release|Any CPU.ActiveCfg = Release|Any CPU
		{BD837086-3A88-453E-B111-274C14B636AF}.Release|Any CPU.Build.0 = Release|Any CPU
		{8B7AA650-EA8E-413D-B289-014AF1FE3963}.Debug|Any CPU.ActiveCfg = Debug|Any CPU
		{8B7AA650-EA8E-413D-B289-014AF1FE3963}.Debug|Any CPU.Build.0 = Debug|Any CPU
		{8B7AA650-EA8E-413D-B289-014AF1FE3963}.Release|Any CPU.ActiveCfg = Release|Any CPU
		{8B7AA650-EA8E-413D-B289-014AF1FE3963}.Release|Any CPU.Build.0 = Release|Any CPU
		{195BE7BE-F4AF-4632-9665-5C2B4D45B578}.Debug|Any CPU.ActiveCfg = Debug|Any CPU
		{195BE7BE-F4AF-4632-9665-5C2B4D45B578}.Debug|Any CPU.Build.0 = Debug|Any CPU
		{195BE7BE-F4AF-4632-9665-5C2B4D45B578}.Release|Any CPU.ActiveCfg = Release|Any CPU
		{195BE7BE-F4AF-4632-9665-5C2B4D45B578}.Release|Any CPU.Build.0 = Release|Any CPU
		{F43D1183-98CA-4742-A0F2-4C1AB54B3E52}.Debug|Any CPU.ActiveCfg = Debug|Any CPU
		{F43D1183-98CA-4742-A0F2-4C1AB54B3E52}.Debug|Any CPU.Build.0 = Debug|Any CPU
		{F43D1183-98CA-4742-A0F2-4C1AB54B3E52}.Release|Any CPU.ActiveCfg = Release|Any CPU
		{F43D1183-98CA-4742-A0F2-4C1AB54B3E52}.Release|Any CPU.Build.0 = Release|Any CPU
		{A0D7BA93-A04E-46F5-85AA-361F9EFA996A}.Debug|Any CPU.ActiveCfg = Debug|Any CPU
		{A0D7BA93-A04E-46F5-85AA-361F9EFA996A}.Debug|Any CPU.Build.0 = Debug|Any CPU
		{A0D7BA93-A04E-46F5-85AA-361F9EFA996A}.Release|Any CPU.ActiveCfg = Release|Any CPU
		{A0D7BA93-A04E-46F5-85AA-361F9EFA996A}.Release|Any CPU.Build.0 = Release|Any CPU
		{4A88D08A-995A-43D1-84F4-EE1BCDD1BAFB}.Debug|Any CPU.ActiveCfg = Debug|Any CPU
		{4A88D08A-995A-43D1-84F4-EE1BCDD1BAFB}.Debug|Any CPU.Build.0 = Debug|Any CPU
		{4A88D08A-995A-43D1-84F4-EE1BCDD1BAFB}.Release|Any CPU.ActiveCfg = Release|Any CPU
		{4A88D08A-995A-43D1-84F4-EE1BCDD1BAFB}.Release|Any CPU.Build.0 = Release|Any CPU
		{EC4CF4C0-33D8-46CF-B9F7-EED4E40C30C8}.Debug|Any CPU.ActiveCfg = Debug|Any CPU
		{EC4CF4C0-33D8-46CF-B9F7-EED4E40C30C8}.Debug|Any CPU.Build.0 = Debug|Any CPU
		{EC4CF4C0-33D8-46CF-B9F7-EED4E40C30C8}.Release|Any CPU.ActiveCfg = Release|Any CPU
		{EC4CF4C0-33D8-46CF-B9F7-EED4E40C30C8}.Release|Any CPU.Build.0 = Release|Any CPU
		{28633D51-D80E-47AE-8B4F-D97ED06BCE41}.Debug|Any CPU.ActiveCfg = Debug|Any CPU
		{28633D51-D80E-47AE-8B4F-D97ED06BCE41}.Debug|Any CPU.Build.0 = Debug|Any CPU
		{28633D51-D80E-47AE-8B4F-D97ED06BCE41}.Release|Any CPU.ActiveCfg = Release|Any CPU
		{28633D51-D80E-47AE-8B4F-D97ED06BCE41}.Release|Any CPU.Build.0 = Release|Any CPU
		{51C384C2-5633-42FF-B268-8AF242A302FC}.Debug|Any CPU.ActiveCfg = Debug|Any CPU
		{51C384C2-5633-42FF-B268-8AF242A302FC}.Debug|Any CPU.Build.0 = Debug|Any CPU
		{51C384C2-5633-42FF-B268-8AF242A302FC}.Release|Any CPU.ActiveCfg = Release|Any CPU
		{51C384C2-5633-42FF-B268-8AF242A302FC}.Release|Any CPU.Build.0 = Release|Any CPU
		{999138D4-C8E3-47A4-936F-55E444894FCA}.Debug|Any CPU.ActiveCfg = Debug|Any CPU
		{999138D4-C8E3-47A4-936F-55E444894FCA}.Debug|Any CPU.Build.0 = Debug|Any CPU
		{999138D4-C8E3-47A4-936F-55E444894FCA}.Release|Any CPU.ActiveCfg = Release|Any CPU
		{999138D4-C8E3-47A4-936F-55E444894FCA}.Release|Any CPU.Build.0 = Release|Any CPU
		{F5340988-FD9F-4A13-8851-E571D10B550D}.Debug|Any CPU.ActiveCfg = Debug|Any CPU
		{F5340988-FD9F-4A13-8851-E571D10B550D}.Debug|Any CPU.Build.0 = Debug|Any CPU
		{F5340988-FD9F-4A13-8851-E571D10B550D}.Release|Any CPU.ActiveCfg = Release|Any CPU
		{F5340988-FD9F-4A13-8851-E571D10B550D}.Release|Any CPU.Build.0 = Release|Any CPU
		{FD057B8A-46F8-4CE4-AD42-1D176040E113}.Debug|Any CPU.ActiveCfg = Debug|Any CPU
		{FD057B8A-46F8-4CE4-AD42-1D176040E113}.Debug|Any CPU.Build.0 = Debug|Any CPU
		{FD057B8A-46F8-4CE4-AD42-1D176040E113}.Release|Any CPU.ActiveCfg = Release|Any CPU
		{FD057B8A-46F8-4CE4-AD42-1D176040E113}.Release|Any CPU.Build.0 = Release|Any CPU
		{37299D72-3B20-46F5-AAAB-8654EA5F756D}.Debug|Any CPU.ActiveCfg = Debug|Any CPU
		{37299D72-3B20-46F5-AAAB-8654EA5F756D}.Debug|Any CPU.Build.0 = Debug|Any CPU
		{37299D72-3B20-46F5-AAAB-8654EA5F756D}.Release|Any CPU.ActiveCfg = Release|Any CPU
		{37299D72-3B20-46F5-AAAB-8654EA5F756D}.Release|Any CPU.Build.0 = Release|Any CPU
		{8796DCB0-CB90-403F-A3B2-0A1041B26436}.Debug|Any CPU.ActiveCfg = Debug|Any CPU
		{8796DCB0-CB90-403F-A3B2-0A1041B26436}.Debug|Any CPU.Build.0 = Debug|Any CPU
		{8796DCB0-CB90-403F-A3B2-0A1041B26436}.Release|Any CPU.ActiveCfg = Release|Any CPU
		{8796DCB0-CB90-403F-A3B2-0A1041B26436}.Release|Any CPU.Build.0 = Release|Any CPU
		{A55C06D2-8E8B-44DC-A194-FAE1065AEE8E}.Debug|Any CPU.ActiveCfg = Debug|Any CPU
		{A55C06D2-8E8B-44DC-A194-FAE1065AEE8E}.Debug|Any CPU.Build.0 = Debug|Any CPU
		{A55C06D2-8E8B-44DC-A194-FAE1065AEE8E}.Release|Any CPU.ActiveCfg = Release|Any CPU
		{A55C06D2-8E8B-44DC-A194-FAE1065AEE8E}.Release|Any CPU.Build.0 = Release|Any CPU
		{D53111B9-1526-4C6F-B3A4-16CEC570EE84}.Debug|Any CPU.ActiveCfg = Debug|Any CPU
		{D53111B9-1526-4C6F-B3A4-16CEC570EE84}.Debug|Any CPU.Build.0 = Debug|Any CPU
		{D53111B9-1526-4C6F-B3A4-16CEC570EE84}.Release|Any CPU.ActiveCfg = Release|Any CPU
		{D53111B9-1526-4C6F-B3A4-16CEC570EE84}.Release|Any CPU.Build.0 = Release|Any CPU
		{90A3D4BE-2112-4258-82BF-60E2862B0CD8}.Debug|Any CPU.ActiveCfg = Debug|Any CPU
		{90A3D4BE-2112-4258-82BF-60E2862B0CD8}.Debug|Any CPU.Build.0 = Debug|Any CPU
		{90A3D4BE-2112-4258-82BF-60E2862B0CD8}.Release|Any CPU.ActiveCfg = Release|Any CPU
		{90A3D4BE-2112-4258-82BF-60E2862B0CD8}.Release|Any CPU.Build.0 = Release|Any CPU
		{9E5F20E0-C00A-47BF-A53A-83D807038A43}.Debug|Any CPU.ActiveCfg = Debug|Any CPU
		{9E5F20E0-C00A-47BF-A53A-83D807038A43}.Debug|Any CPU.Build.0 = Debug|Any CPU
		{9E5F20E0-C00A-47BF-A53A-83D807038A43}.Release|Any CPU.ActiveCfg = Release|Any CPU
		{9E5F20E0-C00A-47BF-A53A-83D807038A43}.Release|Any CPU.Build.0 = Release|Any CPU
		{C87C0DE7-D894-4A16-BFA8-C93D1B07C5D1}.Debug|Any CPU.ActiveCfg = Debug|Any CPU
		{C87C0DE7-D894-4A16-BFA8-C93D1B07C5D1}.Debug|Any CPU.Build.0 = Debug|Any CPU
		{C87C0DE7-D894-4A16-BFA8-C93D1B07C5D1}.Release|Any CPU.ActiveCfg = Release|Any CPU
		{C87C0DE7-D894-4A16-BFA8-C93D1B07C5D1}.Release|Any CPU.Build.0 = Release|Any CPU
		{BBC8EBE0-9A28-49F0-A073-E6658E0FBA03}.Debug|Any CPU.ActiveCfg = Debug|Any CPU
		{BBC8EBE0-9A28-49F0-A073-E6658E0FBA03}.Debug|Any CPU.Build.0 = Debug|Any CPU
		{BBC8EBE0-9A28-49F0-A073-E6658E0FBA03}.Release|Any CPU.ActiveCfg = Release|Any CPU
		{BBC8EBE0-9A28-49F0-A073-E6658E0FBA03}.Release|Any CPU.Build.0 = Release|Any CPU
		{43D7AF4B-EA9C-4A40-B546-546503655DE8}.Debug|Any CPU.ActiveCfg = Debug|Any CPU
		{43D7AF4B-EA9C-4A40-B546-546503655DE8}.Debug|Any CPU.Build.0 = Debug|Any CPU
		{43D7AF4B-EA9C-4A40-B546-546503655DE8}.Release|Any CPU.ActiveCfg = Release|Any CPU
		{43D7AF4B-EA9C-4A40-B546-546503655DE8}.Release|Any CPU.Build.0 = Release|Any CPU
		{C3B2571B-B6EC-40B4-8158-FCB6A65982DD}.Debug|Any CPU.ActiveCfg = Debug|Any CPU
		{C3B2571B-B6EC-40B4-8158-FCB6A65982DD}.Debug|Any CPU.Build.0 = Debug|Any CPU
		{C3B2571B-B6EC-40B4-8158-FCB6A65982DD}.Release|Any CPU.ActiveCfg = Release|Any CPU
		{C3B2571B-B6EC-40B4-8158-FCB6A65982DD}.Release|Any CPU.Build.0 = Release|Any CPU
		{5B74502C-B5BF-437C-976A-6C20EAB5D773}.Debug|Any CPU.ActiveCfg = Debug|Any CPU
		{5B74502C-B5BF-437C-976A-6C20EAB5D773}.Debug|Any CPU.Build.0 = Debug|Any CPU
		{5B74502C-B5BF-437C-976A-6C20EAB5D773}.Release|Any CPU.ActiveCfg = Release|Any CPU
		{5B74502C-B5BF-437C-976A-6C20EAB5D773}.Release|Any CPU.Build.0 = Release|Any CPU
		{696B0BD5-F6D6-4DCA-8A9D-82B89E2942BA}.Debug|Any CPU.ActiveCfg = Debug|Any CPU
		{696B0BD5-F6D6-4DCA-8A9D-82B89E2942BA}.Debug|Any CPU.Build.0 = Debug|Any CPU
		{696B0BD5-F6D6-4DCA-8A9D-82B89E2942BA}.Release|Any CPU.ActiveCfg = Release|Any CPU
		{696B0BD5-F6D6-4DCA-8A9D-82B89E2942BA}.Release|Any CPU.Build.0 = Release|Any CPU
		{E695825E-0A0D-4475-A751-38078B06F124}.Debug|Any CPU.ActiveCfg = Debug|Any CPU
		{E695825E-0A0D-4475-A751-38078B06F124}.Debug|Any CPU.Build.0 = Debug|Any CPU
		{E695825E-0A0D-4475-A751-38078B06F124}.Release|Any CPU.ActiveCfg = Release|Any CPU
		{E695825E-0A0D-4475-A751-38078B06F124}.Release|Any CPU.Build.0 = Release|Any CPU
		{FC9E0FD1-6AAC-4EE4-AD15-899268C31DC3}.Debug|Any CPU.ActiveCfg = Debug|Any CPU
		{FC9E0FD1-6AAC-4EE4-AD15-899268C31DC3}.Debug|Any CPU.Build.0 = Debug|Any CPU
		{FC9E0FD1-6AAC-4EE4-AD15-899268C31DC3}.Release|Any CPU.ActiveCfg = Release|Any CPU
		{FC9E0FD1-6AAC-4EE4-AD15-899268C31DC3}.Release|Any CPU.Build.0 = Release|Any CPU
		{E0F551C6-8A3E-470E-9FF3-597D11F4E96B}.Debug|Any CPU.ActiveCfg = Debug|Any CPU
		{E0F551C6-8A3E-470E-9FF3-597D11F4E96B}.Debug|Any CPU.Build.0 = Debug|Any CPU
		{E0F551C6-8A3E-470E-9FF3-597D11F4E96B}.Release|Any CPU.ActiveCfg = Release|Any CPU
		{E0F551C6-8A3E-470E-9FF3-597D11F4E96B}.Release|Any CPU.Build.0 = Release|Any CPU
	EndGlobalSection
	GlobalSection(SolutionProperties) = preSolution
		HideSolutionNode = FALSE
	EndGlobalSection
	GlobalSection(NestedProjects) = preSolution
		{D64C1577-4929-4B60-939E-96DE1534891A} = {649A3FFA-182F-4E56-9717-E6A9A2BEC545}
		{F2840BC7-0188-4606-9126-DADD0F5ABF7A} = {649A3FFA-182F-4E56-9717-E6A9A2BEC545}
		{BD65D04F-08D5-40C1-8C24-77CA0BACB877} = {649A3FFA-182F-4E56-9717-E6A9A2BEC545}
		{78040F9E-3501-4A40-82DF-00A597710F35} = {649A3FFA-182F-4E56-9717-E6A9A2BEC545}
		{0CE86223-D31D-4315-A1F5-87BA3EE1B844} = {649A3FFA-182F-4E56-9717-E6A9A2BEC545}
		{F1C58097-4C08-4D88-8976-6B3389391481} = {649A3FFA-182F-4E56-9717-E6A9A2BEC545}
		{077AA5F8-8B61-420C-A6B5-0150A66FDB34} = {649A3FFA-182F-4E56-9717-E6A9A2BEC545}
		{36E2735F-CEAB-44C8-A6D1-2CDAFF399751} = {649A3FFA-182F-4E56-9717-E6A9A2BEC545}
		{C5BB573D-3030-4BCB-88B7-F6A85C32766C} = {CCD2960C-23CC-4AB4-B84D-60C7AAA52F4D}
		{527F645C-C1FC-406E-8479-81386C8ECF13} = {CCD2960C-23CC-4AB4-B84D-60C7AAA52F4D}
		{E60895E5-79C4-447D-88B7-85CB5BA336A4} = {CCD2960C-23CC-4AB4-B84D-60C7AAA52F4D}
		{90CB5DC4-C040-45C7-8900-9688B26405BC} = {CCD2960C-23CC-4AB4-B84D-60C7AAA52F4D}
		{37B135B0-DAFE-4616-B25C-1BDF32FC44A2} = {E400416D-2895-4512-9D17-90681EEC7E0A}
		{3B7B6317-1B85-4164-8E11-75574F80AE17} = {649A3FFA-182F-4E56-9717-E6A9A2BEC545}
		{1EDCD6D4-DF3A-4E3B-ABB6-C0D0B373EAB8} = {CCD2960C-23CC-4AB4-B84D-60C7AAA52F4D}
		{690203F4-3CD5-4569-88D9-EE831EEA5F5F} = {E400416D-2895-4512-9D17-90681EEC7E0A}
		{F6AC8D4A-EDD7-4514-8E8A-5BCB019864DB} = {E400416D-2895-4512-9D17-90681EEC7E0A}
		{5692AD57-CD69-42CC-8D24-8012F7F91269} = {18480860-ED90-4766-8ADB-CBEAB3E8E717}
		{A19391BC-7E44-4267-90C8-129E55AA7A07} = {18480860-ED90-4766-8ADB-CBEAB3E8E717}
		{8E4CBDAE-D022-4037-820A-295D44ECDDA6} = {18480860-ED90-4766-8ADB-CBEAB3E8E717}
		{144822D0-5613-47D6-BC7D-5B3C8EB9D19D} = {18480860-ED90-4766-8ADB-CBEAB3E8E717}
		{07AFE29B-0788-4167-A3C9-0A423A138A49} = {18480860-ED90-4766-8ADB-CBEAB3E8E717}
		{F994537A-A457-41B3-B3C3-C0FA537C78C1} = {18480860-ED90-4766-8ADB-CBEAB3E8E717}
		{7A747AF0-350D-41D6-9FE5-07BF34196DD1} = {18480860-ED90-4766-8ADB-CBEAB3E8E717}
		{6D014BEF-9906-4274-AA14-F43E615959EF} = {18480860-ED90-4766-8ADB-CBEAB3E8E717}
		{D5FC0C4F-6AFF-403A-B5E7-50F43BACBED7} = {18480860-ED90-4766-8ADB-CBEAB3E8E717}
		{75120A37-C201-4E2A-ACA1-C2BD7AEC69A1} = {1324179D-E93D-49B6-8075-8CE7CB40EE23}
		{75E50637-B5A0-45A9-BA57-54FE4F954630} = {1324179D-E93D-49B6-8075-8CE7CB40EE23}
		{25612619-BD64-410E-A93C-BEC4EE34CE92} = {1324179D-E93D-49B6-8075-8CE7CB40EE23}
		{8A604860-C4B7-47DA-B334-DB44E397105A} = {1324179D-E93D-49B6-8075-8CE7CB40EE23}
		{44D913EE-4EA0-4B44-9146-B5011607B225} = {1324179D-E93D-49B6-8075-8CE7CB40EE23}
		{80B4B5EE-EDB6-47F6-9026-23C24B18A347} = {1324179D-E93D-49B6-8075-8CE7CB40EE23}
		{4A96F36A-2A69-4D09-AB94-316E74EF9D6C} = {1324179D-E93D-49B6-8075-8CE7CB40EE23}
		{C9AF6C6C-F97A-4223-8FCA-6F6CA779ED66} = {1324179D-E93D-49B6-8075-8CE7CB40EE23}
		{22A91C7A-4904-42AF-8F7F-F32879721014} = {1324179D-E93D-49B6-8075-8CE7CB40EE23}
		{FFB0F685-D3DD-425E-8D3F-ADA4DD641091} = {1324179D-E93D-49B6-8075-8CE7CB40EE23}
		{66765E74-D959-48D8-BC15-E0295CCAA957} = {86D7A1DE-C351-47F6-B1DB-A17E48579C08}
		{3E88F3FF-C0FF-4749-A46D-D4EE379F832A} = {66765E74-D959-48D8-BC15-E0295CCAA957}
		{FCD1C9CF-5A06-4019-8B74-81E6681EB86C} = {66765E74-D959-48D8-BC15-E0295CCAA957}
		{5DEF8D3E-66B3-4B98-8BF8-43123B16D9A4} = {66765E74-D959-48D8-BC15-E0295CCAA957}
		{2BA465C3-2E6F-4155-B5D9-738A21F93920} = {F15820CA-3D85-48A1-8001-B029D708BC9A}
		{8682C3A3-3E5E-497A-8ACC-58AD4B6EFEC4} = {2BA465C3-2E6F-4155-B5D9-738A21F93920}
		{BD837086-3A88-453E-B111-274C14B636AF} = {2BA465C3-2E6F-4155-B5D9-738A21F93920}
		{8B7AA650-EA8E-413D-B289-014AF1FE3963} = {2BA465C3-2E6F-4155-B5D9-738A21F93920}
		{195BE7BE-F4AF-4632-9665-5C2B4D45B578} = {2BA465C3-2E6F-4155-B5D9-738A21F93920}
		{F43D1183-98CA-4742-A0F2-4C1AB54B3E52} = {2BA465C3-2E6F-4155-B5D9-738A21F93920}
		{A0D7BA93-A04E-46F5-85AA-361F9EFA996A} = {2BA465C3-2E6F-4155-B5D9-738A21F93920}
		{D6784DC0-7EBA-4A0F-802B-1F32D24C2E9A} = {2BA465C3-2E6F-4155-B5D9-738A21F93920}
		{4A88D08A-995A-43D1-84F4-EE1BCDD1BAFB} = {21101988-BB5C-4D01-8308-1A2C7DFCE57A}
		{1324179D-E93D-49B6-8075-8CE7CB40EE23} = {D6784DC0-7EBA-4A0F-802B-1F32D24C2E9A}
		{21101988-BB5C-4D01-8308-1A2C7DFCE57A} = {86D7A1DE-C351-47F6-B1DB-A17E48579C08}
		{18480860-ED90-4766-8ADB-CBEAB3E8E717} = {D6784DC0-7EBA-4A0F-802B-1F32D24C2E9A}
		{D90FF79A-8946-4630-BEDF-C798D3F88843} = {D6784DC0-7EBA-4A0F-802B-1F32D24C2E9A}
		{EC4CF4C0-33D8-46CF-B9F7-EED4E40C30C8} = {D90FF79A-8946-4630-BEDF-C798D3F88843}
		{28633D51-D80E-47AE-8B4F-D97ED06BCE41} = {D90FF79A-8946-4630-BEDF-C798D3F88843}
		{51C384C2-5633-42FF-B268-8AF242A302FC} = {D90FF79A-8946-4630-BEDF-C798D3F88843}
		{999138D4-C8E3-47A4-936F-55E444894FCA} = {D90FF79A-8946-4630-BEDF-C798D3F88843}
		{F5340988-FD9F-4A13-8851-E571D10B550D} = {D90FF79A-8946-4630-BEDF-C798D3F88843}
		{FD057B8A-46F8-4CE4-AD42-1D176040E113} = {D90FF79A-8946-4630-BEDF-C798D3F88843}
		{37299D72-3B20-46F5-AAAB-8654EA5F756D} = {D90FF79A-8946-4630-BEDF-C798D3F88843}
		{D71A6600-C09F-4A24-890E-94EFDE613ECD} = {D6784DC0-7EBA-4A0F-802B-1F32D24C2E9A}
		{8796DCB0-CB90-403F-A3B2-0A1041B26436} = {D71A6600-C09F-4A24-890E-94EFDE613ECD}
		{A55C06D2-8E8B-44DC-A194-FAE1065AEE8E} = {D71A6600-C09F-4A24-890E-94EFDE613ECD}
		{D53111B9-1526-4C6F-B3A4-16CEC570EE84} = {D71A6600-C09F-4A24-890E-94EFDE613ECD}
		{90A3D4BE-2112-4258-82BF-60E2862B0CD8} = {D71A6600-C09F-4A24-890E-94EFDE613ECD}
		{9E5F20E0-C00A-47BF-A53A-83D807038A43} = {D71A6600-C09F-4A24-890E-94EFDE613ECD}
		{C87C0DE7-D894-4A16-BFA8-C93D1B07C5D1} = {D71A6600-C09F-4A24-890E-94EFDE613ECD}
		{BBC8EBE0-9A28-49F0-A073-E6658E0FBA03} = {D71A6600-C09F-4A24-890E-94EFDE613ECD}
		{FABFF65C-4A24-4723-8562-803E6987B3DA} = {D6784DC0-7EBA-4A0F-802B-1F32D24C2E9A}
		{43D7AF4B-EA9C-4A40-B546-546503655DE8} = {FABFF65C-4A24-4723-8562-803E6987B3DA}
		{C3B2571B-B6EC-40B4-8158-FCB6A65982DD} = {FABFF65C-4A24-4723-8562-803E6987B3DA}
		{5B74502C-B5BF-437C-976A-6C20EAB5D773} = {FABFF65C-4A24-4723-8562-803E6987B3DA}
		{696B0BD5-F6D6-4DCA-8A9D-82B89E2942BA} = {FABFF65C-4A24-4723-8562-803E6987B3DA}
		{E695825E-0A0D-4475-A751-38078B06F124} = {FABFF65C-4A24-4723-8562-803E6987B3DA}
		{FC9E0FD1-6AAC-4EE4-AD15-899268C31DC3} = {FABFF65C-4A24-4723-8562-803E6987B3DA}
		{E0F551C6-8A3E-470E-9FF3-597D11F4E96B} = {FABFF65C-4A24-4723-8562-803E6987B3DA}
	EndGlobalSection
	GlobalSection(ExtensibilityGlobals) = postSolution
		SolutionGuid = {4324B3B4-B60B-4E3C-91D8-59576B4E26DD}
	EndGlobalSection
EndGlobal
