
Microsoft Visual Studio Solution File, Format Version 12.00
# Visual Studio Version 16
VisualStudioVersion = 16.0.29709.97
MinimumVisualStudioVersion = 10.0.40219.1
Project("{2150E333-8FDC-42A3-9474-1A3956D46DE8}") = "FS.Theme", "FS.Theme", "{CE40624C-5235-42D3-914C-79EEEFD337BA}"
EndProject
Project("{9A19103F-16F7-4668-BE54-9A1E7A4F7556}") = "FS.Theme.Domain.Shared", "modules\FS.Theme\src\FS.Theme.Domain.Shared\FS.Theme.Domain.Shared.csproj", "{D64C1577-4929-4B60-939E-96DE1534891A}"
EndProject
Project("{9A19103F-16F7-4668-BE54-9A1E7A4F7556}") = "FS.Theme.Domain", "modules\FS.Theme\src\FS.Theme.Domain\FS.Theme.Domain.csproj", "{F2840BC7-0188-4606-9126-DADD0F5ABF7A}"
EndProject
Project("{9A19103F-16F7-4668-BE54-9A1E7A4F7556}") = "FS.Theme.Application.Contracts", "modules\FS.Theme\src\FS.Theme.Application.Contracts\FS.Theme.Application.Contracts.csproj", "{BD65D04F-08D5-40C1-8C24-77CA0BACB877}"
EndProject
Project("{9A19103F-16F7-4668-BE54-9A1E7A4F7556}") = "FS.Theme.Application", "modules\FS.Theme\src\FS.Theme.Application\FS.Theme.Application.csproj", "{78040F9E-3501-4A40-82DF-00A597710F35}"
EndProject
Project("{2150E333-8FDC-42A3-9474-1A3956D46DE8}") = "test", "test", "{CCD2960C-23CC-4AB4-B84D-60C7AAA52F4D}"
EndProject
Project("{9A19103F-16F7-4668-BE54-9A1E7A4F7556}") = "FS.Theme.EntityFrameworkCore", "modules\FS.Theme\src\FS.Theme.EntityFrameworkCore\FS.Theme.EntityFrameworkCore.csproj", "{0CE86223-D31D-4315-A1F5-87BA3EE1B844}"
EndProject
Project("{9A19103F-16F7-4668-BE54-9A1E7A4F7556}") = "FS.Theme.HttpApi", "modules\FS.Theme\src\FS.Theme.HttpApi\FS.Theme.HttpApi.csproj", "{077AA5F8-8B61-420C-A6B5-0150A66FDB34}"
EndProject
Project("{9A19103F-16F7-4668-BE54-9A1E7A4F7556}") = "FS.Theme.HttpApi.Client", "modules\FS.Theme\src\FS.Theme.HttpApi.Client\FS.Theme.HttpApi.Client.csproj", "{36E2735F-CEAB-44C8-A6D1-2CDAFF399751}"
EndProject
Project("{9A19103F-16F7-4668-BE54-9A1E7A4F7556}") = "FS.Theme.TestBase", "modules\FS.Theme\test\FS.Theme.TestBase\FS.Theme.TestBase.csproj", "{C5BB573D-3030-4BCB-88B7-F6A85C32766C}"
EndProject
Project("{9A19103F-16F7-4668-BE54-9A1E7A4F7556}") = "FS.Theme.EntityFrameworkCore.Tests", "modules\FS.Theme\test\FS.Theme.EntityFrameworkCore.Tests\FS.Theme.EntityFrameworkCore.Tests.csproj", "{527F645C-C1FC-406E-8479-81386C8ECF13}"
EndProject
Project("{9A19103F-16F7-4668-BE54-9A1E7A4F7556}") = "FS.Theme.Domain.Tests", "modules\FS.Theme\test\FS.Theme.Domain.Tests\FS.Theme.Domain.Tests.csproj", "{E60895E5-79C4-447D-88B7-85CB5BA336A4}"
EndProject
Project("{9A19103F-16F7-4668-BE54-9A1E7A4F7556}") = "FS.Theme.Application.Tests", "modules\FS.Theme\test\FS.Theme.Application.Tests\FS.Theme.Application.Tests.csproj", "{90CB5DC4-C040-45C7-8900-9688B26405BC}"
EndProject
Project("{9A19103F-16F7-4668-BE54-9A1E7A4F7556}") = "FS.Theme.Web", "modules\FS.Theme\src\FS.Theme.Web\FS.Theme.Web.csproj", "{3B7B6317-1B85-4164-8E11-75574F80AE17}"
EndProject
Project("{2150E333-8FDC-42A3-9474-1A3956D46DE8}") = "core", "core", "{334CD031-E961-4865-800F-5AC56DD20C0D}"
EndProject
Project("{2150E333-8FDC-42A3-9474-1A3956D46DE8}") = "the-project", "the-project", "{1EFA632F-BEB3-4C30-8C50-2CED314E7FB5}"
EndProject
Project("{9A19103F-16F7-4668-BE54-9A1E7A4F7556}") = "FS.Theme.TheProject.Domain.Shared", "modules\FS.Theme\modules\TheProject\src\FS.Theme.TheProject.Domain.Shared\FS.Theme.TheProject.Domain.Shared.csproj", "{54CD0F7C-2F34-4CAB-BB96-6840088CE0BB}"
EndProject
Project("{9A19103F-16F7-4668-BE54-9A1E7A4F7556}") = "FS.Theme.TheProject.Domain", "modules\FS.Theme\modules\TheProject\src\FS.Theme.TheProject.Domain\FS.Theme.TheProject.Domain.csproj", "{C1DBF3DF-E7F2-4C9B-B0DB-6CC8833D8889}"
EndProject
Project("{9A19103F-16F7-4668-BE54-9A1E7A4F7556}") = "FS.Theme.TheProject.Application.Contracts", "modules\FS.Theme\modules\TheProject\src\FS.Theme.TheProject.Application.Contracts\FS.Theme.TheProject.Application.Contracts.csproj", "{53B66804-E1BB-4E78-ABC9-9EB74DCE1BA8}"
EndProject
Project("{9A19103F-16F7-4668-BE54-9A1E7A4F7556}") = "FS.Theme.TheProject.Application", "modules\FS.Theme\modules\TheProject\src\FS.Theme.TheProject.Application\FS.Theme.TheProject.Application.csproj", "{03E74205-77B8-4AED-AAAD-2F885922F486}"
EndProject
Project("{9A19103F-16F7-4668-BE54-9A1E7A4F7556}") = "FS.Theme.TheProject.EntityFrameworkCore", "modules\FS.Theme\modules\TheProject\src\FS.Theme.TheProject.EntityFrameworkCore\FS.Theme.TheProject.EntityFrameworkCore.csproj", "{2E963C20-2518-49CA-8421-9DAD3094C9FE}"
EndProject
Project("{9A19103F-16F7-4668-BE54-9A1E7A4F7556}") = "FS.Theme.TheProject.MongoDB", "modules\FS.Theme\modules\TheProject\src\FS.Theme.TheProject.MongoDB\FS.Theme.TheProject.MongoDB.csproj", "{F1C58097-4C08-4D88-8976-6B3389391481}"
EndProject
Project("{9A19103F-16F7-4668-BE54-9A1E7A4F7556}") = "FS.Theme.TheProject.HttpApi", "modules\FS.Theme\modules\TheProject\src\FS.Theme.TheProject.HttpApi\FS.Theme.TheProject.HttpApi.csproj", "{FFEEE5BA-CE34-4877-8FB1-7CE69CC6B5B2}"
EndProject
Project("{9A19103F-16F7-4668-BE54-9A1E7A4F7556}") = "FS.Theme.TheProject.HttpApi.Client", "modules\FS.Theme\modules\TheProject\src\FS.Theme.TheProject.HttpApi.Client\FS.Theme.TheProject.HttpApi.Client.csproj", "{CB23578C-EAE4-45C4-8EEC-0873FE2C735B}"
EndProject
Project("{9A19103F-16F7-4668-BE54-9A1E7A4F7556}") = "FS.Theme.TheProject.TestBase", "modules\FS.Theme\modules\TheProject\test\FS.Theme.TheProject.TestBase\FS.Theme.TheProject.TestBase.csproj", "{A77CE173-493D-46B1-B676-71B6EA5FC349}"
EndProject
Project("{9A19103F-16F7-4668-BE54-9A1E7A4F7556}") = "FS.Theme.TheProject.MongoDB.Tests", "modules\FS.Theme\modules\TheProject\test\FS.Theme.TheProject.MongoDB.Tests\FS.Theme.TheProject.MongoDB.Tests.csproj", "{D0AD9179-125C-40B2-A8EE-CD4C1EE24BB6}"
EndProject
Project("{9A19103F-16F7-4668-BE54-9A1E7A4F7556}") = "FS.Theme.TheProject.Domain.Tests", "modules\FS.Theme\modules\TheProject\test\FS.Theme.TheProject.Domain.Tests\FS.Theme.TheProject.Domain.Tests.csproj", "{956DB406-0654-44E4-A6B6-31DFA3A51398}"
EndProject
Project("{9A19103F-16F7-4668-BE54-9A1E7A4F7556}") = "FS.Theme.TheProject.Application.Tests", "modules\FS.Theme\modules\TheProject\test\FS.Theme.TheProject.Application.Tests\FS.Theme.TheProject.Application.Tests.csproj", "{DE722690-6A69-4475-8B2F-2C42EC2BFD50}"
EndProject
Project("{9A19103F-16F7-4668-BE54-9A1E7A4F7556}") = "FS.Theme.TheProject.EntityFrameworkCore.Tests", "modules\FS.Theme\modules\TheProject\test\FS.Theme.TheProject.EntityFrameworkCore.Tests\FS.Theme.TheProject.EntityFrameworkCore.Tests.csproj", "{986E6F0B-91EE-429C-93AF-99D89016E6E1}"
EndProject
Project("{2150E333-8FDC-42A3-9474-1A3956D46DE8}") = "core", "core", "{2FED70F1-9A5E-4B9C-AD60-E7ED8CEC996C}"
EndProject
Project("{2150E333-8FDC-42A3-9474-1A3956D46DE8}") = "the-project", "the-project", "{13BE4CAC-F24A-4139-B0E3-F9623343767A}"
EndProject
Project("{2150E333-8FDC-42A3-9474-1A3956D46DE8}") = "modules", "modules", "{5B96B93C-E3AF-44E4-9AA9-2DAC7139DE68}"
EndProject
Project("{2150E333-8FDC-42A3-9474-1A3956D46DE8}") = "FS.Cms", "FS.Cms", "{4FAA9EA4-550A-495F-9165-E23491C17F52}"
EndProject
Project("{9A19103F-16F7-4668-BE54-9A1E7A4F7556}") = "FS.Cms.Domain.Shared", "modules\FS.Cms\src\FS.Cms.Domain.Shared\FS.Cms.Domain.Shared.csproj", "{91DA7E5A-CD83-4F51-B9A0-7D966A25C274}"
EndProject
Project("{9A19103F-16F7-4668-BE54-9A1E7A4F7556}") = "FS.Cms.Domain", "modules\FS.Cms\src\FS.Cms.Domain\FS.Cms.Domain.csproj", "{3B477422-3636-4FF3-A872-EDE4CDF1DC31}"
EndProject
Project("{9A19103F-16F7-4668-BE54-9A1E7A4F7556}") = "FS.Cms.Application.Contracts", "modules\FS.Cms\src\FS.Cms.Application.Contracts\FS.Cms.Application.Contracts.csproj", "{7CA004EC-9F63-4811-96AF-D5CA3EA8079D}"
EndProject
Project("{9A19103F-16F7-4668-BE54-9A1E7A4F7556}") = "FS.Cms.Application", "modules\FS.Cms\src\FS.Cms.Application\FS.Cms.Application.csproj", "{66785766-35E1-4C7C-AE2A-DF569BD61FC5}"
EndProject
Project("{9A19103F-16F7-4668-BE54-9A1E7A4F7556}") = "FS.Cms.EntityFrameworkCore", "modules\FS.Cms\src\FS.Cms.EntityFrameworkCore\FS.Cms.EntityFrameworkCore.csproj", "{A9C2CEE0-9AD0-4192-A9E4-4DC5139EAEE5}"
EndProject
Project("{9A19103F-16F7-4668-BE54-9A1E7A4F7556}") = "FS.Cms.HttpApi", "modules\FS.Cms\src\FS.Cms.HttpApi\FS.Cms.HttpApi.csproj", "{6EA147A7-A245-4445-B0E0-07FB9E622A2E}"
EndProject
Project("{9A19103F-16F7-4668-BE54-9A1E7A4F7556}") = "FS.Cms.HttpApi.Client", "modules\FS.Cms\src\FS.Cms.HttpApi.Client\FS.Cms.HttpApi.Client.csproj", "{D683C633-9AEC-4C2F-B56B-BC236A4FDDF2}"
EndProject
Project("{9A19103F-16F7-4668-BE54-9A1E7A4F7556}") = "FS.Cms.TestBase", "modules\FS.Cms\test\FS.Cms.TestBase\FS.Cms.TestBase.csproj", "{880609CE-9AA4-4152-B713-5C4B1347C6D6}"
EndProject
Project("{9A19103F-16F7-4668-BE54-9A1E7A4F7556}") = "FS.Cms.EntityFrameworkCore.Tests", "modules\FS.Cms\test\FS.Cms.EntityFrameworkCore.Tests\FS.Cms.EntityFrameworkCore.Tests.csproj", "{A7765519-B756-4832-9E17-7E34B4D571F9}"
EndProject
Project("{9A19103F-16F7-4668-BE54-9A1E7A4F7556}") = "FS.Cms.Domain.Tests", "modules\FS.Cms\test\FS.Cms.Domain.Tests\FS.Cms.Domain.Tests.csproj", "{5BF768F5-791D-4E7D-953A-F972DBC9F016}"
EndProject
Project("{9A19103F-16F7-4668-BE54-9A1E7A4F7556}") = "FS.Cms.Application.Tests", "modules\FS.Cms\test\FS.Cms.Application.Tests\FS.Cms.Application.Tests.csproj", "{B4654262-4F8E-4B38-B280-AF2521159D8D}"
EndProject
Project("{9A19103F-16F7-4668-BE54-9A1E7A4F7556}") = "FS.Cms.Web", "modules\FS.Cms\src\FS.Cms.Web\FS.Cms.Web.csproj", "{5E5BAEC2-AAB1-4E81-8EC1-70CA62B18CF9}"
EndProject
Project("{2150E333-8FDC-42A3-9474-1A3956D46DE8}") = "FS.Theme", "FS.Theme", "{4ED0AFF3-17A8-430A-83F0-6999B8E61C51}"
EndProject
Project("{2150E333-8FDC-42A3-9474-1A3956D46DE8}") = "FS.Cms", "FS.Cms", "{9D2ED8E8-5D45-42A7-AF6B-66749314B470}"
EndProject
Project("{2150E333-8FDC-42A3-9474-1A3956D46DE8}") = "framework", "framework", "{1D14EF22-AEC9-492A-94F9-AAD9DAA1EE83}"
EndProject
Project("{2150E333-8FDC-42A3-9474-1A3956D46DE8}") = "FS.Abp", "FS.Abp", "{032AE38C-362E-431B-871A-BE9F69C55D58}"
EndProject
Project("{9A19103F-16F7-4668-BE54-9A1E7A4F7556}") = "FS.Abp.Domain.Shared", "framework\FS.Abp\modules\FS.Abp\src\FS.Abp.Domain.Shared\FS.Abp.Domain.Shared.csproj", "{30C773E1-07FC-4FC5-9E8F-8E05EE4F7F63}"
EndProject
Project("{9A19103F-16F7-4668-BE54-9A1E7A4F7556}") = "FS.Abp.Domain", "framework\FS.Abp\modules\FS.Abp\src\FS.Abp.Domain\FS.Abp.Domain.csproj", "{7CFF7F0A-5BC1-4F87-8C90-186CD5CE09C7}"
EndProject
Project("{9A19103F-16F7-4668-BE54-9A1E7A4F7556}") = "FS.Abp.Application.Contracts", "framework\FS.Abp\modules\FS.Abp\src\FS.Abp.Application.Contracts\FS.Abp.Application.Contracts.csproj", "{4EB13F34-2636-4472-B108-6DD87096B292}"
EndProject
Project("{9A19103F-16F7-4668-BE54-9A1E7A4F7556}") = "FS.Abp.Application", "framework\FS.Abp\modules\FS.Abp\src\FS.Abp.Application\FS.Abp.Application.csproj", "{9E8C2B49-E40D-4AF9-A304-A4D0F639AC3F}"
EndProject
Project("{9A19103F-16F7-4668-BE54-9A1E7A4F7556}") = "FS.Abp.EntityFrameworkCore", "framework\FS.Abp\modules\FS.Abp\src\FS.Abp.EntityFrameworkCore\FS.Abp.EntityFrameworkCore.csproj", "{02559DCC-47CD-4F40-91B7-21AA8E8AF718}"
EndProject
Project("{9A19103F-16F7-4668-BE54-9A1E7A4F7556}") = "FS.Abp.HttpApi", "framework\FS.Abp\modules\FS.Abp\src\FS.Abp.HttpApi\FS.Abp.HttpApi.csproj", "{7AEBBA8E-66BC-4D79-AC62-AE2BCD243EFE}"
EndProject
Project("{9A19103F-16F7-4668-BE54-9A1E7A4F7556}") = "FS.Abp.TestBase", "framework\FS.Abp\modules\FS.Abp\test\FS.Abp.TestBase\FS.Abp.TestBase.csproj", "{9D984EEA-48C0-40E7-8975-2DA52963C954}"
EndProject
Project("{9A19103F-16F7-4668-BE54-9A1E7A4F7556}") = "FS.Abp.EntityFrameworkCore.Tests", "framework\FS.Abp\modules\FS.Abp\test\FS.Abp.EntityFrameworkCore.Tests\FS.Abp.EntityFrameworkCore.Tests.csproj", "{01F295DB-8414-4D87-837B-DDC85D4ECB0C}"
EndProject
Project("{9A19103F-16F7-4668-BE54-9A1E7A4F7556}") = "FS.Abp.Domain.Tests", "framework\FS.Abp\modules\FS.Abp\test\FS.Abp.Domain.Tests\FS.Abp.Domain.Tests.csproj", "{71A2D0FC-BAB7-47D0-A506-5201B7810983}"
EndProject
Project("{9A19103F-16F7-4668-BE54-9A1E7A4F7556}") = "FS.Abp.Application.Tests", "framework\FS.Abp\modules\FS.Abp\test\FS.Abp.Application.Tests\FS.Abp.Application.Tests.csproj", "{BB8FF4B0-61A4-4243-81CA-A1C34A21E4D9}"
EndProject
Project("{2150E333-8FDC-42A3-9474-1A3956D46DE8}") = "FS.Abp.AspNetCore", "FS.Abp.AspNetCore", "{E2D733F6-9953-4929-B6B7-044CD0372DE2}"
EndProject
Project("{2150E333-8FDC-42A3-9474-1A3956D46DE8}") = "src", "src", "{F7C89BED-EC2F-4383-9FF8-555611AAB2CA}"
EndProject
Project("{2150E333-8FDC-42A3-9474-1A3956D46DE8}") = "test", "test", "{649B1578-993B-4EB2-9E63-F8CC57B20888}"
EndProject
Project("{9A19103F-16F7-4668-BE54-9A1E7A4F7556}") = "FS.Abp.AspNetCore.Mvc.JsonSubTypes", "framework\FS.Abp\framework\FS.Abp.AspNetCore\src\FS.Abp.AspNetCore.Mvc.JsonSubTypes\FS.Abp.AspNetCore.Mvc.JsonSubTypes.csproj", "{F1054D52-5663-4A90-8934-DAF4594DCB99}"
EndProject
Project("{9A19103F-16F7-4668-BE54-9A1E7A4F7556}") = "FS.Abp.AspNetCore.Mvc.JsonSubTypes.Contracts", "framework\FS.Abp\framework\FS.Abp.AspNetCore\src\FS.Abp.AspNetCore.Mvc.JsonSubTypes.Contracts\FS.Abp.AspNetCore.Mvc.JsonSubTypes.Contracts.csproj", "{7BEEB3E8-7379-40C5-BF41-56F94265FDF8}"
EndProject
Project("{9A19103F-16F7-4668-BE54-9A1E7A4F7556}") = "FS.Abp.AspNetCore.SpaServices", "framework\FS.Abp\framework\FS.Abp.AspNetCore\src\FS.Abp.AspNetCore.SpaServices\FS.Abp.AspNetCore.SpaServices.csproj", "{9AEA3FEE-0FEB-40C9-9213-9A7ECBC21BC2}"
EndProject
Project("{2150E333-8FDC-42A3-9474-1A3956D46DE8}") = "src", "src", "{73D7E278-678C-416F-AFAB-824C1CD9A296}"
EndProject
Project("{2150E333-8FDC-42A3-9474-1A3956D46DE8}") = "modules", "modules", "{8492885B-3A30-414D-AB58-C8461C160A23}"
EndProject
Project("{2150E333-8FDC-42A3-9474-1A3956D46DE8}") = "framework", "framework", "{AF73720E-BA0F-48AF-BF78-CC83FF2725A8}"
EndProject
Global
	GlobalSection(SolutionConfigurationPlatforms) = preSolution
		Debug|Any CPU = Debug|Any CPU
		Release|Any CPU = Release|Any CPU
	EndGlobalSection
	GlobalSection(ProjectConfigurationPlatforms) = postSolution
		{D64C1577-4929-4B60-939E-96DE1534891A}.Debug|Any CPU.ActiveCfg = Debug|Any CPU
		{D64C1577-4929-4B60-939E-96DE1534891A}.Debug|Any CPU.Build.0 = Debug|Any CPU
		{D64C1577-4929-4B60-939E-96DE1534891A}.Release|Any CPU.ActiveCfg = Release|Any CPU
		{D64C1577-4929-4B60-939E-96DE1534891A}.Release|Any CPU.Build.0 = Release|Any CPU
		{F2840BC7-0188-4606-9126-DADD0F5ABF7A}.Debug|Any CPU.ActiveCfg = Debug|Any CPU
		{F2840BC7-0188-4606-9126-DADD0F5ABF7A}.Debug|Any CPU.Build.0 = Debug|Any CPU
		{F2840BC7-0188-4606-9126-DADD0F5ABF7A}.Release|Any CPU.ActiveCfg = Release|Any CPU
		{F2840BC7-0188-4606-9126-DADD0F5ABF7A}.Release|Any CPU.Build.0 = Release|Any CPU
		{BD65D04F-08D5-40C1-8C24-77CA0BACB877}.Debug|Any CPU.ActiveCfg = Debug|Any CPU
		{BD65D04F-08D5-40C1-8C24-77CA0BACB877}.Debug|Any CPU.Build.0 = Debug|Any CPU
		{BD65D04F-08D5-40C1-8C24-77CA0BACB877}.Release|Any CPU.ActiveCfg = Release|Any CPU
		{BD65D04F-08D5-40C1-8C24-77CA0BACB877}.Release|Any CPU.Build.0 = Release|Any CPU
		{78040F9E-3501-4A40-82DF-00A597710F35}.Debug|Any CPU.ActiveCfg = Debug|Any CPU
		{78040F9E-3501-4A40-82DF-00A597710F35}.Debug|Any CPU.Build.0 = Debug|Any CPU
		{78040F9E-3501-4A40-82DF-00A597710F35}.Release|Any CPU.ActiveCfg = Release|Any CPU
		{78040F9E-3501-4A40-82DF-00A597710F35}.Release|Any CPU.Build.0 = Release|Any CPU
		{0CE86223-D31D-4315-A1F5-87BA3EE1B844}.Debug|Any CPU.ActiveCfg = Debug|Any CPU
		{0CE86223-D31D-4315-A1F5-87BA3EE1B844}.Debug|Any CPU.Build.0 = Debug|Any CPU
		{0CE86223-D31D-4315-A1F5-87BA3EE1B844}.Release|Any CPU.ActiveCfg = Release|Any CPU
		{0CE86223-D31D-4315-A1F5-87BA3EE1B844}.Release|Any CPU.Build.0 = Release|Any CPU
		{077AA5F8-8B61-420C-A6B5-0150A66FDB34}.Debug|Any CPU.ActiveCfg = Debug|Any CPU
		{077AA5F8-8B61-420C-A6B5-0150A66FDB34}.Debug|Any CPU.Build.0 = Debug|Any CPU
		{077AA5F8-8B61-420C-A6B5-0150A66FDB34}.Release|Any CPU.ActiveCfg = Release|Any CPU
		{077AA5F8-8B61-420C-A6B5-0150A66FDB34}.Release|Any CPU.Build.0 = Release|Any CPU
		{36E2735F-CEAB-44C8-A6D1-2CDAFF399751}.Debug|Any CPU.ActiveCfg = Debug|Any CPU
		{36E2735F-CEAB-44C8-A6D1-2CDAFF399751}.Debug|Any CPU.Build.0 = Debug|Any CPU
		{36E2735F-CEAB-44C8-A6D1-2CDAFF399751}.Release|Any CPU.ActiveCfg = Release|Any CPU
		{36E2735F-CEAB-44C8-A6D1-2CDAFF399751}.Release|Any CPU.Build.0 = Release|Any CPU
		{C5BB573D-3030-4BCB-88B7-F6A85C32766C}.Debug|Any CPU.ActiveCfg = Debug|Any CPU
		{C5BB573D-3030-4BCB-88B7-F6A85C32766C}.Debug|Any CPU.Build.0 = Debug|Any CPU
		{C5BB573D-3030-4BCB-88B7-F6A85C32766C}.Release|Any CPU.ActiveCfg = Release|Any CPU
		{C5BB573D-3030-4BCB-88B7-F6A85C32766C}.Release|Any CPU.Build.0 = Release|Any CPU
		{527F645C-C1FC-406E-8479-81386C8ECF13}.Debug|Any CPU.ActiveCfg = Debug|Any CPU
		{527F645C-C1FC-406E-8479-81386C8ECF13}.Debug|Any CPU.Build.0 = Debug|Any CPU
		{527F645C-C1FC-406E-8479-81386C8ECF13}.Release|Any CPU.ActiveCfg = Release|Any CPU
		{527F645C-C1FC-406E-8479-81386C8ECF13}.Release|Any CPU.Build.0 = Release|Any CPU
		{E60895E5-79C4-447D-88B7-85CB5BA336A4}.Debug|Any CPU.ActiveCfg = Debug|Any CPU
		{E60895E5-79C4-447D-88B7-85CB5BA336A4}.Debug|Any CPU.Build.0 = Debug|Any CPU
		{E60895E5-79C4-447D-88B7-85CB5BA336A4}.Release|Any CPU.ActiveCfg = Release|Any CPU
		{E60895E5-79C4-447D-88B7-85CB5BA336A4}.Release|Any CPU.Build.0 = Release|Any CPU
		{90CB5DC4-C040-45C7-8900-9688B26405BC}.Debug|Any CPU.ActiveCfg = Debug|Any CPU
		{90CB5DC4-C040-45C7-8900-9688B26405BC}.Debug|Any CPU.Build.0 = Debug|Any CPU
		{90CB5DC4-C040-45C7-8900-9688B26405BC}.Release|Any CPU.ActiveCfg = Release|Any CPU
		{90CB5DC4-C040-45C7-8900-9688B26405BC}.Release|Any CPU.Build.0 = Release|Any CPU
		{3B7B6317-1B85-4164-8E11-75574F80AE17}.Debug|Any CPU.ActiveCfg = Debug|Any CPU
		{3B7B6317-1B85-4164-8E11-75574F80AE17}.Debug|Any CPU.Build.0 = Debug|Any CPU
		{3B7B6317-1B85-4164-8E11-75574F80AE17}.Release|Any CPU.ActiveCfg = Release|Any CPU
		{3B7B6317-1B85-4164-8E11-75574F80AE17}.Release|Any CPU.Build.0 = Release|Any CPU
		{54CD0F7C-2F34-4CAB-BB96-6840088CE0BB}.Debug|Any CPU.ActiveCfg = Debug|Any CPU
		{54CD0F7C-2F34-4CAB-BB96-6840088CE0BB}.Debug|Any CPU.Build.0 = Debug|Any CPU
		{54CD0F7C-2F34-4CAB-BB96-6840088CE0BB}.Release|Any CPU.ActiveCfg = Release|Any CPU
		{54CD0F7C-2F34-4CAB-BB96-6840088CE0BB}.Release|Any CPU.Build.0 = Release|Any CPU
		{C1DBF3DF-E7F2-4C9B-B0DB-6CC8833D8889}.Debug|Any CPU.ActiveCfg = Debug|Any CPU
		{C1DBF3DF-E7F2-4C9B-B0DB-6CC8833D8889}.Debug|Any CPU.Build.0 = Debug|Any CPU
		{C1DBF3DF-E7F2-4C9B-B0DB-6CC8833D8889}.Release|Any CPU.ActiveCfg = Release|Any CPU
		{C1DBF3DF-E7F2-4C9B-B0DB-6CC8833D8889}.Release|Any CPU.Build.0 = Release|Any CPU
		{53B66804-E1BB-4E78-ABC9-9EB74DCE1BA8}.Debug|Any CPU.ActiveCfg = Debug|Any CPU
		{53B66804-E1BB-4E78-ABC9-9EB74DCE1BA8}.Debug|Any CPU.Build.0 = Debug|Any CPU
		{53B66804-E1BB-4E78-ABC9-9EB74DCE1BA8}.Release|Any CPU.ActiveCfg = Release|Any CPU
		{53B66804-E1BB-4E78-ABC9-9EB74DCE1BA8}.Release|Any CPU.Build.0 = Release|Any CPU
		{03E74205-77B8-4AED-AAAD-2F885922F486}.Debug|Any CPU.ActiveCfg = Debug|Any CPU
		{03E74205-77B8-4AED-AAAD-2F885922F486}.Debug|Any CPU.Build.0 = Debug|Any CPU
		{03E74205-77B8-4AED-AAAD-2F885922F486}.Release|Any CPU.ActiveCfg = Release|Any CPU
		{03E74205-77B8-4AED-AAAD-2F885922F486}.Release|Any CPU.Build.0 = Release|Any CPU
		{2E963C20-2518-49CA-8421-9DAD3094C9FE}.Debug|Any CPU.ActiveCfg = Debug|Any CPU
		{2E963C20-2518-49CA-8421-9DAD3094C9FE}.Debug|Any CPU.Build.0 = Debug|Any CPU
		{2E963C20-2518-49CA-8421-9DAD3094C9FE}.Release|Any CPU.ActiveCfg = Release|Any CPU
		{2E963C20-2518-49CA-8421-9DAD3094C9FE}.Release|Any CPU.Build.0 = Release|Any CPU
		{F1C58097-4C08-4D88-8976-6B3389391481}.Debug|Any CPU.ActiveCfg = Debug|Any CPU
		{F1C58097-4C08-4D88-8976-6B3389391481}.Debug|Any CPU.Build.0 = Debug|Any CPU
		{F1C58097-4C08-4D88-8976-6B3389391481}.Release|Any CPU.ActiveCfg = Release|Any CPU
		{F1C58097-4C08-4D88-8976-6B3389391481}.Release|Any CPU.Build.0 = Release|Any CPU
		{FFEEE5BA-CE34-4877-8FB1-7CE69CC6B5B2}.Debug|Any CPU.ActiveCfg = Debug|Any CPU
		{FFEEE5BA-CE34-4877-8FB1-7CE69CC6B5B2}.Debug|Any CPU.Build.0 = Debug|Any CPU
		{FFEEE5BA-CE34-4877-8FB1-7CE69CC6B5B2}.Release|Any CPU.ActiveCfg = Release|Any CPU
		{FFEEE5BA-CE34-4877-8FB1-7CE69CC6B5B2}.Release|Any CPU.Build.0 = Release|Any CPU
		{CB23578C-EAE4-45C4-8EEC-0873FE2C735B}.Debug|Any CPU.ActiveCfg = Debug|Any CPU
		{CB23578C-EAE4-45C4-8EEC-0873FE2C735B}.Debug|Any CPU.Build.0 = Debug|Any CPU
		{CB23578C-EAE4-45C4-8EEC-0873FE2C735B}.Release|Any CPU.ActiveCfg = Release|Any CPU
		{CB23578C-EAE4-45C4-8EEC-0873FE2C735B}.Release|Any CPU.Build.0 = Release|Any CPU
		{A77CE173-493D-46B1-B676-71B6EA5FC349}.Debug|Any CPU.ActiveCfg = Debug|Any CPU
		{A77CE173-493D-46B1-B676-71B6EA5FC349}.Debug|Any CPU.Build.0 = Debug|Any CPU
		{A77CE173-493D-46B1-B676-71B6EA5FC349}.Release|Any CPU.ActiveCfg = Release|Any CPU
		{A77CE173-493D-46B1-B676-71B6EA5FC349}.Release|Any CPU.Build.0 = Release|Any CPU
		{D0AD9179-125C-40B2-A8EE-CD4C1EE24BB6}.Debug|Any CPU.ActiveCfg = Debug|Any CPU
		{D0AD9179-125C-40B2-A8EE-CD4C1EE24BB6}.Debug|Any CPU.Build.0 = Debug|Any CPU
		{D0AD9179-125C-40B2-A8EE-CD4C1EE24BB6}.Release|Any CPU.ActiveCfg = Release|Any CPU
		{D0AD9179-125C-40B2-A8EE-CD4C1EE24BB6}.Release|Any CPU.Build.0 = Release|Any CPU
		{956DB406-0654-44E4-A6B6-31DFA3A51398}.Debug|Any CPU.ActiveCfg = Debug|Any CPU
		{956DB406-0654-44E4-A6B6-31DFA3A51398}.Debug|Any CPU.Build.0 = Debug|Any CPU
		{956DB406-0654-44E4-A6B6-31DFA3A51398}.Release|Any CPU.ActiveCfg = Release|Any CPU
		{956DB406-0654-44E4-A6B6-31DFA3A51398}.Release|Any CPU.Build.0 = Release|Any CPU
		{DE722690-6A69-4475-8B2F-2C42EC2BFD50}.Debug|Any CPU.ActiveCfg = Debug|Any CPU
		{DE722690-6A69-4475-8B2F-2C42EC2BFD50}.Debug|Any CPU.Build.0 = Debug|Any CPU
		{DE722690-6A69-4475-8B2F-2C42EC2BFD50}.Release|Any CPU.ActiveCfg = Release|Any CPU
		{DE722690-6A69-4475-8B2F-2C42EC2BFD50}.Release|Any CPU.Build.0 = Release|Any CPU
		{986E6F0B-91EE-429C-93AF-99D89016E6E1}.Debug|Any CPU.ActiveCfg = Debug|Any CPU
		{986E6F0B-91EE-429C-93AF-99D89016E6E1}.Debug|Any CPU.Build.0 = Debug|Any CPU
		{986E6F0B-91EE-429C-93AF-99D89016E6E1}.Release|Any CPU.ActiveCfg = Release|Any CPU
		{986E6F0B-91EE-429C-93AF-99D89016E6E1}.Release|Any CPU.Build.0 = Release|Any CPU
		{91DA7E5A-CD83-4F51-B9A0-7D966A25C274}.Debug|Any CPU.ActiveCfg = Debug|Any CPU
		{91DA7E5A-CD83-4F51-B9A0-7D966A25C274}.Debug|Any CPU.Build.0 = Debug|Any CPU
		{91DA7E5A-CD83-4F51-B9A0-7D966A25C274}.Release|Any CPU.ActiveCfg = Release|Any CPU
		{91DA7E5A-CD83-4F51-B9A0-7D966A25C274}.Release|Any CPU.Build.0 = Release|Any CPU
		{3B477422-3636-4FF3-A872-EDE4CDF1DC31}.Debug|Any CPU.ActiveCfg = Debug|Any CPU
		{3B477422-3636-4FF3-A872-EDE4CDF1DC31}.Debug|Any CPU.Build.0 = Debug|Any CPU
		{3B477422-3636-4FF3-A872-EDE4CDF1DC31}.Release|Any CPU.ActiveCfg = Release|Any CPU
		{3B477422-3636-4FF3-A872-EDE4CDF1DC31}.Release|Any CPU.Build.0 = Release|Any CPU
		{7CA004EC-9F63-4811-96AF-D5CA3EA8079D}.Debug|Any CPU.ActiveCfg = Debug|Any CPU
		{7CA004EC-9F63-4811-96AF-D5CA3EA8079D}.Debug|Any CPU.Build.0 = Debug|Any CPU
		{7CA004EC-9F63-4811-96AF-D5CA3EA8079D}.Release|Any CPU.ActiveCfg = Release|Any CPU
		{7CA004EC-9F63-4811-96AF-D5CA3EA8079D}.Release|Any CPU.Build.0 = Release|Any CPU
		{66785766-35E1-4C7C-AE2A-DF569BD61FC5}.Debug|Any CPU.ActiveCfg = Debug|Any CPU
		{66785766-35E1-4C7C-AE2A-DF569BD61FC5}.Debug|Any CPU.Build.0 = Debug|Any CPU
		{66785766-35E1-4C7C-AE2A-DF569BD61FC5}.Release|Any CPU.ActiveCfg = Release|Any CPU
		{66785766-35E1-4C7C-AE2A-DF569BD61FC5}.Release|Any CPU.Build.0 = Release|Any CPU
		{A9C2CEE0-9AD0-4192-A9E4-4DC5139EAEE5}.Debug|Any CPU.ActiveCfg = Debug|Any CPU
		{A9C2CEE0-9AD0-4192-A9E4-4DC5139EAEE5}.Debug|Any CPU.Build.0 = Debug|Any CPU
		{A9C2CEE0-9AD0-4192-A9E4-4DC5139EAEE5}.Release|Any CPU.ActiveCfg = Release|Any CPU
		{A9C2CEE0-9AD0-4192-A9E4-4DC5139EAEE5}.Release|Any CPU.Build.0 = Release|Any CPU
		{6EA147A7-A245-4445-B0E0-07FB9E622A2E}.Debug|Any CPU.ActiveCfg = Debug|Any CPU
		{6EA147A7-A245-4445-B0E0-07FB9E622A2E}.Debug|Any CPU.Build.0 = Debug|Any CPU
		{6EA147A7-A245-4445-B0E0-07FB9E622A2E}.Release|Any CPU.ActiveCfg = Release|Any CPU
		{6EA147A7-A245-4445-B0E0-07FB9E622A2E}.Release|Any CPU.Build.0 = Release|Any CPU
		{D683C633-9AEC-4C2F-B56B-BC236A4FDDF2}.Debug|Any CPU.ActiveCfg = Debug|Any CPU
		{D683C633-9AEC-4C2F-B56B-BC236A4FDDF2}.Debug|Any CPU.Build.0 = Debug|Any CPU
		{D683C633-9AEC-4C2F-B56B-BC236A4FDDF2}.Release|Any CPU.ActiveCfg = Release|Any CPU
		{D683C633-9AEC-4C2F-B56B-BC236A4FDDF2}.Release|Any CPU.Build.0 = Release|Any CPU
		{880609CE-9AA4-4152-B713-5C4B1347C6D6}.Debug|Any CPU.ActiveCfg = Debug|Any CPU
		{880609CE-9AA4-4152-B713-5C4B1347C6D6}.Debug|Any CPU.Build.0 = Debug|Any CPU
		{880609CE-9AA4-4152-B713-5C4B1347C6D6}.Release|Any CPU.ActiveCfg = Release|Any CPU
		{880609CE-9AA4-4152-B713-5C4B1347C6D6}.Release|Any CPU.Build.0 = Release|Any CPU
		{A7765519-B756-4832-9E17-7E34B4D571F9}.Debug|Any CPU.ActiveCfg = Debug|Any CPU
		{A7765519-B756-4832-9E17-7E34B4D571F9}.Debug|Any CPU.Build.0 = Debug|Any CPU
		{A7765519-B756-4832-9E17-7E34B4D571F9}.Release|Any CPU.ActiveCfg = Release|Any CPU
		{A7765519-B756-4832-9E17-7E34B4D571F9}.Release|Any CPU.Build.0 = Release|Any CPU
		{5BF768F5-791D-4E7D-953A-F972DBC9F016}.Debug|Any CPU.ActiveCfg = Debug|Any CPU
		{5BF768F5-791D-4E7D-953A-F972DBC9F016}.Debug|Any CPU.Build.0 = Debug|Any CPU
		{5BF768F5-791D-4E7D-953A-F972DBC9F016}.Release|Any CPU.ActiveCfg = Release|Any CPU
		{5BF768F5-791D-4E7D-953A-F972DBC9F016}.Release|Any CPU.Build.0 = Release|Any CPU
		{B4654262-4F8E-4B38-B280-AF2521159D8D}.Debug|Any CPU.ActiveCfg = Debug|Any CPU
		{B4654262-4F8E-4B38-B280-AF2521159D8D}.Debug|Any CPU.Build.0 = Debug|Any CPU
		{B4654262-4F8E-4B38-B280-AF2521159D8D}.Release|Any CPU.ActiveCfg = Release|Any CPU
		{B4654262-4F8E-4B38-B280-AF2521159D8D}.Release|Any CPU.Build.0 = Release|Any CPU
		{5E5BAEC2-AAB1-4E81-8EC1-70CA62B18CF9}.Debug|Any CPU.ActiveCfg = Debug|Any CPU
		{5E5BAEC2-AAB1-4E81-8EC1-70CA62B18CF9}.Debug|Any CPU.Build.0 = Debug|Any CPU
		{5E5BAEC2-AAB1-4E81-8EC1-70CA62B18CF9}.Release|Any CPU.ActiveCfg = Release|Any CPU
		{5E5BAEC2-AAB1-4E81-8EC1-70CA62B18CF9}.Release|Any CPU.Build.0 = Release|Any CPU
		{30C773E1-07FC-4FC5-9E8F-8E05EE4F7F63}.Debug|Any CPU.ActiveCfg = Debug|Any CPU
		{30C773E1-07FC-4FC5-9E8F-8E05EE4F7F63}.Debug|Any CPU.Build.0 = Debug|Any CPU
		{30C773E1-07FC-4FC5-9E8F-8E05EE4F7F63}.Release|Any CPU.ActiveCfg = Release|Any CPU
		{30C773E1-07FC-4FC5-9E8F-8E05EE4F7F63}.Release|Any CPU.Build.0 = Release|Any CPU
		{7CFF7F0A-5BC1-4F87-8C90-186CD5CE09C7}.Debug|Any CPU.ActiveCfg = Debug|Any CPU
		{7CFF7F0A-5BC1-4F87-8C90-186CD5CE09C7}.Debug|Any CPU.Build.0 = Debug|Any CPU
		{7CFF7F0A-5BC1-4F87-8C90-186CD5CE09C7}.Release|Any CPU.ActiveCfg = Release|Any CPU
		{7CFF7F0A-5BC1-4F87-8C90-186CD5CE09C7}.Release|Any CPU.Build.0 = Release|Any CPU
		{4EB13F34-2636-4472-B108-6DD87096B292}.Debug|Any CPU.ActiveCfg = Debug|Any CPU
		{4EB13F34-2636-4472-B108-6DD87096B292}.Debug|Any CPU.Build.0 = Debug|Any CPU
		{4EB13F34-2636-4472-B108-6DD87096B292}.Release|Any CPU.ActiveCfg = Release|Any CPU
		{4EB13F34-2636-4472-B108-6DD87096B292}.Release|Any CPU.Build.0 = Release|Any CPU
		{9E8C2B49-E40D-4AF9-A304-A4D0F639AC3F}.Debug|Any CPU.ActiveCfg = Debug|Any CPU
		{9E8C2B49-E40D-4AF9-A304-A4D0F639AC3F}.Debug|Any CPU.Build.0 = Debug|Any CPU
		{9E8C2B49-E40D-4AF9-A304-A4D0F639AC3F}.Release|Any CPU.ActiveCfg = Release|Any CPU
		{9E8C2B49-E40D-4AF9-A304-A4D0F639AC3F}.Release|Any CPU.Build.0 = Release|Any CPU
		{02559DCC-47CD-4F40-91B7-21AA8E8AF718}.Debug|Any CPU.ActiveCfg = Debug|Any CPU
		{02559DCC-47CD-4F40-91B7-21AA8E8AF718}.Debug|Any CPU.Build.0 = Debug|Any CPU
		{02559DCC-47CD-4F40-91B7-21AA8E8AF718}.Release|Any CPU.ActiveCfg = Release|Any CPU
		{02559DCC-47CD-4F40-91B7-21AA8E8AF718}.Release|Any CPU.Build.0 = Release|Any CPU
		{7AEBBA8E-66BC-4D79-AC62-AE2BCD243EFE}.Debug|Any CPU.ActiveCfg = Debug|Any CPU
		{7AEBBA8E-66BC-4D79-AC62-AE2BCD243EFE}.Debug|Any CPU.Build.0 = Debug|Any CPU
		{7AEBBA8E-66BC-4D79-AC62-AE2BCD243EFE}.Release|Any CPU.ActiveCfg = Release|Any CPU
		{7AEBBA8E-66BC-4D79-AC62-AE2BCD243EFE}.Release|Any CPU.Build.0 = Release|Any CPU
		{9D984EEA-48C0-40E7-8975-2DA52963C954}.Debug|Any CPU.ActiveCfg = Debug|Any CPU
		{9D984EEA-48C0-40E7-8975-2DA52963C954}.Debug|Any CPU.Build.0 = Debug|Any CPU
		{9D984EEA-48C0-40E7-8975-2DA52963C954}.Release|Any CPU.ActiveCfg = Release|Any CPU
		{9D984EEA-48C0-40E7-8975-2DA52963C954}.Release|Any CPU.Build.0 = Release|Any CPU
		{01F295DB-8414-4D87-837B-DDC85D4ECB0C}.Debug|Any CPU.ActiveCfg = Debug|Any CPU
		{01F295DB-8414-4D87-837B-DDC85D4ECB0C}.Debug|Any CPU.Build.0 = Debug|Any CPU
		{01F295DB-8414-4D87-837B-DDC85D4ECB0C}.Release|Any CPU.ActiveCfg = Release|Any CPU
		{01F295DB-8414-4D87-837B-DDC85D4ECB0C}.Release|Any CPU.Build.0 = Release|Any CPU
		{71A2D0FC-BAB7-47D0-A506-5201B7810983}.Debug|Any CPU.ActiveCfg = Debug|Any CPU
		{71A2D0FC-BAB7-47D0-A506-5201B7810983}.Debug|Any CPU.Build.0 = Debug|Any CPU
		{71A2D0FC-BAB7-47D0-A506-5201B7810983}.Release|Any CPU.ActiveCfg = Release|Any CPU
		{71A2D0FC-BAB7-47D0-A506-5201B7810983}.Release|Any CPU.Build.0 = Release|Any CPU
		{BB8FF4B0-61A4-4243-81CA-A1C34A21E4D9}.Debug|Any CPU.ActiveCfg = Debug|Any CPU
		{BB8FF4B0-61A4-4243-81CA-A1C34A21E4D9}.Debug|Any CPU.Build.0 = Debug|Any CPU
		{BB8FF4B0-61A4-4243-81CA-A1C34A21E4D9}.Release|Any CPU.ActiveCfg = Release|Any CPU
		{BB8FF4B0-61A4-4243-81CA-A1C34A21E4D9}.Release|Any CPU.Build.0 = Release|Any CPU
		{F1054D52-5663-4A90-8934-DAF4594DCB99}.Debug|Any CPU.ActiveCfg = Debug|Any CPU
		{F1054D52-5663-4A90-8934-DAF4594DCB99}.Debug|Any CPU.Build.0 = Debug|Any CPU
		{F1054D52-5663-4A90-8934-DAF4594DCB99}.Release|Any CPU.ActiveCfg = Release|Any CPU
		{F1054D52-5663-4A90-8934-DAF4594DCB99}.Release|Any CPU.Build.0 = Release|Any CPU
		{7BEEB3E8-7379-40C5-BF41-56F94265FDF8}.Debug|Any CPU.ActiveCfg = Debug|Any CPU
		{7BEEB3E8-7379-40C5-BF41-56F94265FDF8}.Debug|Any CPU.Build.0 = Debug|Any CPU
		{7BEEB3E8-7379-40C5-BF41-56F94265FDF8}.Release|Any CPU.ActiveCfg = Release|Any CPU
		{7BEEB3E8-7379-40C5-BF41-56F94265FDF8}.Release|Any CPU.Build.0 = Release|Any CPU
		{9AEA3FEE-0FEB-40C9-9213-9A7ECBC21BC2}.Debug|Any CPU.ActiveCfg = Debug|Any CPU
		{9AEA3FEE-0FEB-40C9-9213-9A7ECBC21BC2}.Debug|Any CPU.Build.0 = Debug|Any CPU
		{9AEA3FEE-0FEB-40C9-9213-9A7ECBC21BC2}.Release|Any CPU.ActiveCfg = Release|Any CPU
		{9AEA3FEE-0FEB-40C9-9213-9A7ECBC21BC2}.Release|Any CPU.Build.0 = Release|Any CPU
	EndGlobalSection
	GlobalSection(SolutionProperties) = preSolution
		HideSolutionNode = FALSE
	EndGlobalSection
	GlobalSection(NestedProjects) = preSolution
		{CE40624C-5235-42D3-914C-79EEEFD337BA} = {5B96B93C-E3AF-44E4-9AA9-2DAC7139DE68}
		{D64C1577-4929-4B60-939E-96DE1534891A} = {334CD031-E961-4865-800F-5AC56DD20C0D}
		{F2840BC7-0188-4606-9126-DADD0F5ABF7A} = {334CD031-E961-4865-800F-5AC56DD20C0D}
		{BD65D04F-08D5-40C1-8C24-77CA0BACB877} = {334CD031-E961-4865-800F-5AC56DD20C0D}
		{78040F9E-3501-4A40-82DF-00A597710F35} = {334CD031-E961-4865-800F-5AC56DD20C0D}
		{0CE86223-D31D-4315-A1F5-87BA3EE1B844} = {334CD031-E961-4865-800F-5AC56DD20C0D}
		{077AA5F8-8B61-420C-A6B5-0150A66FDB34} = {334CD031-E961-4865-800F-5AC56DD20C0D}
		{36E2735F-CEAB-44C8-A6D1-2CDAFF399751} = {334CD031-E961-4865-800F-5AC56DD20C0D}
		{C5BB573D-3030-4BCB-88B7-F6A85C32766C} = {2FED70F1-9A5E-4B9C-AD60-E7ED8CEC996C}
		{527F645C-C1FC-406E-8479-81386C8ECF13} = {2FED70F1-9A5E-4B9C-AD60-E7ED8CEC996C}
		{E60895E5-79C4-447D-88B7-85CB5BA336A4} = {2FED70F1-9A5E-4B9C-AD60-E7ED8CEC996C}
		{90CB5DC4-C040-45C7-8900-9688B26405BC} = {2FED70F1-9A5E-4B9C-AD60-E7ED8CEC996C}
		{3B7B6317-1B85-4164-8E11-75574F80AE17} = {334CD031-E961-4865-800F-5AC56DD20C0D}
		{334CD031-E961-4865-800F-5AC56DD20C0D} = {CE40624C-5235-42D3-914C-79EEEFD337BA}
		{1EFA632F-BEB3-4C30-8C50-2CED314E7FB5} = {CE40624C-5235-42D3-914C-79EEEFD337BA}
		{54CD0F7C-2F34-4CAB-BB96-6840088CE0BB} = {1EFA632F-BEB3-4C30-8C50-2CED314E7FB5}
		{C1DBF3DF-E7F2-4C9B-B0DB-6CC8833D8889} = {1EFA632F-BEB3-4C30-8C50-2CED314E7FB5}
		{53B66804-E1BB-4E78-ABC9-9EB74DCE1BA8} = {1EFA632F-BEB3-4C30-8C50-2CED314E7FB5}
		{03E74205-77B8-4AED-AAAD-2F885922F486} = {1EFA632F-BEB3-4C30-8C50-2CED314E7FB5}
		{2E963C20-2518-49CA-8421-9DAD3094C9FE} = {1EFA632F-BEB3-4C30-8C50-2CED314E7FB5}
		{F1C58097-4C08-4D88-8976-6B3389391481} = {1EFA632F-BEB3-4C30-8C50-2CED314E7FB5}
		{FFEEE5BA-CE34-4877-8FB1-7CE69CC6B5B2} = {1EFA632F-BEB3-4C30-8C50-2CED314E7FB5}
		{CB23578C-EAE4-45C4-8EEC-0873FE2C735B} = {1EFA632F-BEB3-4C30-8C50-2CED314E7FB5}
		{A77CE173-493D-46B1-B676-71B6EA5FC349} = {13BE4CAC-F24A-4139-B0E3-F9623343767A}
		{D0AD9179-125C-40B2-A8EE-CD4C1EE24BB6} = {13BE4CAC-F24A-4139-B0E3-F9623343767A}
		{956DB406-0654-44E4-A6B6-31DFA3A51398} = {13BE4CAC-F24A-4139-B0E3-F9623343767A}
		{DE722690-6A69-4475-8B2F-2C42EC2BFD50} = {13BE4CAC-F24A-4139-B0E3-F9623343767A}
		{986E6F0B-91EE-429C-93AF-99D89016E6E1} = {13BE4CAC-F24A-4139-B0E3-F9623343767A}
		{2FED70F1-9A5E-4B9C-AD60-E7ED8CEC996C} = {4ED0AFF3-17A8-430A-83F0-6999B8E61C51}
		{13BE4CAC-F24A-4139-B0E3-F9623343767A} = {4ED0AFF3-17A8-430A-83F0-6999B8E61C51}
		{5B96B93C-E3AF-44E4-9AA9-2DAC7139DE68} = {73D7E278-678C-416F-AFAB-824C1CD9A296}
		{4FAA9EA4-550A-495F-9165-E23491C17F52} = {5B96B93C-E3AF-44E4-9AA9-2DAC7139DE68}
		{91DA7E5A-CD83-4F51-B9A0-7D966A25C274} = {4FAA9EA4-550A-495F-9165-E23491C17F52}
		{3B477422-3636-4FF3-A872-EDE4CDF1DC31} = {4FAA9EA4-550A-495F-9165-E23491C17F52}
		{7CA004EC-9F63-4811-96AF-D5CA3EA8079D} = {4FAA9EA4-550A-495F-9165-E23491C17F52}
		{66785766-35E1-4C7C-AE2A-DF569BD61FC5} = {4FAA9EA4-550A-495F-9165-E23491C17F52}
		{A9C2CEE0-9AD0-4192-A9E4-4DC5139EAEE5} = {4FAA9EA4-550A-495F-9165-E23491C17F52}
		{6EA147A7-A245-4445-B0E0-07FB9E622A2E} = {4FAA9EA4-550A-495F-9165-E23491C17F52}
		{D683C633-9AEC-4C2F-B56B-BC236A4FDDF2} = {4FAA9EA4-550A-495F-9165-E23491C17F52}
		{880609CE-9AA4-4152-B713-5C4B1347C6D6} = {9D2ED8E8-5D45-42A7-AF6B-66749314B470}
		{A7765519-B756-4832-9E17-7E34B4D571F9} = {9D2ED8E8-5D45-42A7-AF6B-66749314B470}
		{5BF768F5-791D-4E7D-953A-F972DBC9F016} = {9D2ED8E8-5D45-42A7-AF6B-66749314B470}
		{B4654262-4F8E-4B38-B280-AF2521159D8D} = {9D2ED8E8-5D45-42A7-AF6B-66749314B470}
		{5E5BAEC2-AAB1-4E81-8EC1-70CA62B18CF9} = {4FAA9EA4-550A-495F-9165-E23491C17F52}
		{4ED0AFF3-17A8-430A-83F0-6999B8E61C51} = {8492885B-3A30-414D-AB58-C8461C160A23}
		{9D2ED8E8-5D45-42A7-AF6B-66749314B470} = {8492885B-3A30-414D-AB58-C8461C160A23}
		{1D14EF22-AEC9-492A-94F9-AAD9DAA1EE83} = {73D7E278-678C-416F-AFAB-824C1CD9A296}
		{032AE38C-362E-431B-871A-BE9F69C55D58} = {1D14EF22-AEC9-492A-94F9-AAD9DAA1EE83}
		{30C773E1-07FC-4FC5-9E8F-8E05EE4F7F63} = {032AE38C-362E-431B-871A-BE9F69C55D58}
		{7CFF7F0A-5BC1-4F87-8C90-186CD5CE09C7} = {032AE38C-362E-431B-871A-BE9F69C55D58}
		{4EB13F34-2636-4472-B108-6DD87096B292} = {032AE38C-362E-431B-871A-BE9F69C55D58}
		{9E8C2B49-E40D-4AF9-A304-A4D0F639AC3F} = {032AE38C-362E-431B-871A-BE9F69C55D58}
		{02559DCC-47CD-4F40-91B7-21AA8E8AF718} = {032AE38C-362E-431B-871A-BE9F69C55D58}
		{7AEBBA8E-66BC-4D79-AC62-AE2BCD243EFE} = {032AE38C-362E-431B-871A-BE9F69C55D58}
		{9D984EEA-48C0-40E7-8975-2DA52963C954} = {AF73720E-BA0F-48AF-BF78-CC83FF2725A8}
		{01F295DB-8414-4D87-837B-DDC85D4ECB0C} = {AF73720E-BA0F-48AF-BF78-CC83FF2725A8}
		{71A2D0FC-BAB7-47D0-A506-5201B7810983} = {AF73720E-BA0F-48AF-BF78-CC83FF2725A8}
		{BB8FF4B0-61A4-4243-81CA-A1C34A21E4D9} = {AF73720E-BA0F-48AF-BF78-CC83FF2725A8}
		{E2D733F6-9953-4929-B6B7-044CD0372DE2} = {1D14EF22-AEC9-492A-94F9-AAD9DAA1EE83}
		{F7C89BED-EC2F-4383-9FF8-555611AAB2CA} = {E2D733F6-9953-4929-B6B7-044CD0372DE2}
		{649B1578-993B-4EB2-9E63-F8CC57B20888} = {E2D733F6-9953-4929-B6B7-044CD0372DE2}
		{F1054D52-5663-4A90-8934-DAF4594DCB99} = {F7C89BED-EC2F-4383-9FF8-555611AAB2CA}
		{7BEEB3E8-7379-40C5-BF41-56F94265FDF8} = {F7C89BED-EC2F-4383-9FF8-555611AAB2CA}
		{9AEA3FEE-0FEB-40C9-9213-9A7ECBC21BC2} = {F7C89BED-EC2F-4383-9FF8-555611AAB2CA}
		{8492885B-3A30-414D-AB58-C8461C160A23} = {CCD2960C-23CC-4AB4-B84D-60C7AAA52F4D}
		{AF73720E-BA0F-48AF-BF78-CC83FF2725A8} = {CCD2960C-23CC-4AB4-B84D-60C7AAA52F4D}
	EndGlobalSection
	GlobalSection(ExtensibilityGlobals) = postSolution
		SolutionGuid = {0DF6CE8A-0288-4B49-B328-6379496CC484}
	EndGlobalSection
EndGlobal
