
Microsoft Visual Studio Solution File, Format Version 12.00
# Visual Studio Version 16
VisualStudioVersion = 16.0.29001.49
MinimumVisualStudioVersion = 10.0.40219.1
Project("{2150E333-8FDC-42A3-9474-1A3956D46DE8}") = "FS.Theme", "FS.Theme", "{CE40624C-5235-42D3-914C-79EEEFD337BA}"
EndProject
Project("{9A19103F-16F7-4668-BE54-9A1E7A4F7556}") = "FS.Theme.Domain.Shared", "modules\FS.Theme\src\FS.Theme.Domain.Shared\FS.Theme.Domain.Shared.csproj", "{D64C1577-4929-4B60-939E-96DE1534891A}"
EndProject
Project("{9A19103F-16F7-4668-BE54-9A1E7A4F7556}") = "FS.Theme.Domain", "modules\FS.Theme\src\FS.Theme.Domain\FS.Theme.Domain.csproj", "{F2840BC7-0188-4606-9126-DADD0F5ABF7A}"
EndProject
Project("{9A19103F-16F7-4668-BE54-9A1E7A4F7556}") = "FS.Theme.Application.Contracts", "modules\FS.Theme\src\FS.Theme.Application.Contracts\FS.Theme.Application.Contracts.csproj", "{BD65D04F-08D5-40C1-8C24-77CA0BACB877}"
EndProject
Project("{9A19103F-16F7-4668-BE54-9A1E7A4F7556}") = "FS.Theme.Application", "modules\FS.Theme\src\FS.Theme.Application\FS.Theme.Application.csproj", "{78040F9E-3501-4A40-82DF-00A597710F35}"
EndProject
Project("{2150E333-8FDC-42A3-9474-1A3956D46DE8}") = "test", "test", "{CCD2960C-23CC-4AB4-B84D-60C7AAA52F4D}"
EndProject
Project("{9A19103F-16F7-4668-BE54-9A1E7A4F7556}") = "FS.Theme.EntityFrameworkCore", "modules\FS.Theme\src\FS.Theme.EntityFrameworkCore\FS.Theme.EntityFrameworkCore.csproj", "{0CE86223-D31D-4315-A1F5-87BA3EE1B844}"
EndProject
Project("{9A19103F-16F7-4668-BE54-9A1E7A4F7556}") = "FS.Theme.HttpApi", "modules\FS.Theme\src\FS.Theme.HttpApi\FS.Theme.HttpApi.csproj", "{077AA5F8-8B61-420C-A6B5-0150A66FDB34}"
EndProject
Project("{9A19103F-16F7-4668-BE54-9A1E7A4F7556}") = "FS.Theme.HttpApi.Client", "modules\FS.Theme\src\FS.Theme.HttpApi.Client\FS.Theme.HttpApi.Client.csproj", "{36E2735F-CEAB-44C8-A6D1-2CDAFF399751}"
EndProject
Project("{9A19103F-16F7-4668-BE54-9A1E7A4F7556}") = "FS.Theme.TestBase", "modules\FS.Theme\test\FS.Theme.TestBase\FS.Theme.TestBase.csproj", "{C5BB573D-3030-4BCB-88B7-F6A85C32766C}"
EndProject
Project("{9A19103F-16F7-4668-BE54-9A1E7A4F7556}") = "FS.Theme.EntityFrameworkCore.Tests", "modules\FS.Theme\test\FS.Theme.EntityFrameworkCore.Tests\FS.Theme.EntityFrameworkCore.Tests.csproj", "{527F645C-C1FC-406E-8479-81386C8ECF13}"
EndProject
Project("{9A19103F-16F7-4668-BE54-9A1E7A4F7556}") = "FS.Theme.Domain.Tests", "modules\FS.Theme\test\FS.Theme.Domain.Tests\FS.Theme.Domain.Tests.csproj", "{E60895E5-79C4-447D-88B7-85CB5BA336A4}"
EndProject
Project("{9A19103F-16F7-4668-BE54-9A1E7A4F7556}") = "FS.Theme.Application.Tests", "modules\FS.Theme\test\FS.Theme.Application.Tests\FS.Theme.Application.Tests.csproj", "{90CB5DC4-C040-45C7-8900-9688B26405BC}"
EndProject
Project("{9A19103F-16F7-4668-BE54-9A1E7A4F7556}") = "FS.Theme.Web", "modules\FS.Theme\src\FS.Theme.Web\FS.Theme.Web.csproj", "{3B7B6317-1B85-4164-8E11-75574F80AE17}"
EndProject
Project("{2150E333-8FDC-42A3-9474-1A3956D46DE8}") = "core", "core", "{334CD031-E961-4865-800F-5AC56DD20C0D}"
EndProject
Project("{2150E333-8FDC-42A3-9474-1A3956D46DE8}") = "the-project", "the-project", "{1EFA632F-BEB3-4C30-8C50-2CED314E7FB5}"
EndProject
Project("{9A19103F-16F7-4668-BE54-9A1E7A4F7556}") = "FS.Theme.TheProject.Domain.Shared", "modules\FS.Theme\modules\TheProject\src\FS.Theme.TheProject.Domain.Shared\FS.Theme.TheProject.Domain.Shared.csproj", "{54CD0F7C-2F34-4CAB-BB96-6840088CE0BB}"
EndProject
Project("{9A19103F-16F7-4668-BE54-9A1E7A4F7556}") = "FS.Theme.TheProject.Domain", "modules\FS.Theme\modules\TheProject\src\FS.Theme.TheProject.Domain\FS.Theme.TheProject.Domain.csproj", "{C1DBF3DF-E7F2-4C9B-B0DB-6CC8833D8889}"
EndProject
Project("{9A19103F-16F7-4668-BE54-9A1E7A4F7556}") = "FS.Theme.TheProject.Application.Contracts", "modules\FS.Theme\modules\TheProject\src\FS.Theme.TheProject.Application.Contracts\FS.Theme.TheProject.Application.Contracts.csproj", "{53B66804-E1BB-4E78-ABC9-9EB74DCE1BA8}"
EndProject
Project("{9A19103F-16F7-4668-BE54-9A1E7A4F7556}") = "FS.Theme.TheProject.Application", "modules\FS.Theme\modules\TheProject\src\FS.Theme.TheProject.Application\FS.Theme.TheProject.Application.csproj", "{03E74205-77B8-4AED-AAAD-2F885922F486}"
EndProject
Project("{9A19103F-16F7-4668-BE54-9A1E7A4F7556}") = "FS.Theme.TheProject.EntityFrameworkCore", "modules\FS.Theme\modules\TheProject\src\FS.Theme.TheProject.EntityFrameworkCore\FS.Theme.TheProject.EntityFrameworkCore.csproj", "{2E963C20-2518-49CA-8421-9DAD3094C9FE}"
EndProject
Project("{9A19103F-16F7-4668-BE54-9A1E7A4F7556}") = "FS.Theme.TheProject.MongoDB", "modules\FS.Theme\modules\TheProject\src\FS.Theme.TheProject.MongoDB\FS.Theme.TheProject.MongoDB.csproj", "{F1C58097-4C08-4D88-8976-6B3389391481}"
EndProject
Project("{9A19103F-16F7-4668-BE54-9A1E7A4F7556}") = "FS.Theme.TheProject.HttpApi", "modules\FS.Theme\modules\TheProject\src\FS.Theme.TheProject.HttpApi\FS.Theme.TheProject.HttpApi.csproj", "{FFEEE5BA-CE34-4877-8FB1-7CE69CC6B5B2}"
EndProject
Project("{9A19103F-16F7-4668-BE54-9A1E7A4F7556}") = "FS.Theme.TheProject.HttpApi.Client", "modules\FS.Theme\modules\TheProject\src\FS.Theme.TheProject.HttpApi.Client\FS.Theme.TheProject.HttpApi.Client.csproj", "{CB23578C-EAE4-45C4-8EEC-0873FE2C735B}"
EndProject
Project("{9A19103F-16F7-4668-BE54-9A1E7A4F7556}") = "FS.Theme.TheProject.TestBase", "modules\FS.Theme\modules\TheProject\test\FS.Theme.TheProject.TestBase\FS.Theme.TheProject.TestBase.csproj", "{A77CE173-493D-46B1-B676-71B6EA5FC349}"
EndProject
Project("{9A19103F-16F7-4668-BE54-9A1E7A4F7556}") = "FS.Theme.TheProject.MongoDB.Tests", "modules\FS.Theme\modules\TheProject\test\FS.Theme.TheProject.MongoDB.Tests\FS.Theme.TheProject.MongoDB.Tests.csproj", "{D0AD9179-125C-40B2-A8EE-CD4C1EE24BB6}"
EndProject
Project("{9A19103F-16F7-4668-BE54-9A1E7A4F7556}") = "FS.Theme.TheProject.Domain.Tests", "modules\FS.Theme\modules\TheProject\test\FS.Theme.TheProject.Domain.Tests\FS.Theme.TheProject.Domain.Tests.csproj", "{956DB406-0654-44E4-A6B6-31DFA3A51398}"
EndProject
Project("{9A19103F-16F7-4668-BE54-9A1E7A4F7556}") = "FS.Theme.TheProject.Application.Tests", "modules\FS.Theme\modules\TheProject\test\FS.Theme.TheProject.Application.Tests\FS.Theme.TheProject.Application.Tests.csproj", "{DE722690-6A69-4475-8B2F-2C42EC2BFD50}"
EndProject
Project("{9A19103F-16F7-4668-BE54-9A1E7A4F7556}") = "FS.Theme.TheProject.EntityFrameworkCore.Tests", "modules\FS.Theme\modules\TheProject\test\FS.Theme.TheProject.EntityFrameworkCore.Tests\FS.Theme.TheProject.EntityFrameworkCore.Tests.csproj", "{986E6F0B-91EE-429C-93AF-99D89016E6E1}"
EndProject
Project("{2150E333-8FDC-42A3-9474-1A3956D46DE8}") = "core", "core", "{2FED70F1-9A5E-4B9C-AD60-E7ED8CEC996C}"
EndProject
Project("{2150E333-8FDC-42A3-9474-1A3956D46DE8}") = "the-project", "the-project", "{13BE4CAC-F24A-4139-B0E3-F9623343767A}"
EndProject
Project("{2150E333-8FDC-42A3-9474-1A3956D46DE8}") = "modules", "modules", "{5B96B93C-E3AF-44E4-9AA9-2DAC7139DE68}"
EndProject
Project("{2150E333-8FDC-42A3-9474-1A3956D46DE8}") = "FS.Cms", "FS.Cms", "{4FAA9EA4-550A-495F-9165-E23491C17F52}"
EndProject
Project("{9A19103F-16F7-4668-BE54-9A1E7A4F7556}") = "FS.Cms.Domain.Shared", "modules\FS.Cms\src\FS.Cms.Domain.Shared\FS.Cms.Domain.Shared.csproj", "{91DA7E5A-CD83-4F51-B9A0-7D966A25C274}"
EndProject
Project("{9A19103F-16F7-4668-BE54-9A1E7A4F7556}") = "FS.Cms.Domain", "modules\FS.Cms\src\FS.Cms.Domain\FS.Cms.Domain.csproj", "{3B477422-3636-4FF3-A872-EDE4CDF1DC31}"
EndProject
Project("{9A19103F-16F7-4668-BE54-9A1E7A4F7556}") = "FS.Cms.Application.Contracts", "modules\FS.Cms\src\FS.Cms.Application.Contracts\FS.Cms.Application.Contracts.csproj", "{7CA004EC-9F63-4811-96AF-D5CA3EA8079D}"
EndProject
Project("{9A19103F-16F7-4668-BE54-9A1E7A4F7556}") = "FS.Cms.Application", "modules\FS.Cms\src\FS.Cms.Application\FS.Cms.Application.csproj", "{66785766-35E1-4C7C-AE2A-DF569BD61FC5}"
EndProject
Project("{9A19103F-16F7-4668-BE54-9A1E7A4F7556}") = "FS.Cms.EntityFrameworkCore", "modules\FS.Cms\src\FS.Cms.EntityFrameworkCore\FS.Cms.EntityFrameworkCore.csproj", "{A9C2CEE0-9AD0-4192-A9E4-4DC5139EAEE5}"
EndProject
Project("{9A19103F-16F7-4668-BE54-9A1E7A4F7556}") = "FS.Cms.HttpApi", "modules\FS.Cms\src\FS.Cms.HttpApi\FS.Cms.HttpApi.csproj", "{6EA147A7-A245-4445-B0E0-07FB9E622A2E}"
EndProject
Project("{9A19103F-16F7-4668-BE54-9A1E7A4F7556}") = "FS.Cms.HttpApi.Client", "modules\FS.Cms\src\FS.Cms.HttpApi.Client\FS.Cms.HttpApi.Client.csproj", "{D683C633-9AEC-4C2F-B56B-BC236A4FDDF2}"
EndProject
Project("{9A19103F-16F7-4668-BE54-9A1E7A4F7556}") = "FS.Cms.TestBase", "modules\FS.Cms\test\FS.Cms.TestBase\FS.Cms.TestBase.csproj", "{880609CE-9AA4-4152-B713-5C4B1347C6D6}"
EndProject
Project("{9A19103F-16F7-4668-BE54-9A1E7A4F7556}") = "FS.Cms.EntityFrameworkCore.Tests", "modules\FS.Cms\test\FS.Cms.EntityFrameworkCore.Tests\FS.Cms.EntityFrameworkCore.Tests.csproj", "{A7765519-B756-4832-9E17-7E34B4D571F9}"
EndProject
Project("{9A19103F-16F7-4668-BE54-9A1E7A4F7556}") = "FS.Cms.Domain.Tests", "modules\FS.Cms\test\FS.Cms.Domain.Tests\FS.Cms.Domain.Tests.csproj", "{5BF768F5-791D-4E7D-953A-F972DBC9F016}"
EndProject
Project("{9A19103F-16F7-4668-BE54-9A1E7A4F7556}") = "FS.Cms.Application.Tests", "modules\FS.Cms\test\FS.Cms.Application.Tests\FS.Cms.Application.Tests.csproj", "{B4654262-4F8E-4B38-B280-AF2521159D8D}"
EndProject
Project("{9A19103F-16F7-4668-BE54-9A1E7A4F7556}") = "FS.Cms.Web", "modules\FS.Cms\src\FS.Cms.Web\FS.Cms.Web.csproj", "{5E5BAEC2-AAB1-4E81-8EC1-70CA62B18CF9}"
EndProject
Project("{2150E333-8FDC-42A3-9474-1A3956D46DE8}") = "FS.Theme", "FS.Theme", "{4ED0AFF3-17A8-430A-83F0-6999B8E61C51}"
EndProject
Project("{2150E333-8FDC-42A3-9474-1A3956D46DE8}") = "FS.Cms", "FS.Cms", "{9D2ED8E8-5D45-42A7-AF6B-66749314B470}"
EndProject
Project("{2150E333-8FDC-42A3-9474-1A3956D46DE8}") = "src", "src", "{73D7E278-678C-416F-AFAB-824C1CD9A296}"
EndProject
Project("{2150E333-8FDC-42A3-9474-1A3956D46DE8}") = "modules", "modules", "{8492885B-3A30-414D-AB58-C8461C160A23}"
EndProject
Project("{2150E333-8FDC-42A3-9474-1A3956D46DE8}") = "framework", "framework", "{2E1C2B54-6AAC-4FBB-B44B-9D508A27552C}"
EndProject
Project("{2150E333-8FDC-42A3-9474-1A3956D46DE8}") = "FS.Abp.File", "FS.Abp.File", "{E54E9499-7DF4-4BC2-AE0A-45F3659C8218}"
EndProject
Project("{9A19103F-16F7-4668-BE54-9A1E7A4F7556}") = "FS.Abp.File.Domain.Shared", "framework\FS.Abp.File\src\FS.Abp.File.Domain.Shared\FS.Abp.File.Domain.Shared.csproj", "{07D2DC01-840F-46AB-A7D6-A41C23CA7D50}"
EndProject
Project("{9A19103F-16F7-4668-BE54-9A1E7A4F7556}") = "FS.Abp.File.Domain", "framework\FS.Abp.File\src\FS.Abp.File.Domain\FS.Abp.File.Domain.csproj", "{BFB71A79-4207-4005-8EE5-364D25BF38CA}"
EndProject
Project("{9A19103F-16F7-4668-BE54-9A1E7A4F7556}") = "FS.Abp.File.Application.Contracts", "framework\FS.Abp.File\src\FS.Abp.File.Application.Contracts\FS.Abp.File.Application.Contracts.csproj", "{0785E808-39A3-4CB3-9A3C-6F3CD429B8D4}"
EndProject
Project("{9A19103F-16F7-4668-BE54-9A1E7A4F7556}") = "FS.Abp.File.Application", "framework\FS.Abp.File\src\FS.Abp.File.Application\FS.Abp.File.Application.csproj", "{F3E8BEAD-6441-43CE-BFDF-3ECE05CCA3D5}"
EndProject
Project("{9A19103F-16F7-4668-BE54-9A1E7A4F7556}") = "FS.Abp.File.HttpApi", "framework\FS.Abp.File\src\FS.Abp.File.HttpApi\FS.Abp.File.HttpApi.csproj", "{00758933-BE91-44F6-93F5-236B2BB5CF0E}"
EndProject
Project("{9A19103F-16F7-4668-BE54-9A1E7A4F7556}") = "FS.Abp.File.TestBase", "framework\FS.Abp.File\test\FS.Abp.File.TestBase\FS.Abp.File.TestBase.csproj", "{990C9A8F-7771-4CDC-B7AF-65D3BE016B24}"
EndProject
Project("{9A19103F-16F7-4668-BE54-9A1E7A4F7556}") = "FS.Abp.File.EntityFrameworkCore.Tests", "framework\FS.Abp.File\test\FS.Abp.File.EntityFrameworkCore.Tests\FS.Abp.File.EntityFrameworkCore.Tests.csproj", "{6B0F08D6-6785-4103-AAFB-AC01977FFE6B}"
EndProject
Project("{9A19103F-16F7-4668-BE54-9A1E7A4F7556}") = "FS.Abp.File.Domain.Tests", "framework\FS.Abp.File\test\FS.Abp.File.Domain.Tests\FS.Abp.File.Domain.Tests.csproj", "{26A38590-4C6F-4E01-AF45-968E5AD6C4D0}"
EndProject
Project("{9A19103F-16F7-4668-BE54-9A1E7A4F7556}") = "FS.Abp.File.Application.Tests", "framework\FS.Abp.File\test\FS.Abp.File.Application.Tests\FS.Abp.File.Application.Tests.csproj", "{429E5DD8-0E9D-4DFC-866D-B0DF9DFBB105}"
EndProject
Project("{9A19103F-16F7-4668-BE54-9A1E7A4F7556}") = "FS.Abp.File.HttpApi.Client.ConsoleTestApp", "framework\FS.Abp.File\test\FS.Abp.File.HttpApi.Client.ConsoleTestApp\FS.Abp.File.HttpApi.Client.ConsoleTestApp.csproj", "{1EDCD6D4-DF3A-4E3B-ABB6-C0D0B373EAB8}"
EndProject
Project("{2150E333-8FDC-42A3-9474-1A3956D46DE8}") = "FS.Abp.File", "FS.Abp.File", "{5C66132F-8C72-4B91-A0A6-286BD272870B}"
EndProject
Global
	GlobalSection(SolutionConfigurationPlatforms) = preSolution
		Debug|Any CPU = Debug|Any CPU
		Release|Any CPU = Release|Any CPU
	EndGlobalSection
	GlobalSection(ProjectConfigurationPlatforms) = postSolution
		{D64C1577-4929-4B60-939E-96DE1534891A}.Debug|Any CPU.ActiveCfg = Debug|Any CPU
		{D64C1577-4929-4B60-939E-96DE1534891A}.Debug|Any CPU.Build.0 = Debug|Any CPU
		{D64C1577-4929-4B60-939E-96DE1534891A}.Release|Any CPU.ActiveCfg = Release|Any CPU
		{D64C1577-4929-4B60-939E-96DE1534891A}.Release|Any CPU.Build.0 = Release|Any CPU
		{F2840BC7-0188-4606-9126-DADD0F5ABF7A}.Debug|Any CPU.ActiveCfg = Debug|Any CPU
		{F2840BC7-0188-4606-9126-DADD0F5ABF7A}.Debug|Any CPU.Build.0 = Debug|Any CPU
		{F2840BC7-0188-4606-9126-DADD0F5ABF7A}.Release|Any CPU.ActiveCfg = Release|Any CPU
		{F2840BC7-0188-4606-9126-DADD0F5ABF7A}.Release|Any CPU.Build.0 = Release|Any CPU
		{BD65D04F-08D5-40C1-8C24-77CA0BACB877}.Debug|Any CPU.ActiveCfg = Debug|Any CPU
		{BD65D04F-08D5-40C1-8C24-77CA0BACB877}.Debug|Any CPU.Build.0 = Debug|Any CPU
		{BD65D04F-08D5-40C1-8C24-77CA0BACB877}.Release|Any CPU.ActiveCfg = Release|Any CPU
		{BD65D04F-08D5-40C1-8C24-77CA0BACB877}.Release|Any CPU.Build.0 = Release|Any CPU
		{78040F9E-3501-4A40-82DF-00A597710F35}.Debug|Any CPU.ActiveCfg = Debug|Any CPU
		{78040F9E-3501-4A40-82DF-00A597710F35}.Debug|Any CPU.Build.0 = Debug|Any CPU
		{78040F9E-3501-4A40-82DF-00A597710F35}.Release|Any CPU.ActiveCfg = Release|Any CPU
		{78040F9E-3501-4A40-82DF-00A597710F35}.Release|Any CPU.Build.0 = Release|Any CPU
		{0CE86223-D31D-4315-A1F5-87BA3EE1B844}.Debug|Any CPU.ActiveCfg = Debug|Any CPU
		{0CE86223-D31D-4315-A1F5-87BA3EE1B844}.Debug|Any CPU.Build.0 = Debug|Any CPU
		{0CE86223-D31D-4315-A1F5-87BA3EE1B844}.Release|Any CPU.ActiveCfg = Release|Any CPU
		{0CE86223-D31D-4315-A1F5-87BA3EE1B844}.Release|Any CPU.Build.0 = Release|Any CPU
		{077AA5F8-8B61-420C-A6B5-0150A66FDB34}.Debug|Any CPU.ActiveCfg = Debug|Any CPU
		{077AA5F8-8B61-420C-A6B5-0150A66FDB34}.Debug|Any CPU.Build.0 = Debug|Any CPU
		{077AA5F8-8B61-420C-A6B5-0150A66FDB34}.Release|Any CPU.ActiveCfg = Release|Any CPU
		{077AA5F8-8B61-420C-A6B5-0150A66FDB34}.Release|Any CPU.Build.0 = Release|Any CPU
		{36E2735F-CEAB-44C8-A6D1-2CDAFF399751}.Debug|Any CPU.ActiveCfg = Debug|Any CPU
		{36E2735F-CEAB-44C8-A6D1-2CDAFF399751}.Debug|Any CPU.Build.0 = Debug|Any CPU
		{36E2735F-CEAB-44C8-A6D1-2CDAFF399751}.Release|Any CPU.ActiveCfg = Release|Any CPU
		{36E2735F-CEAB-44C8-A6D1-2CDAFF399751}.Release|Any CPU.Build.0 = Release|Any CPU
		{C5BB573D-3030-4BCB-88B7-F6A85C32766C}.Debug|Any CPU.ActiveCfg = Debug|Any CPU
		{C5BB573D-3030-4BCB-88B7-F6A85C32766C}.Debug|Any CPU.Build.0 = Debug|Any CPU
		{C5BB573D-3030-4BCB-88B7-F6A85C32766C}.Release|Any CPU.ActiveCfg = Release|Any CPU
		{C5BB573D-3030-4BCB-88B7-F6A85C32766C}.Release|Any CPU.Build.0 = Release|Any CPU
		{527F645C-C1FC-406E-8479-81386C8ECF13}.Debug|Any CPU.ActiveCfg = Debug|Any CPU
		{527F645C-C1FC-406E-8479-81386C8ECF13}.Debug|Any CPU.Build.0 = Debug|Any CPU
		{527F645C-C1FC-406E-8479-81386C8ECF13}.Release|Any CPU.ActiveCfg = Release|Any CPU
		{527F645C-C1FC-406E-8479-81386C8ECF13}.Release|Any CPU.Build.0 = Release|Any CPU
		{E60895E5-79C4-447D-88B7-85CB5BA336A4}.Debug|Any CPU.ActiveCfg = Debug|Any CPU
		{E60895E5-79C4-447D-88B7-85CB5BA336A4}.Debug|Any CPU.Build.0 = Debug|Any CPU
		{E60895E5-79C4-447D-88B7-85CB5BA336A4}.Release|Any CPU.ActiveCfg = Release|Any CPU
		{E60895E5-79C4-447D-88B7-85CB5BA336A4}.Release|Any CPU.Build.0 = Release|Any CPU
		{90CB5DC4-C040-45C7-8900-9688B26405BC}.Debug|Any CPU.ActiveCfg = Debug|Any CPU
		{90CB5DC4-C040-45C7-8900-9688B26405BC}.Debug|Any CPU.Build.0 = Debug|Any CPU
		{90CB5DC4-C040-45C7-8900-9688B26405BC}.Release|Any CPU.ActiveCfg = Release|Any CPU
		{90CB5DC4-C040-45C7-8900-9688B26405BC}.Release|Any CPU.Build.0 = Release|Any CPU
		{3B7B6317-1B85-4164-8E11-75574F80AE17}.Debug|Any CPU.ActiveCfg = Debug|Any CPU
		{3B7B6317-1B85-4164-8E11-75574F80AE17}.Debug|Any CPU.Build.0 = Debug|Any CPU
		{3B7B6317-1B85-4164-8E11-75574F80AE17}.Release|Any CPU.ActiveCfg = Release|Any CPU
		{3B7B6317-1B85-4164-8E11-75574F80AE17}.Release|Any CPU.Build.0 = Release|Any CPU
		{54CD0F7C-2F34-4CAB-BB96-6840088CE0BB}.Debug|Any CPU.ActiveCfg = Debug|Any CPU
		{54CD0F7C-2F34-4CAB-BB96-6840088CE0BB}.Debug|Any CPU.Build.0 = Debug|Any CPU
		{54CD0F7C-2F34-4CAB-BB96-6840088CE0BB}.Release|Any CPU.ActiveCfg = Release|Any CPU
		{54CD0F7C-2F34-4CAB-BB96-6840088CE0BB}.Release|Any CPU.Build.0 = Release|Any CPU
		{C1DBF3DF-E7F2-4C9B-B0DB-6CC8833D8889}.Debug|Any CPU.ActiveCfg = Debug|Any CPU
		{C1DBF3DF-E7F2-4C9B-B0DB-6CC8833D8889}.Debug|Any CPU.Build.0 = Debug|Any CPU
		{C1DBF3DF-E7F2-4C9B-B0DB-6CC8833D8889}.Release|Any CPU.ActiveCfg = Release|Any CPU
		{C1DBF3DF-E7F2-4C9B-B0DB-6CC8833D8889}.Release|Any CPU.Build.0 = Release|Any CPU
		{53B66804-E1BB-4E78-ABC9-9EB74DCE1BA8}.Debug|Any CPU.ActiveCfg = Debug|Any CPU
		{53B66804-E1BB-4E78-ABC9-9EB74DCE1BA8}.Debug|Any CPU.Build.0 = Debug|Any CPU
		{53B66804-E1BB-4E78-ABC9-9EB74DCE1BA8}.Release|Any CPU.ActiveCfg = Release|Any CPU
		{53B66804-E1BB-4E78-ABC9-9EB74DCE1BA8}.Release|Any CPU.Build.0 = Release|Any CPU
		{03E74205-77B8-4AED-AAAD-2F885922F486}.Debug|Any CPU.ActiveCfg = Debug|Any CPU
		{03E74205-77B8-4AED-AAAD-2F885922F486}.Debug|Any CPU.Build.0 = Debug|Any CPU
		{03E74205-77B8-4AED-AAAD-2F885922F486}.Release|Any CPU.ActiveCfg = Release|Any CPU
		{03E74205-77B8-4AED-AAAD-2F885922F486}.Release|Any CPU.Build.0 = Release|Any CPU
		{2E963C20-2518-49CA-8421-9DAD3094C9FE}.Debug|Any CPU.ActiveCfg = Debug|Any CPU
		{2E963C20-2518-49CA-8421-9DAD3094C9FE}.Debug|Any CPU.Build.0 = Debug|Any CPU
		{2E963C20-2518-49CA-8421-9DAD3094C9FE}.Release|Any CPU.ActiveCfg = Release|Any CPU
		{2E963C20-2518-49CA-8421-9DAD3094C9FE}.Release|Any CPU.Build.0 = Release|Any CPU
		{F1C58097-4C08-4D88-8976-6B3389391481}.Debug|Any CPU.ActiveCfg = Debug|Any CPU
		{F1C58097-4C08-4D88-8976-6B3389391481}.Debug|Any CPU.Build.0 = Debug|Any CPU
		{F1C58097-4C08-4D88-8976-6B3389391481}.Release|Any CPU.ActiveCfg = Release|Any CPU
		{F1C58097-4C08-4D88-8976-6B3389391481}.Release|Any CPU.Build.0 = Release|Any CPU
		{FFEEE5BA-CE34-4877-8FB1-7CE69CC6B5B2}.Debug|Any CPU.ActiveCfg = Debug|Any CPU
		{FFEEE5BA-CE34-4877-8FB1-7CE69CC6B5B2}.Debug|Any CPU.Build.0 = Debug|Any CPU
		{FFEEE5BA-CE34-4877-8FB1-7CE69CC6B5B2}.Release|Any CPU.ActiveCfg = Release|Any CPU
		{FFEEE5BA-CE34-4877-8FB1-7CE69CC6B5B2}.Release|Any CPU.Build.0 = Release|Any CPU
		{CB23578C-EAE4-45C4-8EEC-0873FE2C735B}.Debug|Any CPU.ActiveCfg = Debug|Any CPU
		{CB23578C-EAE4-45C4-8EEC-0873FE2C735B}.Debug|Any CPU.Build.0 = Debug|Any CPU
		{CB23578C-EAE4-45C4-8EEC-0873FE2C735B}.Release|Any CPU.ActiveCfg = Release|Any CPU
		{CB23578C-EAE4-45C4-8EEC-0873FE2C735B}.Release|Any CPU.Build.0 = Release|Any CPU
		{A77CE173-493D-46B1-B676-71B6EA5FC349}.Debug|Any CPU.ActiveCfg = Debug|Any CPU
		{A77CE173-493D-46B1-B676-71B6EA5FC349}.Debug|Any CPU.Build.0 = Debug|Any CPU
		{A77CE173-493D-46B1-B676-71B6EA5FC349}.Release|Any CPU.ActiveCfg = Release|Any CPU
		{A77CE173-493D-46B1-B676-71B6EA5FC349}.Release|Any CPU.Build.0 = Release|Any CPU
		{D0AD9179-125C-40B2-A8EE-CD4C1EE24BB6}.Debug|Any CPU.ActiveCfg = Debug|Any CPU
		{D0AD9179-125C-40B2-A8EE-CD4C1EE24BB6}.Debug|Any CPU.Build.0 = Debug|Any CPU
		{D0AD9179-125C-40B2-A8EE-CD4C1EE24BB6}.Release|Any CPU.ActiveCfg = Release|Any CPU
		{D0AD9179-125C-40B2-A8EE-CD4C1EE24BB6}.Release|Any CPU.Build.0 = Release|Any CPU
		{956DB406-0654-44E4-A6B6-31DFA3A51398}.Debug|Any CPU.ActiveCfg = Debug|Any CPU
		{956DB406-0654-44E4-A6B6-31DFA3A51398}.Debug|Any CPU.Build.0 = Debug|Any CPU
		{956DB406-0654-44E4-A6B6-31DFA3A51398}.Release|Any CPU.ActiveCfg = Release|Any CPU
		{956DB406-0654-44E4-A6B6-31DFA3A51398}.Release|Any CPU.Build.0 = Release|Any CPU
		{DE722690-6A69-4475-8B2F-2C42EC2BFD50}.Debug|Any CPU.ActiveCfg = Debug|Any CPU
		{DE722690-6A69-4475-8B2F-2C42EC2BFD50}.Debug|Any CPU.Build.0 = Debug|Any CPU
		{DE722690-6A69-4475-8B2F-2C42EC2BFD50}.Release|Any CPU.ActiveCfg = Release|Any CPU
		{DE722690-6A69-4475-8B2F-2C42EC2BFD50}.Release|Any CPU.Build.0 = Release|Any CPU
		{986E6F0B-91EE-429C-93AF-99D89016E6E1}.Debug|Any CPU.ActiveCfg = Debug|Any CPU
		{986E6F0B-91EE-429C-93AF-99D89016E6E1}.Debug|Any CPU.Build.0 = Debug|Any CPU
		{986E6F0B-91EE-429C-93AF-99D89016E6E1}.Release|Any CPU.ActiveCfg = Release|Any CPU
		{986E6F0B-91EE-429C-93AF-99D89016E6E1}.Release|Any CPU.Build.0 = Release|Any CPU
		{91DA7E5A-CD83-4F51-B9A0-7D966A25C274}.Debug|Any CPU.ActiveCfg = Debug|Any CPU
		{91DA7E5A-CD83-4F51-B9A0-7D966A25C274}.Debug|Any CPU.Build.0 = Debug|Any CPU
		{91DA7E5A-CD83-4F51-B9A0-7D966A25C274}.Release|Any CPU.ActiveCfg = Release|Any CPU
		{91DA7E5A-CD83-4F51-B9A0-7D966A25C274}.Release|Any CPU.Build.0 = Release|Any CPU
		{3B477422-3636-4FF3-A872-EDE4CDF1DC31}.Debug|Any CPU.ActiveCfg = Debug|Any CPU
		{3B477422-3636-4FF3-A872-EDE4CDF1DC31}.Debug|Any CPU.Build.0 = Debug|Any CPU
		{3B477422-3636-4FF3-A872-EDE4CDF1DC31}.Release|Any CPU.ActiveCfg = Release|Any CPU
		{3B477422-3636-4FF3-A872-EDE4CDF1DC31}.Release|Any CPU.Build.0 = Release|Any CPU
		{7CA004EC-9F63-4811-96AF-D5CA3EA8079D}.Debug|Any CPU.ActiveCfg = Debug|Any CPU
		{7CA004EC-9F63-4811-96AF-D5CA3EA8079D}.Debug|Any CPU.Build.0 = Debug|Any CPU
		{7CA004EC-9F63-4811-96AF-D5CA3EA8079D}.Release|Any CPU.ActiveCfg = Release|Any CPU
		{7CA004EC-9F63-4811-96AF-D5CA3EA8079D}.Release|Any CPU.Build.0 = Release|Any CPU
		{66785766-35E1-4C7C-AE2A-DF569BD61FC5}.Debug|Any CPU.ActiveCfg = Debug|Any CPU
		{66785766-35E1-4C7C-AE2A-DF569BD61FC5}.Debug|Any CPU.Build.0 = Debug|Any CPU
		{66785766-35E1-4C7C-AE2A-DF569BD61FC5}.Release|Any CPU.ActiveCfg = Release|Any CPU
		{66785766-35E1-4C7C-AE2A-DF569BD61FC5}.Release|Any CPU.Build.0 = Release|Any CPU
		{A9C2CEE0-9AD0-4192-A9E4-4DC5139EAEE5}.Debug|Any CPU.ActiveCfg = Debug|Any CPU
		{A9C2CEE0-9AD0-4192-A9E4-4DC5139EAEE5}.Debug|Any CPU.Build.0 = Debug|Any CPU
		{A9C2CEE0-9AD0-4192-A9E4-4DC5139EAEE5}.Release|Any CPU.ActiveCfg = Release|Any CPU
		{A9C2CEE0-9AD0-4192-A9E4-4DC5139EAEE5}.Release|Any CPU.Build.0 = Release|Any CPU
		{6EA147A7-A245-4445-B0E0-07FB9E622A2E}.Debug|Any CPU.ActiveCfg = Debug|Any CPU
		{6EA147A7-A245-4445-B0E0-07FB9E622A2E}.Debug|Any CPU.Build.0 = Debug|Any CPU
		{6EA147A7-A245-4445-B0E0-07FB9E622A2E}.Release|Any CPU.ActiveCfg = Release|Any CPU
		{6EA147A7-A245-4445-B0E0-07FB9E622A2E}.Release|Any CPU.Build.0 = Release|Any CPU
		{D683C633-9AEC-4C2F-B56B-BC236A4FDDF2}.Debug|Any CPU.ActiveCfg = Debug|Any CPU
		{D683C633-9AEC-4C2F-B56B-BC236A4FDDF2}.Debug|Any CPU.Build.0 = Debug|Any CPU
		{D683C633-9AEC-4C2F-B56B-BC236A4FDDF2}.Release|Any CPU.ActiveCfg = Release|Any CPU
		{D683C633-9AEC-4C2F-B56B-BC236A4FDDF2}.Release|Any CPU.Build.0 = Release|Any CPU
		{880609CE-9AA4-4152-B713-5C4B1347C6D6}.Debug|Any CPU.ActiveCfg = Debug|Any CPU
		{880609CE-9AA4-4152-B713-5C4B1347C6D6}.Debug|Any CPU.Build.0 = Debug|Any CPU
		{880609CE-9AA4-4152-B713-5C4B1347C6D6}.Release|Any CPU.ActiveCfg = Release|Any CPU
		{880609CE-9AA4-4152-B713-5C4B1347C6D6}.Release|Any CPU.Build.0 = Release|Any CPU
		{A7765519-B756-4832-9E17-7E34B4D571F9}.Debug|Any CPU.ActiveCfg = Debug|Any CPU
		{A7765519-B756-4832-9E17-7E34B4D571F9}.Debug|Any CPU.Build.0 = Debug|Any CPU
		{A7765519-B756-4832-9E17-7E34B4D571F9}.Release|Any CPU.ActiveCfg = Release|Any CPU
		{A7765519-B756-4832-9E17-7E34B4D571F9}.Release|Any CPU.Build.0 = Release|Any CPU
		{5BF768F5-791D-4E7D-953A-F972DBC9F016}.Debug|Any CPU.ActiveCfg = Debug|Any CPU
		{5BF768F5-791D-4E7D-953A-F972DBC9F016}.Debug|Any CPU.Build.0 = Debug|Any CPU
		{5BF768F5-791D-4E7D-953A-F972DBC9F016}.Release|Any CPU.ActiveCfg = Release|Any CPU
		{5BF768F5-791D-4E7D-953A-F972DBC9F016}.Release|Any CPU.Build.0 = Release|Any CPU
		{B4654262-4F8E-4B38-B280-AF2521159D8D}.Debug|Any CPU.ActiveCfg = Debug|Any CPU
		{B4654262-4F8E-4B38-B280-AF2521159D8D}.Debug|Any CPU.Build.0 = Debug|Any CPU
		{B4654262-4F8E-4B38-B280-AF2521159D8D}.Release|Any CPU.ActiveCfg = Release|Any CPU
		{B4654262-4F8E-4B38-B280-AF2521159D8D}.Release|Any CPU.Build.0 = Release|Any CPU
		{5E5BAEC2-AAB1-4E81-8EC1-70CA62B18CF9}.Debug|Any CPU.ActiveCfg = Debug|Any CPU
		{5E5BAEC2-AAB1-4E81-8EC1-70CA62B18CF9}.Debug|Any CPU.Build.0 = Debug|Any CPU
		{5E5BAEC2-AAB1-4E81-8EC1-70CA62B18CF9}.Release|Any CPU.ActiveCfg = Release|Any CPU
		{5E5BAEC2-AAB1-4E81-8EC1-70CA62B18CF9}.Release|Any CPU.Build.0 = Release|Any CPU
		{07D2DC01-840F-46AB-A7D6-A41C23CA7D50}.Debug|Any CPU.ActiveCfg = Debug|Any CPU
		{07D2DC01-840F-46AB-A7D6-A41C23CA7D50}.Debug|Any CPU.Build.0 = Debug|Any CPU
		{07D2DC01-840F-46AB-A7D6-A41C23CA7D50}.Release|Any CPU.ActiveCfg = Release|Any CPU
		{07D2DC01-840F-46AB-A7D6-A41C23CA7D50}.Release|Any CPU.Build.0 = Release|Any CPU
		{BFB71A79-4207-4005-8EE5-364D25BF38CA}.Debug|Any CPU.ActiveCfg = Debug|Any CPU
		{BFB71A79-4207-4005-8EE5-364D25BF38CA}.Debug|Any CPU.Build.0 = Debug|Any CPU
		{BFB71A79-4207-4005-8EE5-364D25BF38CA}.Release|Any CPU.ActiveCfg = Release|Any CPU
		{BFB71A79-4207-4005-8EE5-364D25BF38CA}.Release|Any CPU.Build.0 = Release|Any CPU
		{0785E808-39A3-4CB3-9A3C-6F3CD429B8D4}.Debug|Any CPU.ActiveCfg = Debug|Any CPU
		{0785E808-39A3-4CB3-9A3C-6F3CD429B8D4}.Debug|Any CPU.Build.0 = Debug|Any CPU
		{0785E808-39A3-4CB3-9A3C-6F3CD429B8D4}.Release|Any CPU.ActiveCfg = Release|Any CPU
		{0785E808-39A3-4CB3-9A3C-6F3CD429B8D4}.Release|Any CPU.Build.0 = Release|Any CPU
		{F3E8BEAD-6441-43CE-BFDF-3ECE05CCA3D5}.Debug|Any CPU.ActiveCfg = Debug|Any CPU
		{F3E8BEAD-6441-43CE-BFDF-3ECE05CCA3D5}.Debug|Any CPU.Build.0 = Debug|Any CPU
		{F3E8BEAD-6441-43CE-BFDF-3ECE05CCA3D5}.Release|Any CPU.ActiveCfg = Release|Any CPU
		{F3E8BEAD-6441-43CE-BFDF-3ECE05CCA3D5}.Release|Any CPU.Build.0 = Release|Any CPU
		{00758933-BE91-44F6-93F5-236B2BB5CF0E}.Debug|Any CPU.ActiveCfg = Debug|Any CPU
		{00758933-BE91-44F6-93F5-236B2BB5CF0E}.Debug|Any CPU.Build.0 = Debug|Any CPU
		{00758933-BE91-44F6-93F5-236B2BB5CF0E}.Release|Any CPU.ActiveCfg = Release|Any CPU
		{00758933-BE91-44F6-93F5-236B2BB5CF0E}.Release|Any CPU.Build.0 = Release|Any CPU
		{990C9A8F-7771-4CDC-B7AF-65D3BE016B24}.Debug|Any CPU.ActiveCfg = Debug|Any CPU
		{990C9A8F-7771-4CDC-B7AF-65D3BE016B24}.Debug|Any CPU.Build.0 = Debug|Any CPU
		{990C9A8F-7771-4CDC-B7AF-65D3BE016B24}.Release|Any CPU.ActiveCfg = Release|Any CPU
		{990C9A8F-7771-4CDC-B7AF-65D3BE016B24}.Release|Any CPU.Build.0 = Release|Any CPU
		{6B0F08D6-6785-4103-AAFB-AC01977FFE6B}.Debug|Any CPU.ActiveCfg = Debug|Any CPU
		{6B0F08D6-6785-4103-AAFB-AC01977FFE6B}.Debug|Any CPU.Build.0 = Debug|Any CPU
		{6B0F08D6-6785-4103-AAFB-AC01977FFE6B}.Release|Any CPU.ActiveCfg = Release|Any CPU
		{6B0F08D6-6785-4103-AAFB-AC01977FFE6B}.Release|Any CPU.Build.0 = Release|Any CPU
		{26A38590-4C6F-4E01-AF45-968E5AD6C4D0}.Debug|Any CPU.ActiveCfg = Debug|Any CPU
		{26A38590-4C6F-4E01-AF45-968E5AD6C4D0}.Debug|Any CPU.Build.0 = Debug|Any CPU
		{26A38590-4C6F-4E01-AF45-968E5AD6C4D0}.Release|Any CPU.ActiveCfg = Release|Any CPU
		{26A38590-4C6F-4E01-AF45-968E5AD6C4D0}.Release|Any CPU.Build.0 = Release|Any CPU
		{429E5DD8-0E9D-4DFC-866D-B0DF9DFBB105}.Debug|Any CPU.ActiveCfg = Debug|Any CPU
		{429E5DD8-0E9D-4DFC-866D-B0DF9DFBB105}.Debug|Any CPU.Build.0 = Debug|Any CPU
		{429E5DD8-0E9D-4DFC-866D-B0DF9DFBB105}.Release|Any CPU.ActiveCfg = Release|Any CPU
		{429E5DD8-0E9D-4DFC-866D-B0DF9DFBB105}.Release|Any CPU.Build.0 = Release|Any CPU
		{1EDCD6D4-DF3A-4E3B-ABB6-C0D0B373EAB8}.Debug|Any CPU.ActiveCfg = Debug|Any CPU
		{1EDCD6D4-DF3A-4E3B-ABB6-C0D0B373EAB8}.Debug|Any CPU.Build.0 = Debug|Any CPU
		{1EDCD6D4-DF3A-4E3B-ABB6-C0D0B373EAB8}.Release|Any CPU.ActiveCfg = Release|Any CPU
		{1EDCD6D4-DF3A-4E3B-ABB6-C0D0B373EAB8}.Release|Any CPU.Build.0 = Release|Any CPU
	EndGlobalSection
	GlobalSection(SolutionProperties) = preSolution
		HideSolutionNode = FALSE
	EndGlobalSection
	GlobalSection(NestedProjects) = preSolution
		{CE40624C-5235-42D3-914C-79EEEFD337BA} = {5B96B93C-E3AF-44E4-9AA9-2DAC7139DE68}
		{D64C1577-4929-4B60-939E-96DE1534891A} = {334CD031-E961-4865-800F-5AC56DD20C0D}
		{F2840BC7-0188-4606-9126-DADD0F5ABF7A} = {334CD031-E961-4865-800F-5AC56DD20C0D}
		{BD65D04F-08D5-40C1-8C24-77CA0BACB877} = {334CD031-E961-4865-800F-5AC56DD20C0D}
		{78040F9E-3501-4A40-82DF-00A597710F35} = {334CD031-E961-4865-800F-5AC56DD20C0D}
		{0CE86223-D31D-4315-A1F5-87BA3EE1B844} = {334CD031-E961-4865-800F-5AC56DD20C0D}
		{077AA5F8-8B61-420C-A6B5-0150A66FDB34} = {334CD031-E961-4865-800F-5AC56DD20C0D}
		{36E2735F-CEAB-44C8-A6D1-2CDAFF399751} = {334CD031-E961-4865-800F-5AC56DD20C0D}
		{C5BB573D-3030-4BCB-88B7-F6A85C32766C} = {2FED70F1-9A5E-4B9C-AD60-E7ED8CEC996C}
		{527F645C-C1FC-406E-8479-81386C8ECF13} = {2FED70F1-9A5E-4B9C-AD60-E7ED8CEC996C}
		{E60895E5-79C4-447D-88B7-85CB5BA336A4} = {2FED70F1-9A5E-4B9C-AD60-E7ED8CEC996C}
		{90CB5DC4-C040-45C7-8900-9688B26405BC} = {2FED70F1-9A5E-4B9C-AD60-E7ED8CEC996C}
		{3B7B6317-1B85-4164-8E11-75574F80AE17} = {334CD031-E961-4865-800F-5AC56DD20C0D}
		{334CD031-E961-4865-800F-5AC56DD20C0D} = {CE40624C-5235-42D3-914C-79EEEFD337BA}
		{1EFA632F-BEB3-4C30-8C50-2CED314E7FB5} = {CE40624C-5235-42D3-914C-79EEEFD337BA}
		{54CD0F7C-2F34-4CAB-BB96-6840088CE0BB} = {1EFA632F-BEB3-4C30-8C50-2CED314E7FB5}
		{C1DBF3DF-E7F2-4C9B-B0DB-6CC8833D8889} = {1EFA632F-BEB3-4C30-8C50-2CED314E7FB5}
		{53B66804-E1BB-4E78-ABC9-9EB74DCE1BA8} = {1EFA632F-BEB3-4C30-8C50-2CED314E7FB5}
		{03E74205-77B8-4AED-AAAD-2F885922F486} = {1EFA632F-BEB3-4C30-8C50-2CED314E7FB5}
		{2E963C20-2518-49CA-8421-9DAD3094C9FE} = {1EFA632F-BEB3-4C30-8C50-2CED314E7FB5}
		{F1C58097-4C08-4D88-8976-6B3389391481} = {1EFA632F-BEB3-4C30-8C50-2CED314E7FB5}
		{FFEEE5BA-CE34-4877-8FB1-7CE69CC6B5B2} = {1EFA632F-BEB3-4C30-8C50-2CED314E7FB5}
		{CB23578C-EAE4-45C4-8EEC-0873FE2C735B} = {1EFA632F-BEB3-4C30-8C50-2CED314E7FB5}
		{A77CE173-493D-46B1-B676-71B6EA5FC349} = {13BE4CAC-F24A-4139-B0E3-F9623343767A}
		{D0AD9179-125C-40B2-A8EE-CD4C1EE24BB6} = {13BE4CAC-F24A-4139-B0E3-F9623343767A}
		{956DB406-0654-44E4-A6B6-31DFA3A51398} = {13BE4CAC-F24A-4139-B0E3-F9623343767A}
		{DE722690-6A69-4475-8B2F-2C42EC2BFD50} = {13BE4CAC-F24A-4139-B0E3-F9623343767A}
		{986E6F0B-91EE-429C-93AF-99D89016E6E1} = {13BE4CAC-F24A-4139-B0E3-F9623343767A}
		{2FED70F1-9A5E-4B9C-AD60-E7ED8CEC996C} = {4ED0AFF3-17A8-430A-83F0-6999B8E61C51}
		{13BE4CAC-F24A-4139-B0E3-F9623343767A} = {4ED0AFF3-17A8-430A-83F0-6999B8E61C51}
		{5B96B93C-E3AF-44E4-9AA9-2DAC7139DE68} = {73D7E278-678C-416F-AFAB-824C1CD9A296}
		{4FAA9EA4-550A-495F-9165-E23491C17F52} = {5B96B93C-E3AF-44E4-9AA9-2DAC7139DE68}
		{91DA7E5A-CD83-4F51-B9A0-7D966A25C274} = {4FAA9EA4-550A-495F-9165-E23491C17F52}
		{3B477422-3636-4FF3-A872-EDE4CDF1DC31} = {4FAA9EA4-550A-495F-9165-E23491C17F52}
		{7CA004EC-9F63-4811-96AF-D5CA3EA8079D} = {4FAA9EA4-550A-495F-9165-E23491C17F52}
		{66785766-35E1-4C7C-AE2A-DF569BD61FC5} = {4FAA9EA4-550A-495F-9165-E23491C17F52}
		{A9C2CEE0-9AD0-4192-A9E4-4DC5139EAEE5} = {4FAA9EA4-550A-495F-9165-E23491C17F52}
		{6EA147A7-A245-4445-B0E0-07FB9E622A2E} = {4FAA9EA4-550A-495F-9165-E23491C17F52}
		{D683C633-9AEC-4C2F-B56B-BC236A4FDDF2} = {4FAA9EA4-550A-495F-9165-E23491C17F52}
		{880609CE-9AA4-4152-B713-5C4B1347C6D6} = {9D2ED8E8-5D45-42A7-AF6B-66749314B470}
		{A7765519-B756-4832-9E17-7E34B4D571F9} = {9D2ED8E8-5D45-42A7-AF6B-66749314B470}
		{5BF768F5-791D-4E7D-953A-F972DBC9F016} = {9D2ED8E8-5D45-42A7-AF6B-66749314B470}
		{B4654262-4F8E-4B38-B280-AF2521159D8D} = {9D2ED8E8-5D45-42A7-AF6B-66749314B470}
		{5E5BAEC2-AAB1-4E81-8EC1-70CA62B18CF9} = {4FAA9EA4-550A-495F-9165-E23491C17F52}
		{4ED0AFF3-17A8-430A-83F0-6999B8E61C51} = {8492885B-3A30-414D-AB58-C8461C160A23}
		{9D2ED8E8-5D45-42A7-AF6B-66749314B470} = {8492885B-3A30-414D-AB58-C8461C160A23}
		{8492885B-3A30-414D-AB58-C8461C160A23} = {CCD2960C-23CC-4AB4-B84D-60C7AAA52F4D}
		{2E1C2B54-6AAC-4FBB-B44B-9D508A27552C} = {73D7E278-678C-416F-AFAB-824C1CD9A296}
		{E54E9499-7DF4-4BC2-AE0A-45F3659C8218} = {2E1C2B54-6AAC-4FBB-B44B-9D508A27552C}
		{07D2DC01-840F-46AB-A7D6-A41C23CA7D50} = {E54E9499-7DF4-4BC2-AE0A-45F3659C8218}
		{BFB71A79-4207-4005-8EE5-364D25BF38CA} = {E54E9499-7DF4-4BC2-AE0A-45F3659C8218}
		{0785E808-39A3-4CB3-9A3C-6F3CD429B8D4} = {E54E9499-7DF4-4BC2-AE0A-45F3659C8218}
		{F3E8BEAD-6441-43CE-BFDF-3ECE05CCA3D5} = {E54E9499-7DF4-4BC2-AE0A-45F3659C8218}
		{00758933-BE91-44F6-93F5-236B2BB5CF0E} = {E54E9499-7DF4-4BC2-AE0A-45F3659C8218}
		{990C9A8F-7771-4CDC-B7AF-65D3BE016B24} = {5C66132F-8C72-4B91-A0A6-286BD272870B}
		{6B0F08D6-6785-4103-AAFB-AC01977FFE6B} = {5C66132F-8C72-4B91-A0A6-286BD272870B}
		{26A38590-4C6F-4E01-AF45-968E5AD6C4D0} = {5C66132F-8C72-4B91-A0A6-286BD272870B}
		{429E5DD8-0E9D-4DFC-866D-B0DF9DFBB105} = {5C66132F-8C72-4B91-A0A6-286BD272870B}
		{1EDCD6D4-DF3A-4E3B-ABB6-C0D0B373EAB8} = {5C66132F-8C72-4B91-A0A6-286BD272870B}
		{5C66132F-8C72-4B91-A0A6-286BD272870B} = {8492885B-3A30-414D-AB58-C8461C160A23}
	EndGlobalSection
	GlobalSection(ExtensibilityGlobals) = postSolution
		SolutionGuid = {21499090-BC3F-14BB-6010-2F9E8399A0EC}
	EndGlobalSection
EndGlobal
