
Microsoft Visual Studio Solution File, Format Version 12.00
# Visual Studio Version 16
VisualStudioVersion = 16.0.29001.49
MinimumVisualStudioVersion = 10.0.40219.1
Project("{9A19103F-16F7-4668-BE54-9A1E7A4F7556}") = "DEMO.Domain", "src\DEMO.Domain\DEMO.Domain.csproj", "{554AD327-6DBA-4F8F-96F8-81CE7A0C863F}"
EndProject
Project("{9A19103F-16F7-4668-BE54-9A1E7A4F7556}") = "DEMO.Application", "src\DEMO.Application\DEMO.Application.csproj", "{1A94A50E-06DC-43C1-80B5-B662820EC3EB}"
EndProject
Project("{9A19103F-16F7-4668-BE54-9A1E7A4F7556}") = "DEMO.EntityFrameworkCore", "src\DEMO.EntityFrameworkCore\DEMO.EntityFrameworkCore.csproj", "{C956DD76-69C8-4A9C-83EA-D17DF83340FD}"
EndProject
Project("{2150E333-8FDC-42A3-9474-1A3956D46DE8}") = "src", "src", "{CA9AC87F-097E-4F15-8393-4BC07735A5B0}"
EndProject
Project("{2150E333-8FDC-42A3-9474-1A3956D46DE8}") = "test", "test", "{04DBDB01-70F4-4E06-B468-8F87850B22BE}"
EndProject
Project("{9A19103F-16F7-4668-BE54-9A1E7A4F7556}") = "DEMO.Application.Tests", "test\DEMO.Application.Tests\DEMO.Application.Tests.csproj", "{50B2631D-129C-47B3-A587-029CCD6099BC}"
EndProject
Project("{9A19103F-16F7-4668-BE54-9A1E7A4F7556}") = "DEMO.EntityFrameworkCore.DbMigrations", "src\DEMO.EntityFrameworkCore.DbMigrations\DEMO.EntityFrameworkCore.DbMigrations.csproj", "{0372FA84-C517-4EB3-9A9F-B9ACAC0CA5E0}"
EndProject
Project("{9A19103F-16F7-4668-BE54-9A1E7A4F7556}") = "DEMO.Domain.Shared", "src\DEMO.Domain.Shared\DEMO.Domain.Shared.csproj", "{42F719ED-8413-4895-B5B4-5AB56079BC66}"
EndProject
Project("{9A19103F-16F7-4668-BE54-9A1E7A4F7556}") = "DEMO.Application.Contracts", "src\DEMO.Application.Contracts\DEMO.Application.Contracts.csproj", "{520659C8-C734-4298-A3DA-B539DB9DFC0B}"
EndProject
Project("{9A19103F-16F7-4668-BE54-9A1E7A4F7556}") = "DEMO.HttpApi", "src\DEMO.HttpApi\DEMO.HttpApi.csproj", "{4164BDF7-F527-4E85-9CE6-E3C2D7426A27}"
EndProject
Project("{9A19103F-16F7-4668-BE54-9A1E7A4F7556}") = "DEMO.HttpApi.Client", "src\DEMO.HttpApi.Client\DEMO.HttpApi.Client.csproj", "{3B5A0094-670D-4BB1-BFDD-61B88A8773DC}"
EndProject
Project("{9A19103F-16F7-4668-BE54-9A1E7A4F7556}") = "DEMO.EntityFrameworkCore.Tests", "test\DEMO.EntityFrameworkCore.Tests\DEMO.EntityFrameworkCore.Tests.csproj", "{1FE30EB9-74A9-47F5-A9F6-7B1FAB672D81}"
EndProject
Project("{9A19103F-16F7-4668-BE54-9A1E7A4F7556}") = "DEMO.TestBase", "test\DEMO.TestBase\DEMO.TestBase.csproj", "{91853F21-9CD9-4132-BC29-A7D5D84FFFE7}"
EndProject
Project("{9A19103F-16F7-4668-BE54-9A1E7A4F7556}") = "DEMO.Domain.Tests", "test\DEMO.Domain.Tests\DEMO.Domain.Tests.csproj", "{E512F4D9-9375-480F-A2F6-A46509F9D824}"
EndProject
Project("{9A19103F-16F7-4668-BE54-9A1E7A4F7556}") = "DEMO.HttpApi.Client.ConsoleTestApp", "test\DEMO.HttpApi.Client.ConsoleTestApp\DEMO.HttpApi.Client.ConsoleTestApp.csproj", "{EF480016-9127-4916-8735-D2466BDBC582}"
EndProject
Project("{9A19103F-16F7-4668-BE54-9A1E7A4F7556}") = "DEMO.DbMigrator", "src\DEMO.DbMigrator\DEMO.DbMigrator.csproj", "{70680696-BB1E-4383-BCB2-42C3767171FB}"
EndProject
Project("{9A19103F-16F7-4668-BE54-9A1E7A4F7556}") = "DEMO.HttpApi.Host", "src\DEMO.HttpApi.Host\DEMO.HttpApi.Host.csproj", "{96E5259E-59A3-4FAF-BCD1-5BF8E74EF82C}"
EndProject
Project("{2150E333-8FDC-42A3-9474-1A3956D46DE8}") = "modules", "modules", "{88AE8662-6353-4667-93C2-20D3E6AAA01D}"
EndProject
Project("{2150E333-8FDC-42A3-9474-1A3956D46DE8}") = "framework", "framework", "{43ADB454-48B4-4692-BCD2-805C3FE01B66}"
EndProject
Project("{2150E333-8FDC-42A3-9474-1A3956D46DE8}") = "FS.FormManagement", "FS.FormManagement", "{6A714E11-8920-49BC-B5D9-9E1CEC9B882A}"
EndProject
Project("{9A19103F-16F7-4668-BE54-9A1E7A4F7556}") = "FS.FormManagement.Domain.Shared", "..\..\..\modules\FS.FormManagement\src\FS.FormManagement.Domain.Shared\FS.FormManagement.Domain.Shared.csproj", "{51D27F37-8FA0-46CF-B607-C93DC54262DE}"
EndProject
Project("{9A19103F-16F7-4668-BE54-9A1E7A4F7556}") = "FS.FormManagement.Domain", "..\..\..\modules\FS.FormManagement\src\FS.FormManagement.Domain\FS.FormManagement.Domain.csproj", "{36612078-23DB-46AA-AC74-D174780C9E49}"
EndProject
Project("{9A19103F-16F7-4668-BE54-9A1E7A4F7556}") = "FS.FormManagement.Application.Contracts", "..\..\..\modules\FS.FormManagement\src\FS.FormManagement.Application.Contracts\FS.FormManagement.Application.Contracts.csproj", "{ED08E00D-7AED-4387-B004-3D65355884D3}"
EndProject
Project("{9A19103F-16F7-4668-BE54-9A1E7A4F7556}") = "FS.FormManagement.Application", "..\..\..\modules\FS.FormManagement\src\FS.FormManagement.Application\FS.FormManagement.Application.csproj", "{5C22B08C-3EB3-42E7-95D5-A4FAB5B1F488}"
EndProject
Project("{2150E333-8FDC-42A3-9474-1A3956D46DE8}") = "src", "src", "{29597019-4E21-4140-A49F-2E50156B8998}"
EndProject
Project("{2150E333-8FDC-42A3-9474-1A3956D46DE8}") = "test", "test", "{94464B46-0AC2-49E1-BADF-07CFD4581C8B}"
EndProject
Project("{9A19103F-16F7-4668-BE54-9A1E7A4F7556}") = "FS.FormManagement.EntityFrameworkCore", "..\..\..\modules\FS.FormManagement\src\FS.FormManagement.EntityFrameworkCore\FS.FormManagement.EntityFrameworkCore.csproj", "{04F62F8E-2B5B-49FE-A101-21523195443A}"
EndProject
Project("{9A19103F-16F7-4668-BE54-9A1E7A4F7556}") = "FS.FormManagement.HttpApi", "..\..\..\modules\FS.FormManagement\src\FS.FormManagement.HttpApi\FS.FormManagement.HttpApi.csproj", "{3F4FB970-94A7-468F-AA58-45E2F0EA55D5}"
EndProject
Project("{9A19103F-16F7-4668-BE54-9A1E7A4F7556}") = "FS.FormManagement.HttpApi.Client", "..\..\..\modules\FS.FormManagement\src\FS.FormManagement.HttpApi.Client\FS.FormManagement.HttpApi.Client.csproj", "{B2DD8A35-6D97-4768-92A3-20FF066565F3}"
EndProject
Project("{9A19103F-16F7-4668-BE54-9A1E7A4F7556}") = "FS.FormManagement.TestBase", "..\..\..\modules\FS.FormManagement\test\FS.FormManagement.TestBase\FS.FormManagement.TestBase.csproj", "{FADBF6D8-3281-4759-882C-45C38779E95D}"
EndProject
Project("{9A19103F-16F7-4668-BE54-9A1E7A4F7556}") = "FS.FormManagement.EntityFrameworkCore.Tests", "..\..\..\modules\FS.FormManagement\test\FS.FormManagement.EntityFrameworkCore.Tests\FS.FormManagement.EntityFrameworkCore.Tests.csproj", "{F1F7AAE7-7933-49EC-AA00-2166D8D0C312}"
EndProject
Project("{9A19103F-16F7-4668-BE54-9A1E7A4F7556}") = "FS.FormManagement.Domain.Tests", "..\..\..\modules\FS.FormManagement\test\FS.FormManagement.Domain.Tests\FS.FormManagement.Domain.Tests.csproj", "{C7601088-E1C6-43F3-BC64-1927CDEB6CD5}"
EndProject
Project("{9A19103F-16F7-4668-BE54-9A1E7A4F7556}") = "FS.FormManagement.Application.Tests", "..\..\..\modules\FS.FormManagement\test\FS.FormManagement.Application.Tests\FS.FormManagement.Application.Tests.csproj", "{B94744CE-A28C-41B5-8FF5-1371F1CF0CB4}"
EndProject
Project("{9A19103F-16F7-4668-BE54-9A1E7A4F7556}") = "FS.FormManagement.HttpApi.Client.ConsoleTestApp", "..\..\..\modules\FS.FormManagement\test\FS.FormManagement.HttpApi.Client.ConsoleTestApp\FS.FormManagement.HttpApi.Client.ConsoleTestApp.csproj", "{5B0498D5-8B26-4FCD-AD81-56194DD8EEEA}"
EndProject
Global
	GlobalSection(SolutionConfigurationPlatforms) = preSolution
		Debug|Any CPU = Debug|Any CPU
		Release|Any CPU = Release|Any CPU
	EndGlobalSection
	GlobalSection(ProjectConfigurationPlatforms) = postSolution
		{554AD327-6DBA-4F8F-96F8-81CE7A0C863F}.Debug|Any CPU.ActiveCfg = Debug|Any CPU
		{554AD327-6DBA-4F8F-96F8-81CE7A0C863F}.Debug|Any CPU.Build.0 = Debug|Any CPU
		{554AD327-6DBA-4F8F-96F8-81CE7A0C863F}.Release|Any CPU.ActiveCfg = Release|Any CPU
		{554AD327-6DBA-4F8F-96F8-81CE7A0C863F}.Release|Any CPU.Build.0 = Release|Any CPU
		{1A94A50E-06DC-43C1-80B5-B662820EC3EB}.Debug|Any CPU.ActiveCfg = Debug|Any CPU
		{1A94A50E-06DC-43C1-80B5-B662820EC3EB}.Debug|Any CPU.Build.0 = Debug|Any CPU
		{1A94A50E-06DC-43C1-80B5-B662820EC3EB}.Release|Any CPU.ActiveCfg = Release|Any CPU
		{1A94A50E-06DC-43C1-80B5-B662820EC3EB}.Release|Any CPU.Build.0 = Release|Any CPU
		{C956DD76-69C8-4A9C-83EA-D17DF83340FD}.Debug|Any CPU.ActiveCfg = Debug|Any CPU
		{C956DD76-69C8-4A9C-83EA-D17DF83340FD}.Debug|Any CPU.Build.0 = Debug|Any CPU
		{C956DD76-69C8-4A9C-83EA-D17DF83340FD}.Release|Any CPU.ActiveCfg = Release|Any CPU
		{C956DD76-69C8-4A9C-83EA-D17DF83340FD}.Release|Any CPU.Build.0 = Release|Any CPU
		{50B2631D-129C-47B3-A587-029CCD6099BC}.Debug|Any CPU.ActiveCfg = Debug|Any CPU
		{50B2631D-129C-47B3-A587-029CCD6099BC}.Debug|Any CPU.Build.0 = Debug|Any CPU
		{50B2631D-129C-47B3-A587-029CCD6099BC}.Release|Any CPU.ActiveCfg = Release|Any CPU
		{50B2631D-129C-47B3-A587-029CCD6099BC}.Release|Any CPU.Build.0 = Release|Any CPU
		{0372FA84-C517-4EB3-9A9F-B9ACAC0CA5E0}.Debug|Any CPU.ActiveCfg = Debug|Any CPU
		{0372FA84-C517-4EB3-9A9F-B9ACAC0CA5E0}.Debug|Any CPU.Build.0 = Debug|Any CPU
		{0372FA84-C517-4EB3-9A9F-B9ACAC0CA5E0}.Release|Any CPU.ActiveCfg = Release|Any CPU
		{0372FA84-C517-4EB3-9A9F-B9ACAC0CA5E0}.Release|Any CPU.Build.0 = Release|Any CPU
		{42F719ED-8413-4895-B5B4-5AB56079BC66}.Debug|Any CPU.ActiveCfg = Debug|Any CPU
		{42F719ED-8413-4895-B5B4-5AB56079BC66}.Debug|Any CPU.Build.0 = Debug|Any CPU
		{42F719ED-8413-4895-B5B4-5AB56079BC66}.Release|Any CPU.ActiveCfg = Release|Any CPU
		{42F719ED-8413-4895-B5B4-5AB56079BC66}.Release|Any CPU.Build.0 = Release|Any CPU
		{520659C8-C734-4298-A3DA-B539DB9DFC0B}.Debug|Any CPU.ActiveCfg = Debug|Any CPU
		{520659C8-C734-4298-A3DA-B539DB9DFC0B}.Debug|Any CPU.Build.0 = Debug|Any CPU
		{520659C8-C734-4298-A3DA-B539DB9DFC0B}.Release|Any CPU.ActiveCfg = Release|Any CPU
		{520659C8-C734-4298-A3DA-B539DB9DFC0B}.Release|Any CPU.Build.0 = Release|Any CPU
		{4164BDF7-F527-4E85-9CE6-E3C2D7426A27}.Debug|Any CPU.ActiveCfg = Debug|Any CPU
		{4164BDF7-F527-4E85-9CE6-E3C2D7426A27}.Debug|Any CPU.Build.0 = Debug|Any CPU
		{4164BDF7-F527-4E85-9CE6-E3C2D7426A27}.Release|Any CPU.ActiveCfg = Release|Any CPU
		{4164BDF7-F527-4E85-9CE6-E3C2D7426A27}.Release|Any CPU.Build.0 = Release|Any CPU
		{3B5A0094-670D-4BB1-BFDD-61B88A8773DC}.Debug|Any CPU.ActiveCfg = Debug|Any CPU
		{3B5A0094-670D-4BB1-BFDD-61B88A8773DC}.Debug|Any CPU.Build.0 = Debug|Any CPU
		{3B5A0094-670D-4BB1-BFDD-61B88A8773DC}.Release|Any CPU.ActiveCfg = Release|Any CPU
		{3B5A0094-670D-4BB1-BFDD-61B88A8773DC}.Release|Any CPU.Build.0 = Release|Any CPU
		{1FE30EB9-74A9-47F5-A9F6-7B1FAB672D81}.Debug|Any CPU.ActiveCfg = Debug|Any CPU
		{1FE30EB9-74A9-47F5-A9F6-7B1FAB672D81}.Debug|Any CPU.Build.0 = Debug|Any CPU
		{1FE30EB9-74A9-47F5-A9F6-7B1FAB672D81}.Release|Any CPU.ActiveCfg = Release|Any CPU
		{1FE30EB9-74A9-47F5-A9F6-7B1FAB672D81}.Release|Any CPU.Build.0 = Release|Any CPU
		{91853F21-9CD9-4132-BC29-A7D5D84FFFE7}.Debug|Any CPU.ActiveCfg = Debug|Any CPU
		{91853F21-9CD9-4132-BC29-A7D5D84FFFE7}.Debug|Any CPU.Build.0 = Debug|Any CPU
		{91853F21-9CD9-4132-BC29-A7D5D84FFFE7}.Release|Any CPU.ActiveCfg = Release|Any CPU
		{91853F21-9CD9-4132-BC29-A7D5D84FFFE7}.Release|Any CPU.Build.0 = Release|Any CPU
		{E512F4D9-9375-480F-A2F6-A46509F9D824}.Debug|Any CPU.ActiveCfg = Debug|Any CPU
		{E512F4D9-9375-480F-A2F6-A46509F9D824}.Debug|Any CPU.Build.0 = Debug|Any CPU
		{E512F4D9-9375-480F-A2F6-A46509F9D824}.Release|Any CPU.ActiveCfg = Release|Any CPU
		{E512F4D9-9375-480F-A2F6-A46509F9D824}.Release|Any CPU.Build.0 = Release|Any CPU
		{EF480016-9127-4916-8735-D2466BDBC582}.Debug|Any CPU.ActiveCfg = Debug|Any CPU
		{EF480016-9127-4916-8735-D2466BDBC582}.Debug|Any CPU.Build.0 = Debug|Any CPU
		{EF480016-9127-4916-8735-D2466BDBC582}.Release|Any CPU.ActiveCfg = Release|Any CPU
		{EF480016-9127-4916-8735-D2466BDBC582}.Release|Any CPU.Build.0 = Release|Any CPU
		{70680696-BB1E-4383-BCB2-42C3767171FB}.Debug|Any CPU.ActiveCfg = Debug|Any CPU
		{70680696-BB1E-4383-BCB2-42C3767171FB}.Debug|Any CPU.Build.0 = Debug|Any CPU
		{70680696-BB1E-4383-BCB2-42C3767171FB}.Release|Any CPU.ActiveCfg = Release|Any CPU
		{70680696-BB1E-4383-BCB2-42C3767171FB}.Release|Any CPU.Build.0 = Release|Any CPU
		{96E5259E-59A3-4FAF-BCD1-5BF8E74EF82C}.Debug|Any CPU.ActiveCfg = Debug|Any CPU
		{96E5259E-59A3-4FAF-BCD1-5BF8E74EF82C}.Debug|Any CPU.Build.0 = Debug|Any CPU
		{96E5259E-59A3-4FAF-BCD1-5BF8E74EF82C}.Release|Any CPU.ActiveCfg = Release|Any CPU
		{96E5259E-59A3-4FAF-BCD1-5BF8E74EF82C}.Release|Any CPU.Build.0 = Release|Any CPU
		{51D27F37-8FA0-46CF-B607-C93DC54262DE}.Debug|Any CPU.ActiveCfg = Debug|Any CPU
		{51D27F37-8FA0-46CF-B607-C93DC54262DE}.Debug|Any CPU.Build.0 = Debug|Any CPU
		{51D27F37-8FA0-46CF-B607-C93DC54262DE}.Release|Any CPU.ActiveCfg = Release|Any CPU
		{51D27F37-8FA0-46CF-B607-C93DC54262DE}.Release|Any CPU.Build.0 = Release|Any CPU
		{36612078-23DB-46AA-AC74-D174780C9E49}.Debug|Any CPU.ActiveCfg = Debug|Any CPU
		{36612078-23DB-46AA-AC74-D174780C9E49}.Debug|Any CPU.Build.0 = Debug|Any CPU
		{36612078-23DB-46AA-AC74-D174780C9E49}.Release|Any CPU.ActiveCfg = Release|Any CPU
		{36612078-23DB-46AA-AC74-D174780C9E49}.Release|Any CPU.Build.0 = Release|Any CPU
		{ED08E00D-7AED-4387-B004-3D65355884D3}.Debug|Any CPU.ActiveCfg = Debug|Any CPU
		{ED08E00D-7AED-4387-B004-3D65355884D3}.Debug|Any CPU.Build.0 = Debug|Any CPU
		{ED08E00D-7AED-4387-B004-3D65355884D3}.Release|Any CPU.ActiveCfg = Release|Any CPU
		{ED08E00D-7AED-4387-B004-3D65355884D3}.Release|Any CPU.Build.0 = Release|Any CPU
		{5C22B08C-3EB3-42E7-95D5-A4FAB5B1F488}.Debug|Any CPU.ActiveCfg = Debug|Any CPU
		{5C22B08C-3EB3-42E7-95D5-A4FAB5B1F488}.Debug|Any CPU.Build.0 = Debug|Any CPU
		{5C22B08C-3EB3-42E7-95D5-A4FAB5B1F488}.Release|Any CPU.ActiveCfg = Release|Any CPU
		{5C22B08C-3EB3-42E7-95D5-A4FAB5B1F488}.Release|Any CPU.Build.0 = Release|Any CPU
		{04F62F8E-2B5B-49FE-A101-21523195443A}.Debug|Any CPU.ActiveCfg = Debug|Any CPU
		{04F62F8E-2B5B-49FE-A101-21523195443A}.Debug|Any CPU.Build.0 = Debug|Any CPU
		{04F62F8E-2B5B-49FE-A101-21523195443A}.Release|Any CPU.ActiveCfg = Release|Any CPU
		{04F62F8E-2B5B-49FE-A101-21523195443A}.Release|Any CPU.Build.0 = Release|Any CPU
		{3F4FB970-94A7-468F-AA58-45E2F0EA55D5}.Debug|Any CPU.ActiveCfg = Debug|Any CPU
		{3F4FB970-94A7-468F-AA58-45E2F0EA55D5}.Debug|Any CPU.Build.0 = Debug|Any CPU
		{3F4FB970-94A7-468F-AA58-45E2F0EA55D5}.Release|Any CPU.ActiveCfg = Release|Any CPU
		{3F4FB970-94A7-468F-AA58-45E2F0EA55D5}.Release|Any CPU.Build.0 = Release|Any CPU
		{B2DD8A35-6D97-4768-92A3-20FF066565F3}.Debug|Any CPU.ActiveCfg = Debug|Any CPU
		{B2DD8A35-6D97-4768-92A3-20FF066565F3}.Debug|Any CPU.Build.0 = Debug|Any CPU
		{B2DD8A35-6D97-4768-92A3-20FF066565F3}.Release|Any CPU.ActiveCfg = Release|Any CPU
		{B2DD8A35-6D97-4768-92A3-20FF066565F3}.Release|Any CPU.Build.0 = Release|Any CPU
		{FADBF6D8-3281-4759-882C-45C38779E95D}.Debug|Any CPU.ActiveCfg = Debug|Any CPU
		{FADBF6D8-3281-4759-882C-45C38779E95D}.Debug|Any CPU.Build.0 = Debug|Any CPU
		{FADBF6D8-3281-4759-882C-45C38779E95D}.Release|Any CPU.ActiveCfg = Release|Any CPU
		{FADBF6D8-3281-4759-882C-45C38779E95D}.Release|Any CPU.Build.0 = Release|Any CPU
		{F1F7AAE7-7933-49EC-AA00-2166D8D0C312}.Debug|Any CPU.ActiveCfg = Debug|Any CPU
		{F1F7AAE7-7933-49EC-AA00-2166D8D0C312}.Debug|Any CPU.Build.0 = Debug|Any CPU
		{F1F7AAE7-7933-49EC-AA00-2166D8D0C312}.Release|Any CPU.ActiveCfg = Release|Any CPU
		{F1F7AAE7-7933-49EC-AA00-2166D8D0C312}.Release|Any CPU.Build.0 = Release|Any CPU
		{C7601088-E1C6-43F3-BC64-1927CDEB6CD5}.Debug|Any CPU.ActiveCfg = Debug|Any CPU
		{C7601088-E1C6-43F3-BC64-1927CDEB6CD5}.Debug|Any CPU.Build.0 = Debug|Any CPU
		{C7601088-E1C6-43F3-BC64-1927CDEB6CD5}.Release|Any CPU.ActiveCfg = Release|Any CPU
		{C7601088-E1C6-43F3-BC64-1927CDEB6CD5}.Release|Any CPU.Build.0 = Release|Any CPU
		{B94744CE-A28C-41B5-8FF5-1371F1CF0CB4}.Debug|Any CPU.ActiveCfg = Debug|Any CPU
		{B94744CE-A28C-41B5-8FF5-1371F1CF0CB4}.Debug|Any CPU.Build.0 = Debug|Any CPU
		{B94744CE-A28C-41B5-8FF5-1371F1CF0CB4}.Release|Any CPU.ActiveCfg = Release|Any CPU
		{B94744CE-A28C-41B5-8FF5-1371F1CF0CB4}.Release|Any CPU.Build.0 = Release|Any CPU
		{5B0498D5-8B26-4FCD-AD81-56194DD8EEEA}.Debug|Any CPU.ActiveCfg = Debug|Any CPU
		{5B0498D5-8B26-4FCD-AD81-56194DD8EEEA}.Debug|Any CPU.Build.0 = Debug|Any CPU
		{5B0498D5-8B26-4FCD-AD81-56194DD8EEEA}.Release|Any CPU.ActiveCfg = Release|Any CPU
		{5B0498D5-8B26-4FCD-AD81-56194DD8EEEA}.Release|Any CPU.Build.0 = Release|Any CPU
	EndGlobalSection
	GlobalSection(SolutionProperties) = preSolution
		HideSolutionNode = FALSE
	EndGlobalSection
	GlobalSection(NestedProjects) = preSolution
		{554AD327-6DBA-4F8F-96F8-81CE7A0C863F} = {CA9AC87F-097E-4F15-8393-4BC07735A5B0}
		{1A94A50E-06DC-43C1-80B5-B662820EC3EB} = {CA9AC87F-097E-4F15-8393-4BC07735A5B0}
		{C956DD76-69C8-4A9C-83EA-D17DF83340FD} = {CA9AC87F-097E-4F15-8393-4BC07735A5B0}
		{50B2631D-129C-47B3-A587-029CCD6099BC} = {04DBDB01-70F4-4E06-B468-8F87850B22BE}
		{0372FA84-C517-4EB3-9A9F-B9ACAC0CA5E0} = {CA9AC87F-097E-4F15-8393-4BC07735A5B0}
		{42F719ED-8413-4895-B5B4-5AB56079BC66} = {CA9AC87F-097E-4F15-8393-4BC07735A5B0}
		{520659C8-C734-4298-A3DA-B539DB9DFC0B} = {CA9AC87F-097E-4F15-8393-4BC07735A5B0}
		{4164BDF7-F527-4E85-9CE6-E3C2D7426A27} = {CA9AC87F-097E-4F15-8393-4BC07735A5B0}
		{3B5A0094-670D-4BB1-BFDD-61B88A8773DC} = {CA9AC87F-097E-4F15-8393-4BC07735A5B0}
		{1FE30EB9-74A9-47F5-A9F6-7B1FAB672D81} = {04DBDB01-70F4-4E06-B468-8F87850B22BE}
		{91853F21-9CD9-4132-BC29-A7D5D84FFFE7} = {04DBDB01-70F4-4E06-B468-8F87850B22BE}
		{E512F4D9-9375-480F-A2F6-A46509F9D824} = {04DBDB01-70F4-4E06-B468-8F87850B22BE}
		{EF480016-9127-4916-8735-D2466BDBC582} = {04DBDB01-70F4-4E06-B468-8F87850B22BE}
		{70680696-BB1E-4383-BCB2-42C3767171FB} = {CA9AC87F-097E-4F15-8393-4BC07735A5B0}
		{96E5259E-59A3-4FAF-BCD1-5BF8E74EF82C} = {CA9AC87F-097E-4F15-8393-4BC07735A5B0}
		{6A714E11-8920-49BC-B5D9-9E1CEC9B882A} = {88AE8662-6353-4667-93C2-20D3E6AAA01D}
		{51D27F37-8FA0-46CF-B607-C93DC54262DE} = {29597019-4E21-4140-A49F-2E50156B8998}
		{36612078-23DB-46AA-AC74-D174780C9E49} = {29597019-4E21-4140-A49F-2E50156B8998}
		{ED08E00D-7AED-4387-B004-3D65355884D3} = {29597019-4E21-4140-A49F-2E50156B8998}
		{5C22B08C-3EB3-42E7-95D5-A4FAB5B1F488} = {29597019-4E21-4140-A49F-2E50156B8998}
		{29597019-4E21-4140-A49F-2E50156B8998} = {6A714E11-8920-49BC-B5D9-9E1CEC9B882A}
		{94464B46-0AC2-49E1-BADF-07CFD4581C8B} = {6A714E11-8920-49BC-B5D9-9E1CEC9B882A}
		{04F62F8E-2B5B-49FE-A101-21523195443A} = {29597019-4E21-4140-A49F-2E50156B8998}
		{3F4FB970-94A7-468F-AA58-45E2F0EA55D5} = {29597019-4E21-4140-A49F-2E50156B8998}
		{B2DD8A35-6D97-4768-92A3-20FF066565F3} = {29597019-4E21-4140-A49F-2E50156B8998}
		{FADBF6D8-3281-4759-882C-45C38779E95D} = {94464B46-0AC2-49E1-BADF-07CFD4581C8B}
		{F1F7AAE7-7933-49EC-AA00-2166D8D0C312} = {94464B46-0AC2-49E1-BADF-07CFD4581C8B}
		{C7601088-E1C6-43F3-BC64-1927CDEB6CD5} = {94464B46-0AC2-49E1-BADF-07CFD4581C8B}
		{B94744CE-A28C-41B5-8FF5-1371F1CF0CB4} = {94464B46-0AC2-49E1-BADF-07CFD4581C8B}
		{5B0498D5-8B26-4FCD-AD81-56194DD8EEEA} = {94464B46-0AC2-49E1-BADF-07CFD4581C8B}
	EndGlobalSection
	GlobalSection(ExtensibilityGlobals) = postSolution
		SolutionGuid = {21499090-BC3F-14BB-6010-2F9E8399A0EC}
	EndGlobalSection
EndGlobal
