
Microsoft Visual Studio Solution File, Format Version 12.00
# Visual Studio Version 16
VisualStudioVersion = 16.0.29001.49
MinimumVisualStudioVersion = 10.0.40219.1
Project("{9A19103F-16F7-4668-BE54-9A1E7A4F7556}") = "FS.Abp.Demo.Domain", "src\FS.Abp.Demo.Domain\FS.Abp.Demo.Domain.csproj", "{554AD327-6DBA-4F8F-96F8-81CE7A0C863F}"
EndProject
Project("{9A19103F-16F7-4668-BE54-9A1E7A4F7556}") = "FS.Abp.Demo.Application", "src\FS.Abp.Demo.Application\FS.Abp.Demo.Application.csproj", "{1A94A50E-06DC-43C1-80B5-B662820EC3EB}"
EndProject
Project("{9A19103F-16F7-4668-BE54-9A1E7A4F7556}") = "FS.Abp.Demo.EntityFrameworkCore", "src\FS.Abp.Demo.EntityFrameworkCore\FS.Abp.Demo.EntityFrameworkCore.csproj", "{C956DD76-69C8-4A9C-83EA-D17DF83340FD}"
EndProject
Project("{2150E333-8FDC-42A3-9474-1A3956D46DE8}") = "src", "src", "{CA9AC87F-097E-4F15-8393-4BC07735A5B0}"
EndProject
Project("{2150E333-8FDC-42A3-9474-1A3956D46DE8}") = "test", "test", "{04DBDB01-70F4-4E06-B468-8F87850B22BE}"
EndProject
Project("{9A19103F-16F7-4668-BE54-9A1E7A4F7556}") = "FS.Abp.Demo.Application.Tests", "test\FS.Abp.Demo.Application.Tests\FS.Abp.Demo.Application.Tests.csproj", "{50B2631D-129C-47B3-A587-029CCD6099BC}"
EndProject
Project("{9A19103F-16F7-4668-BE54-9A1E7A4F7556}") = "FS.Abp.Demo.Domain.Shared", "src\FS.Abp.Demo.Domain.Shared\FS.Abp.Demo.Domain.Shared.csproj", "{42F719ED-8413-4895-B5B4-5AB56079BC66}"
EndProject
Project("{9A19103F-16F7-4668-BE54-9A1E7A4F7556}") = "FS.Abp.Demo.Application.Contracts", "src\FS.Abp.Demo.Application.Contracts\FS.Abp.Demo.Application.Contracts.csproj", "{520659C8-C734-4298-A3DA-B539DB9DFC0B}"
EndProject
Project("{9A19103F-16F7-4668-BE54-9A1E7A4F7556}") = "FS.Abp.Demo.HttpApi", "src\FS.Abp.Demo.HttpApi\FS.Abp.Demo.HttpApi.csproj", "{4164BDF7-F527-4E85-9CE6-E3C2D7426A27}"
EndProject
Project("{9A19103F-16F7-4668-BE54-9A1E7A4F7556}") = "FS.Abp.Demo.HttpApi.Client", "src\FS.Abp.Demo.HttpApi.Client\FS.Abp.Demo.HttpApi.Client.csproj", "{3B5A0094-670D-4BB1-BFDD-61B88A8773DC}"
EndProject
Project("{9A19103F-16F7-4668-BE54-9A1E7A4F7556}") = "FS.Abp.Demo.EntityFrameworkCore.Tests", "test\FS.Abp.Demo.EntityFrameworkCore.Tests\FS.Abp.Demo.EntityFrameworkCore.Tests.csproj", "{1FE30EB9-74A9-47F5-A9F6-7B1FAB672D81}"
EndProject
Project("{9A19103F-16F7-4668-BE54-9A1E7A4F7556}") = "FS.Abp.Demo.TestBase", "test\FS.Abp.Demo.TestBase\FS.Abp.Demo.TestBase.csproj", "{91853F21-9CD9-4132-BC29-A7D5D84FFFE7}"
EndProject
Project("{9A19103F-16F7-4668-BE54-9A1E7A4F7556}") = "FS.Abp.Demo.Domain.Tests", "test\FS.Abp.Demo.Domain.Tests\FS.Abp.Demo.Domain.Tests.csproj", "{E512F4D9-9375-480F-A2F6-A46509F9D824}"
EndProject
Project("{9A19103F-16F7-4668-BE54-9A1E7A4F7556}") = "FS.Abp.Demo.HttpApi.Client.ConsoleTestApp", "test\FS.Abp.Demo.HttpApi.Client.ConsoleTestApp\FS.Abp.Demo.HttpApi.Client.ConsoleTestApp.csproj", "{EF480016-9127-4916-8735-D2466BDBC582}"
EndProject
Project("{9A19103F-16F7-4668-BE54-9A1E7A4F7556}") = "FS.Abp.Demo.DbMigrator", "src\FS.Abp.Demo.DbMigrator\FS.Abp.Demo.DbMigrator.csproj", "{AA94D832-1CCC-4715-95A9-A483F23A1A5D}"
EndProject
Project("{9A19103F-16F7-4668-BE54-9A1E7A4F7556}") = "FS.Abp.Demo.HttpApi.Host", "src\FS.Abp.Demo.HttpApi.Host\FS.Abp.Demo.HttpApi.Host.csproj", "{748584B1-BA69-4F6A-81AA-F4BDE6BCE29D}"
EndProject
Project("{9A19103F-16F7-4668-BE54-9A1E7A4F7556}") = "FS.Abp.Demo.Web", "src\FS.Abp.Demo.Web\FS.Abp.Demo.Web.csproj", "{D38BF7E0-AE4B-4C57-8A9B-04BB9CB03C10}"
EndProject
Project("{2150E333-8FDC-42A3-9474-1A3956D46DE8}") = "modules", "modules", "{8FBCE9A6-110A-4B9B-9D1E-145B4BDFDCC3}"
EndProject
Project("{2150E333-8FDC-42A3-9474-1A3956D46DE8}") = "FS.CmsKitManagement", "FS.CmsKitManagement", "{376CB6AB-842E-49F4-AEBA-8AFEF5C48F01}"
EndProject
Project("{9A19103F-16F7-4668-BE54-9A1E7A4F7556}") = "FS.CmsKitManagement.Domain.Shared", "..\..\..\modules\FS.CmsKitManagement\src\FS.CmsKitManagement.Domain.Shared\FS.CmsKitManagement.Domain.Shared.csproj", "{D64C1577-4929-4B60-939E-96DE1534891A}"
EndProject
Project("{9A19103F-16F7-4668-BE54-9A1E7A4F7556}") = "FS.CmsKitManagement.Domain", "..\..\..\modules\FS.CmsKitManagement\src\FS.CmsKitManagement.Domain\FS.CmsKitManagement.Domain.csproj", "{F2840BC7-0188-4606-9126-DADD0F5ABF7A}"
EndProject
Project("{9A19103F-16F7-4668-BE54-9A1E7A4F7556}") = "FS.CmsKitManagement.Application.Contracts", "..\..\..\modules\FS.CmsKitManagement\src\FS.CmsKitManagement.Application.Contracts\FS.CmsKitManagement.Application.Contracts.csproj", "{BD65D04F-08D5-40C1-8C24-77CA0BACB877}"
EndProject
Project("{9A19103F-16F7-4668-BE54-9A1E7A4F7556}") = "FS.CmsKitManagement.Application", "..\..\..\modules\FS.CmsKitManagement\src\FS.CmsKitManagement.Application\FS.CmsKitManagement.Application.csproj", "{78040F9E-3501-4A40-82DF-00A597710F35}"
EndProject
Project("{2150E333-8FDC-42A3-9474-1A3956D46DE8}") = "src", "src", "{649A3FFA-182F-4E56-9717-E6A9A2BEC545}"
EndProject
Project("{9A19103F-16F7-4668-BE54-9A1E7A4F7556}") = "FS.CmsKitManagement.EntityFrameworkCore", "..\..\..\modules\FS.CmsKitManagement\src\FS.CmsKitManagement.EntityFrameworkCore\FS.CmsKitManagement.EntityFrameworkCore.csproj", "{0CE86223-D31D-4315-A1F5-87BA3EE1B844}"
EndProject
Project("{9A19103F-16F7-4668-BE54-9A1E7A4F7556}") = "FS.CmsKitManagement.HttpApi", "..\..\..\modules\FS.CmsKitManagement\src\FS.CmsKitManagement.HttpApi\FS.CmsKitManagement.HttpApi.csproj", "{077AA5F8-8B61-420C-A6B5-0150A66FDB34}"
EndProject
Project("{9A19103F-16F7-4668-BE54-9A1E7A4F7556}") = "FS.CmsKitManagement.HttpApi.Client", "..\..\..\modules\FS.CmsKitManagement\src\FS.CmsKitManagement.HttpApi.Client\FS.CmsKitManagement.HttpApi.Client.csproj", "{36E2735F-CEAB-44C8-A6D1-2CDAFF399751}"
EndProject
Project("{9A19103F-16F7-4668-BE54-9A1E7A4F7556}") = "FS.CmsKitManagement.Web", "..\..\..\modules\FS.CmsKitManagement\src\FS.CmsKitManagement.Web\FS.CmsKitManagement.Web.csproj", "{3B7B6317-1B85-4164-8E11-75574F80AE17}"
EndProject
Project("{2150E333-8FDC-42A3-9474-1A3956D46DE8}") = "modules", "modules", "{E20CA55B-AF11-4011-980A-898C8E1A27D0}"
EndProject
Project("{9A19103F-16F7-4668-BE54-9A1E7A4F7556}") = "FS.Abp.Domain.Shared", "..\..\..\modules\FS.Abp\src\FS.Abp.Domain.Shared\FS.Abp.Domain.Shared.csproj", "{71FBFE95-F116-4BD7-9CA5-33390AE4014D}"
EndProject
Project("{9A19103F-16F7-4668-BE54-9A1E7A4F7556}") = "FS.Abp.Domain", "..\..\..\modules\FS.Abp\src\FS.Abp.Domain\FS.Abp.Domain.csproj", "{1DBCBF9F-8499-4188-A8B1-EA19D86DB1E2}"
EndProject
Project("{9A19103F-16F7-4668-BE54-9A1E7A4F7556}") = "FS.Abp.Application.Contracts", "..\..\..\modules\FS.Abp\src\FS.Abp.Application.Contracts\FS.Abp.Application.Contracts.csproj", "{B253426A-3C63-4544-AD3C-6FB431E7E6FD}"
EndProject
Project("{9A19103F-16F7-4668-BE54-9A1E7A4F7556}") = "FS.Abp.Application", "..\..\..\modules\FS.Abp\src\FS.Abp.Application\FS.Abp.Application.csproj", "{8FFDFEE8-B045-404D-9D40-7FE83EE0E40E}"
EndProject
Project("{9A19103F-16F7-4668-BE54-9A1E7A4F7556}") = "FS.Abp.EntityFrameworkCore", "..\..\..\modules\FS.Abp\src\FS.Abp.EntityFrameworkCore\FS.Abp.EntityFrameworkCore.csproj", "{B6FBFF94-472E-49DC-A87D-7FABA58104C5}"
EndProject
Project("{9A19103F-16F7-4668-BE54-9A1E7A4F7556}") = "FS.Abp.HttpApi", "..\..\..\modules\FS.Abp\src\FS.Abp.HttpApi\FS.Abp.HttpApi.csproj", "{E7D98988-2711-4173-929D-00AF729996D3}"
EndProject
Project("{2150E333-8FDC-42A3-9474-1A3956D46DE8}") = "framework", "framework", "{0974DF9F-99A8-4159-A94A-AB5615AE709F}"
EndProject
Project("{9A19103F-16F7-4668-BE54-9A1E7A4F7556}") = "FS.Abp.AspNetCore.Mvc", "..\..\..\framework\FS.Abp.AspNetCore\src\FS.Abp.AspNetCore.Mvc\FS.Abp.AspNetCore.Mvc.csproj", "{E1596F30-F5B6-426A-9EE4-1271C83C136C}"
EndProject
Project("{2150E333-8FDC-42A3-9474-1A3956D46DE8}") = "FS.Abp.AspNetCore.Mvc", "FS.Abp.AspNetCore.Mvc", "{BDDDAE48-0B16-4016-AD24-54154C16B6CA}"
EndProject
Project("{2150E333-8FDC-42A3-9474-1A3956D46DE8}") = "FS.CodingManagement", "FS.CodingManagement", "{F3C39D32-7F94-4CD4-9E9A-F678809722DC}"
EndProject
Project("{9A19103F-16F7-4668-BE54-9A1E7A4F7556}") = "FS.CodingManagement.Domain.Shared", "..\..\..\modules\FS.CodingManagement\src\FS.CodingManagement.Domain.Shared\FS.CodingManagement.Domain.Shared.csproj", "{28DE1FA3-5F2B-4BB5-8C89-77692B7C0D19}"
EndProject
Project("{9A19103F-16F7-4668-BE54-9A1E7A4F7556}") = "FS.CodingManagement.Domain", "..\..\..\modules\FS.CodingManagement\src\FS.CodingManagement.Domain\FS.CodingManagement.Domain.csproj", "{24B9B1E7-3F3B-45C6-B6FF-D3D6D339ED32}"
EndProject
Project("{9A19103F-16F7-4668-BE54-9A1E7A4F7556}") = "FS.CodingManagement.Application.Contracts", "..\..\..\modules\FS.CodingManagement\src\FS.CodingManagement.Application.Contracts\FS.CodingManagement.Application.Contracts.csproj", "{9DCCD403-B2EB-4F1E-9270-B0FBEB9921AE}"
EndProject
Project("{9A19103F-16F7-4668-BE54-9A1E7A4F7556}") = "FS.CodingManagement.Application", "..\..\..\modules\FS.CodingManagement\src\FS.CodingManagement.Application\FS.CodingManagement.Application.csproj", "{91ACE689-7464-481A-A109-BAB770973892}"
EndProject
Project("{9A19103F-16F7-4668-BE54-9A1E7A4F7556}") = "FS.CodingManagement.EntityFrameworkCore", "..\..\..\modules\FS.CodingManagement\src\FS.CodingManagement.EntityFrameworkCore\FS.CodingManagement.EntityFrameworkCore.csproj", "{1A9898F6-B5C3-40EF-A8AF-98FC91195040}"
EndProject
Project("{9A19103F-16F7-4668-BE54-9A1E7A4F7556}") = "FS.CodingManagement.HttpApi", "..\..\..\modules\FS.CodingManagement\src\FS.CodingManagement.HttpApi\FS.CodingManagement.HttpApi.csproj", "{B62834BC-DD14-4040-87A1-E6A9359DEC6A}"
EndProject
Project("{9A19103F-16F7-4668-BE54-9A1E7A4F7556}") = "FS.CodingManagement.HttpApi.Client", "..\..\..\modules\FS.CodingManagement\src\FS.CodingManagement.HttpApi.Client\FS.CodingManagement.HttpApi.Client.csproj", "{F3579AC2-7950-42DC-8AE9-4782760CFAA3}"
EndProject
Project("{9A19103F-16F7-4668-BE54-9A1E7A4F7556}") = "FS.CodingManagement.Web", "..\..\..\modules\FS.CodingManagement\src\FS.CodingManagement.Web\FS.CodingManagement.Web.csproj", "{21FEC97A-6819-49ED-844D-91BEB29FF943}"
EndProject
Global
	GlobalSection(SolutionConfigurationPlatforms) = preSolution
		Debug|Any CPU = Debug|Any CPU
		Release|Any CPU = Release|Any CPU
	EndGlobalSection
	GlobalSection(ProjectConfigurationPlatforms) = postSolution
		{554AD327-6DBA-4F8F-96F8-81CE7A0C863F}.Debug|Any CPU.ActiveCfg = Debug|Any CPU
		{554AD327-6DBA-4F8F-96F8-81CE7A0C863F}.Debug|Any CPU.Build.0 = Debug|Any CPU
		{554AD327-6DBA-4F8F-96F8-81CE7A0C863F}.Release|Any CPU.ActiveCfg = Release|Any CPU
		{554AD327-6DBA-4F8F-96F8-81CE7A0C863F}.Release|Any CPU.Build.0 = Release|Any CPU
		{1A94A50E-06DC-43C1-80B5-B662820EC3EB}.Debug|Any CPU.ActiveCfg = Debug|Any CPU
		{1A94A50E-06DC-43C1-80B5-B662820EC3EB}.Debug|Any CPU.Build.0 = Debug|Any CPU
		{1A94A50E-06DC-43C1-80B5-B662820EC3EB}.Release|Any CPU.ActiveCfg = Release|Any CPU
		{1A94A50E-06DC-43C1-80B5-B662820EC3EB}.Release|Any CPU.Build.0 = Release|Any CPU
		{C956DD76-69C8-4A9C-83EA-D17DF83340FD}.Debug|Any CPU.ActiveCfg = Debug|Any CPU
		{C956DD76-69C8-4A9C-83EA-D17DF83340FD}.Debug|Any CPU.Build.0 = Debug|Any CPU
		{C956DD76-69C8-4A9C-83EA-D17DF83340FD}.Release|Any CPU.ActiveCfg = Release|Any CPU
		{C956DD76-69C8-4A9C-83EA-D17DF83340FD}.Release|Any CPU.Build.0 = Release|Any CPU
		{50B2631D-129C-47B3-A587-029CCD6099BC}.Debug|Any CPU.ActiveCfg = Debug|Any CPU
		{50B2631D-129C-47B3-A587-029CCD6099BC}.Debug|Any CPU.Build.0 = Debug|Any CPU
		{50B2631D-129C-47B3-A587-029CCD6099BC}.Release|Any CPU.ActiveCfg = Release|Any CPU
		{50B2631D-129C-47B3-A587-029CCD6099BC}.Release|Any CPU.Build.0 = Release|Any CPU
		{42F719ED-8413-4895-B5B4-5AB56079BC66}.Debug|Any CPU.ActiveCfg = Debug|Any CPU
		{42F719ED-8413-4895-B5B4-5AB56079BC66}.Debug|Any CPU.Build.0 = Debug|Any CPU
		{42F719ED-8413-4895-B5B4-5AB56079BC66}.Release|Any CPU.ActiveCfg = Release|Any CPU
		{42F719ED-8413-4895-B5B4-5AB56079BC66}.Release|Any CPU.Build.0 = Release|Any CPU
		{520659C8-C734-4298-A3DA-B539DB9DFC0B}.Debug|Any CPU.ActiveCfg = Debug|Any CPU
		{520659C8-C734-4298-A3DA-B539DB9DFC0B}.Debug|Any CPU.Build.0 = Debug|Any CPU
		{520659C8-C734-4298-A3DA-B539DB9DFC0B}.Release|Any CPU.ActiveCfg = Release|Any CPU
		{520659C8-C734-4298-A3DA-B539DB9DFC0B}.Release|Any CPU.Build.0 = Release|Any CPU
		{4164BDF7-F527-4E85-9CE6-E3C2D7426A27}.Debug|Any CPU.ActiveCfg = Debug|Any CPU
		{4164BDF7-F527-4E85-9CE6-E3C2D7426A27}.Debug|Any CPU.Build.0 = Debug|Any CPU
		{4164BDF7-F527-4E85-9CE6-E3C2D7426A27}.Release|Any CPU.ActiveCfg = Release|Any CPU
		{4164BDF7-F527-4E85-9CE6-E3C2D7426A27}.Release|Any CPU.Build.0 = Release|Any CPU
		{3B5A0094-670D-4BB1-BFDD-61B88A8773DC}.Debug|Any CPU.ActiveCfg = Debug|Any CPU
		{3B5A0094-670D-4BB1-BFDD-61B88A8773DC}.Debug|Any CPU.Build.0 = Debug|Any CPU
		{3B5A0094-670D-4BB1-BFDD-61B88A8773DC}.Release|Any CPU.ActiveCfg = Release|Any CPU
		{3B5A0094-670D-4BB1-BFDD-61B88A8773DC}.Release|Any CPU.Build.0 = Release|Any CPU
		{1FE30EB9-74A9-47F5-A9F6-7B1FAB672D81}.Debug|Any CPU.ActiveCfg = Debug|Any CPU
		{1FE30EB9-74A9-47F5-A9F6-7B1FAB672D81}.Debug|Any CPU.Build.0 = Debug|Any CPU
		{1FE30EB9-74A9-47F5-A9F6-7B1FAB672D81}.Release|Any CPU.ActiveCfg = Release|Any CPU
		{1FE30EB9-74A9-47F5-A9F6-7B1FAB672D81}.Release|Any CPU.Build.0 = Release|Any CPU
		{91853F21-9CD9-4132-BC29-A7D5D84FFFE7}.Debug|Any CPU.ActiveCfg = Debug|Any CPU
		{91853F21-9CD9-4132-BC29-A7D5D84FFFE7}.Debug|Any CPU.Build.0 = Debug|Any CPU
		{91853F21-9CD9-4132-BC29-A7D5D84FFFE7}.Release|Any CPU.ActiveCfg = Release|Any CPU
		{91853F21-9CD9-4132-BC29-A7D5D84FFFE7}.Release|Any CPU.Build.0 = Release|Any CPU
		{E512F4D9-9375-480F-A2F6-A46509F9D824}.Debug|Any CPU.ActiveCfg = Debug|Any CPU
		{E512F4D9-9375-480F-A2F6-A46509F9D824}.Debug|Any CPU.Build.0 = Debug|Any CPU
		{E512F4D9-9375-480F-A2F6-A46509F9D824}.Release|Any CPU.ActiveCfg = Release|Any CPU
		{E512F4D9-9375-480F-A2F6-A46509F9D824}.Release|Any CPU.Build.0 = Release|Any CPU
		{EF480016-9127-4916-8735-D2466BDBC582}.Debug|Any CPU.ActiveCfg = Debug|Any CPU
		{EF480016-9127-4916-8735-D2466BDBC582}.Debug|Any CPU.Build.0 = Debug|Any CPU
		{EF480016-9127-4916-8735-D2466BDBC582}.Release|Any CPU.ActiveCfg = Release|Any CPU
		{EF480016-9127-4916-8735-D2466BDBC582}.Release|Any CPU.Build.0 = Release|Any CPU
		{AA94D832-1CCC-4715-95A9-A483F23A1A5D}.Debug|Any CPU.ActiveCfg = Debug|Any CPU
		{AA94D832-1CCC-4715-95A9-A483F23A1A5D}.Debug|Any CPU.Build.0 = Debug|Any CPU
		{AA94D832-1CCC-4715-95A9-A483F23A1A5D}.Release|Any CPU.ActiveCfg = Release|Any CPU
		{AA94D832-1CCC-4715-95A9-A483F23A1A5D}.Release|Any CPU.Build.0 = Release|Any CPU
		{748584B1-BA69-4F6A-81AA-F4BDE6BCE29D}.Debug|Any CPU.ActiveCfg = Debug|Any CPU
		{748584B1-BA69-4F6A-81AA-F4BDE6BCE29D}.Debug|Any CPU.Build.0 = Debug|Any CPU
		{748584B1-BA69-4F6A-81AA-F4BDE6BCE29D}.Release|Any CPU.ActiveCfg = Release|Any CPU
		{748584B1-BA69-4F6A-81AA-F4BDE6BCE29D}.Release|Any CPU.Build.0 = Release|Any CPU
		{D38BF7E0-AE4B-4C57-8A9B-04BB9CB03C10}.Debug|Any CPU.ActiveCfg = Debug|Any CPU
		{D38BF7E0-AE4B-4C57-8A9B-04BB9CB03C10}.Debug|Any CPU.Build.0 = Debug|Any CPU
		{D38BF7E0-AE4B-4C57-8A9B-04BB9CB03C10}.Release|Any CPU.ActiveCfg = Release|Any CPU
		{D38BF7E0-AE4B-4C57-8A9B-04BB9CB03C10}.Release|Any CPU.Build.0 = Release|Any CPU
		{D64C1577-4929-4B60-939E-96DE1534891A}.Debug|Any CPU.ActiveCfg = Debug|Any CPU
		{D64C1577-4929-4B60-939E-96DE1534891A}.Debug|Any CPU.Build.0 = Debug|Any CPU
		{D64C1577-4929-4B60-939E-96DE1534891A}.Release|Any CPU.ActiveCfg = Release|Any CPU
		{D64C1577-4929-4B60-939E-96DE1534891A}.Release|Any CPU.Build.0 = Release|Any CPU
		{F2840BC7-0188-4606-9126-DADD0F5ABF7A}.Debug|Any CPU.ActiveCfg = Debug|Any CPU
		{F2840BC7-0188-4606-9126-DADD0F5ABF7A}.Debug|Any CPU.Build.0 = Debug|Any CPU
		{F2840BC7-0188-4606-9126-DADD0F5ABF7A}.Release|Any CPU.ActiveCfg = Release|Any CPU
		{F2840BC7-0188-4606-9126-DADD0F5ABF7A}.Release|Any CPU.Build.0 = Release|Any CPU
		{BD65D04F-08D5-40C1-8C24-77CA0BACB877}.Debug|Any CPU.ActiveCfg = Debug|Any CPU
		{BD65D04F-08D5-40C1-8C24-77CA0BACB877}.Debug|Any CPU.Build.0 = Debug|Any CPU
		{BD65D04F-08D5-40C1-8C24-77CA0BACB877}.Release|Any CPU.ActiveCfg = Release|Any CPU
		{BD65D04F-08D5-40C1-8C24-77CA0BACB877}.Release|Any CPU.Build.0 = Release|Any CPU
		{78040F9E-3501-4A40-82DF-00A597710F35}.Debug|Any CPU.ActiveCfg = Debug|Any CPU
		{78040F9E-3501-4A40-82DF-00A597710F35}.Debug|Any CPU.Build.0 = Debug|Any CPU
		{78040F9E-3501-4A40-82DF-00A597710F35}.Release|Any CPU.ActiveCfg = Release|Any CPU
		{78040F9E-3501-4A40-82DF-00A597710F35}.Release|Any CPU.Build.0 = Release|Any CPU
		{0CE86223-D31D-4315-A1F5-87BA3EE1B844}.Debug|Any CPU.ActiveCfg = Debug|Any CPU
		{0CE86223-D31D-4315-A1F5-87BA3EE1B844}.Debug|Any CPU.Build.0 = Debug|Any CPU
		{0CE86223-D31D-4315-A1F5-87BA3EE1B844}.Release|Any CPU.ActiveCfg = Release|Any CPU
		{0CE86223-D31D-4315-A1F5-87BA3EE1B844}.Release|Any CPU.Build.0 = Release|Any CPU
		{077AA5F8-8B61-420C-A6B5-0150A66FDB34}.Debug|Any CPU.ActiveCfg = Debug|Any CPU
		{077AA5F8-8B61-420C-A6B5-0150A66FDB34}.Debug|Any CPU.Build.0 = Debug|Any CPU
		{077AA5F8-8B61-420C-A6B5-0150A66FDB34}.Release|Any CPU.ActiveCfg = Release|Any CPU
		{077AA5F8-8B61-420C-A6B5-0150A66FDB34}.Release|Any CPU.Build.0 = Release|Any CPU
		{36E2735F-CEAB-44C8-A6D1-2CDAFF399751}.Debug|Any CPU.ActiveCfg = Debug|Any CPU
		{36E2735F-CEAB-44C8-A6D1-2CDAFF399751}.Debug|Any CPU.Build.0 = Debug|Any CPU
		{36E2735F-CEAB-44C8-A6D1-2CDAFF399751}.Release|Any CPU.ActiveCfg = Release|Any CPU
		{36E2735F-CEAB-44C8-A6D1-2CDAFF399751}.Release|Any CPU.Build.0 = Release|Any CPU
		{3B7B6317-1B85-4164-8E11-75574F80AE17}.Debug|Any CPU.ActiveCfg = Debug|Any CPU
		{3B7B6317-1B85-4164-8E11-75574F80AE17}.Debug|Any CPU.Build.0 = Debug|Any CPU
		{3B7B6317-1B85-4164-8E11-75574F80AE17}.Release|Any CPU.ActiveCfg = Release|Any CPU
		{3B7B6317-1B85-4164-8E11-75574F80AE17}.Release|Any CPU.Build.0 = Release|Any CPU
		{71FBFE95-F116-4BD7-9CA5-33390AE4014D}.Debug|Any CPU.ActiveCfg = Debug|Any CPU
		{71FBFE95-F116-4BD7-9CA5-33390AE4014D}.Debug|Any CPU.Build.0 = Debug|Any CPU
		{71FBFE95-F116-4BD7-9CA5-33390AE4014D}.Release|Any CPU.ActiveCfg = Release|Any CPU
		{71FBFE95-F116-4BD7-9CA5-33390AE4014D}.Release|Any CPU.Build.0 = Release|Any CPU
		{1DBCBF9F-8499-4188-A8B1-EA19D86DB1E2}.Debug|Any CPU.ActiveCfg = Debug|Any CPU
		{1DBCBF9F-8499-4188-A8B1-EA19D86DB1E2}.Debug|Any CPU.Build.0 = Debug|Any CPU
		{1DBCBF9F-8499-4188-A8B1-EA19D86DB1E2}.Release|Any CPU.ActiveCfg = Release|Any CPU
		{1DBCBF9F-8499-4188-A8B1-EA19D86DB1E2}.Release|Any CPU.Build.0 = Release|Any CPU
		{B253426A-3C63-4544-AD3C-6FB431E7E6FD}.Debug|Any CPU.ActiveCfg = Debug|Any CPU
		{B253426A-3C63-4544-AD3C-6FB431E7E6FD}.Debug|Any CPU.Build.0 = Debug|Any CPU
		{B253426A-3C63-4544-AD3C-6FB431E7E6FD}.Release|Any CPU.ActiveCfg = Release|Any CPU
		{B253426A-3C63-4544-AD3C-6FB431E7E6FD}.Release|Any CPU.Build.0 = Release|Any CPU
		{8FFDFEE8-B045-404D-9D40-7FE83EE0E40E}.Debug|Any CPU.ActiveCfg = Debug|Any CPU
		{8FFDFEE8-B045-404D-9D40-7FE83EE0E40E}.Debug|Any CPU.Build.0 = Debug|Any CPU
		{8FFDFEE8-B045-404D-9D40-7FE83EE0E40E}.Release|Any CPU.ActiveCfg = Release|Any CPU
		{8FFDFEE8-B045-404D-9D40-7FE83EE0E40E}.Release|Any CPU.Build.0 = Release|Any CPU
		{B6FBFF94-472E-49DC-A87D-7FABA58104C5}.Debug|Any CPU.ActiveCfg = Debug|Any CPU
		{B6FBFF94-472E-49DC-A87D-7FABA58104C5}.Debug|Any CPU.Build.0 = Debug|Any CPU
		{B6FBFF94-472E-49DC-A87D-7FABA58104C5}.Release|Any CPU.ActiveCfg = Release|Any CPU
		{B6FBFF94-472E-49DC-A87D-7FABA58104C5}.Release|Any CPU.Build.0 = Release|Any CPU
		{E7D98988-2711-4173-929D-00AF729996D3}.Debug|Any CPU.ActiveCfg = Debug|Any CPU
		{E7D98988-2711-4173-929D-00AF729996D3}.Debug|Any CPU.Build.0 = Debug|Any CPU
		{E7D98988-2711-4173-929D-00AF729996D3}.Release|Any CPU.ActiveCfg = Release|Any CPU
		{E7D98988-2711-4173-929D-00AF729996D3}.Release|Any CPU.Build.0 = Release|Any CPU
		{E1596F30-F5B6-426A-9EE4-1271C83C136C}.Debug|Any CPU.ActiveCfg = Debug|Any CPU
		{E1596F30-F5B6-426A-9EE4-1271C83C136C}.Debug|Any CPU.Build.0 = Debug|Any CPU
		{E1596F30-F5B6-426A-9EE4-1271C83C136C}.Release|Any CPU.ActiveCfg = Release|Any CPU
		{E1596F30-F5B6-426A-9EE4-1271C83C136C}.Release|Any CPU.Build.0 = Release|Any CPU
		{28DE1FA3-5F2B-4BB5-8C89-77692B7C0D19}.Debug|Any CPU.ActiveCfg = Debug|Any CPU
		{28DE1FA3-5F2B-4BB5-8C89-77692B7C0D19}.Debug|Any CPU.Build.0 = Debug|Any CPU
		{28DE1FA3-5F2B-4BB5-8C89-77692B7C0D19}.Release|Any CPU.ActiveCfg = Release|Any CPU
		{28DE1FA3-5F2B-4BB5-8C89-77692B7C0D19}.Release|Any CPU.Build.0 = Release|Any CPU
		{24B9B1E7-3F3B-45C6-B6FF-D3D6D339ED32}.Debug|Any CPU.ActiveCfg = Debug|Any CPU
		{24B9B1E7-3F3B-45C6-B6FF-D3D6D339ED32}.Debug|Any CPU.Build.0 = Debug|Any CPU
		{24B9B1E7-3F3B-45C6-B6FF-D3D6D339ED32}.Release|Any CPU.ActiveCfg = Release|Any CPU
		{24B9B1E7-3F3B-45C6-B6FF-D3D6D339ED32}.Release|Any CPU.Build.0 = Release|Any CPU
		{9DCCD403-B2EB-4F1E-9270-B0FBEB9921AE}.Debug|Any CPU.ActiveCfg = Debug|Any CPU
		{9DCCD403-B2EB-4F1E-9270-B0FBEB9921AE}.Debug|Any CPU.Build.0 = Debug|Any CPU
		{9DCCD403-B2EB-4F1E-9270-B0FBEB9921AE}.Release|Any CPU.ActiveCfg = Release|Any CPU
		{9DCCD403-B2EB-4F1E-9270-B0FBEB9921AE}.Release|Any CPU.Build.0 = Release|Any CPU
		{91ACE689-7464-481A-A109-BAB770973892}.Debug|Any CPU.ActiveCfg = Debug|Any CPU
		{91ACE689-7464-481A-A109-BAB770973892}.Debug|Any CPU.Build.0 = Debug|Any CPU
		{91ACE689-7464-481A-A109-BAB770973892}.Release|Any CPU.ActiveCfg = Release|Any CPU
		{91ACE689-7464-481A-A109-BAB770973892}.Release|Any CPU.Build.0 = Release|Any CPU
		{1A9898F6-B5C3-40EF-A8AF-98FC91195040}.Debug|Any CPU.ActiveCfg = Debug|Any CPU
		{1A9898F6-B5C3-40EF-A8AF-98FC91195040}.Debug|Any CPU.Build.0 = Debug|Any CPU
		{1A9898F6-B5C3-40EF-A8AF-98FC91195040}.Release|Any CPU.ActiveCfg = Release|Any CPU
		{1A9898F6-B5C3-40EF-A8AF-98FC91195040}.Release|Any CPU.Build.0 = Release|Any CPU
		{B62834BC-DD14-4040-87A1-E6A9359DEC6A}.Debug|Any CPU.ActiveCfg = Debug|Any CPU
		{B62834BC-DD14-4040-87A1-E6A9359DEC6A}.Debug|Any CPU.Build.0 = Debug|Any CPU
		{B62834BC-DD14-4040-87A1-E6A9359DEC6A}.Release|Any CPU.ActiveCfg = Release|Any CPU
		{B62834BC-DD14-4040-87A1-E6A9359DEC6A}.Release|Any CPU.Build.0 = Release|Any CPU
		{F3579AC2-7950-42DC-8AE9-4782760CFAA3}.Debug|Any CPU.ActiveCfg = Debug|Any CPU
		{F3579AC2-7950-42DC-8AE9-4782760CFAA3}.Debug|Any CPU.Build.0 = Debug|Any CPU
		{F3579AC2-7950-42DC-8AE9-4782760CFAA3}.Release|Any CPU.ActiveCfg = Release|Any CPU
		{F3579AC2-7950-42DC-8AE9-4782760CFAA3}.Release|Any CPU.Build.0 = Release|Any CPU
		{21FEC97A-6819-49ED-844D-91BEB29FF943}.Debug|Any CPU.ActiveCfg = Debug|Any CPU
		{21FEC97A-6819-49ED-844D-91BEB29FF943}.Debug|Any CPU.Build.0 = Debug|Any CPU
		{21FEC97A-6819-49ED-844D-91BEB29FF943}.Release|Any CPU.ActiveCfg = Release|Any CPU
		{21FEC97A-6819-49ED-844D-91BEB29FF943}.Release|Any CPU.Build.0 = Release|Any CPU
	EndGlobalSection
	GlobalSection(SolutionProperties) = preSolution
		HideSolutionNode = FALSE
	EndGlobalSection
	GlobalSection(NestedProjects) = preSolution
		{554AD327-6DBA-4F8F-96F8-81CE7A0C863F} = {CA9AC87F-097E-4F15-8393-4BC07735A5B0}
		{1A94A50E-06DC-43C1-80B5-B662820EC3EB} = {CA9AC87F-097E-4F15-8393-4BC07735A5B0}
		{C956DD76-69C8-4A9C-83EA-D17DF83340FD} = {CA9AC87F-097E-4F15-8393-4BC07735A5B0}
		{50B2631D-129C-47B3-A587-029CCD6099BC} = {04DBDB01-70F4-4E06-B468-8F87850B22BE}
		{42F719ED-8413-4895-B5B4-5AB56079BC66} = {CA9AC87F-097E-4F15-8393-4BC07735A5B0}
		{520659C8-C734-4298-A3DA-B539DB9DFC0B} = {CA9AC87F-097E-4F15-8393-4BC07735A5B0}
		{4164BDF7-F527-4E85-9CE6-E3C2D7426A27} = {CA9AC87F-097E-4F15-8393-4BC07735A5B0}
		{3B5A0094-670D-4BB1-BFDD-61B88A8773DC} = {CA9AC87F-097E-4F15-8393-4BC07735A5B0}
		{1FE30EB9-74A9-47F5-A9F6-7B1FAB672D81} = {04DBDB01-70F4-4E06-B468-8F87850B22BE}
		{91853F21-9CD9-4132-BC29-A7D5D84FFFE7} = {04DBDB01-70F4-4E06-B468-8F87850B22BE}
		{E512F4D9-9375-480F-A2F6-A46509F9D824} = {04DBDB01-70F4-4E06-B468-8F87850B22BE}
		{EF480016-9127-4916-8735-D2466BDBC582} = {04DBDB01-70F4-4E06-B468-8F87850B22BE}
		{AA94D832-1CCC-4715-95A9-A483F23A1A5D} = {CA9AC87F-097E-4F15-8393-4BC07735A5B0}
		{748584B1-BA69-4F6A-81AA-F4BDE6BCE29D} = {CA9AC87F-097E-4F15-8393-4BC07735A5B0}
		{D38BF7E0-AE4B-4C57-8A9B-04BB9CB03C10} = {CA9AC87F-097E-4F15-8393-4BC07735A5B0}
		{376CB6AB-842E-49F4-AEBA-8AFEF5C48F01} = {8FBCE9A6-110A-4B9B-9D1E-145B4BDFDCC3}
		{D64C1577-4929-4B60-939E-96DE1534891A} = {649A3FFA-182F-4E56-9717-E6A9A2BEC545}
		{F2840BC7-0188-4606-9126-DADD0F5ABF7A} = {649A3FFA-182F-4E56-9717-E6A9A2BEC545}
		{BD65D04F-08D5-40C1-8C24-77CA0BACB877} = {649A3FFA-182F-4E56-9717-E6A9A2BEC545}
		{78040F9E-3501-4A40-82DF-00A597710F35} = {649A3FFA-182F-4E56-9717-E6A9A2BEC545}
		{649A3FFA-182F-4E56-9717-E6A9A2BEC545} = {376CB6AB-842E-49F4-AEBA-8AFEF5C48F01}
		{0CE86223-D31D-4315-A1F5-87BA3EE1B844} = {649A3FFA-182F-4E56-9717-E6A9A2BEC545}
		{077AA5F8-8B61-420C-A6B5-0150A66FDB34} = {649A3FFA-182F-4E56-9717-E6A9A2BEC545}
		{36E2735F-CEAB-44C8-A6D1-2CDAFF399751} = {649A3FFA-182F-4E56-9717-E6A9A2BEC545}
		{3B7B6317-1B85-4164-8E11-75574F80AE17} = {649A3FFA-182F-4E56-9717-E6A9A2BEC545}
		{E20CA55B-AF11-4011-980A-898C8E1A27D0} = {376CB6AB-842E-49F4-AEBA-8AFEF5C48F01}
		{71FBFE95-F116-4BD7-9CA5-33390AE4014D} = {E20CA55B-AF11-4011-980A-898C8E1A27D0}
		{1DBCBF9F-8499-4188-A8B1-EA19D86DB1E2} = {E20CA55B-AF11-4011-980A-898C8E1A27D0}
		{B253426A-3C63-4544-AD3C-6FB431E7E6FD} = {E20CA55B-AF11-4011-980A-898C8E1A27D0}
		{8FFDFEE8-B045-404D-9D40-7FE83EE0E40E} = {E20CA55B-AF11-4011-980A-898C8E1A27D0}
		{B6FBFF94-472E-49DC-A87D-7FABA58104C5} = {E20CA55B-AF11-4011-980A-898C8E1A27D0}
		{E7D98988-2711-4173-929D-00AF729996D3} = {E20CA55B-AF11-4011-980A-898C8E1A27D0}
		{E1596F30-F5B6-426A-9EE4-1271C83C136C} = {BDDDAE48-0B16-4016-AD24-54154C16B6CA}
		{BDDDAE48-0B16-4016-AD24-54154C16B6CA} = {0974DF9F-99A8-4159-A94A-AB5615AE709F}
		{F3C39D32-7F94-4CD4-9E9A-F678809722DC} = {8FBCE9A6-110A-4B9B-9D1E-145B4BDFDCC3}
		{28DE1FA3-5F2B-4BB5-8C89-77692B7C0D19} = {F3C39D32-7F94-4CD4-9E9A-F678809722DC}
		{24B9B1E7-3F3B-45C6-B6FF-D3D6D339ED32} = {F3C39D32-7F94-4CD4-9E9A-F678809722DC}
		{9DCCD403-B2EB-4F1E-9270-B0FBEB9921AE} = {F3C39D32-7F94-4CD4-9E9A-F678809722DC}
		{91ACE689-7464-481A-A109-BAB770973892} = {F3C39D32-7F94-4CD4-9E9A-F678809722DC}
		{1A9898F6-B5C3-40EF-A8AF-98FC91195040} = {F3C39D32-7F94-4CD4-9E9A-F678809722DC}
		{B62834BC-DD14-4040-87A1-E6A9359DEC6A} = {F3C39D32-7F94-4CD4-9E9A-F678809722DC}
		{F3579AC2-7950-42DC-8AE9-4782760CFAA3} = {F3C39D32-7F94-4CD4-9E9A-F678809722DC}
		{21FEC97A-6819-49ED-844D-91BEB29FF943} = {F3C39D32-7F94-4CD4-9E9A-F678809722DC}
	EndGlobalSection
	GlobalSection(ExtensibilityGlobals) = postSolution
		SolutionGuid = {21499090-BC3F-14BB-6010-2F9E8399A0EC}
	EndGlobalSection
EndGlobal
