
Microsoft Visual Studio Solution File, Format Version 12.00
# Visual Studio Version 16
VisualStudioVersion = 16.0.29001.49
MinimumVisualStudioVersion = 10.0.40219.1
Project("{2150E333-8FDC-42A3-9474-1A3956D46DE8}") = "FS.Abp.AutoFilterer", "FS.Abp.AutoFilterer", "{06EA2911-D549-44D5-B865-598158E08F25}"
EndProject
Project("{9A19103F-16F7-4668-BE54-9A1E7A4F7556}") = "FS.Abp.AutoFilterer.Core", "FS.Abp.AutoFilterer\src\FS.Abp.AutoFilterer.Core\FS.Abp.AutoFilterer.Core.csproj", "{5908B8BE-0C13-4B73-A98B-3954BA0B1810}"
EndProject
Project("{9A19103F-16F7-4668-BE54-9A1E7A4F7556}") = "FS.Abp.Data", "FS.Abp.Data\src\FS.Abp.Data\FS.Abp.Data.csproj", "{9543CE48-B48D-49B5-A2BB-8CC1D4BBB3E4}"
EndProject
Project("{2150E333-8FDC-42A3-9474-1A3956D46DE8}") = "FS.Abp.MediatR", "FS.Abp.MediatR", "{96D0409D-C68D-4E9C-9983-8125709E1F54}"
EndProject
Project("{9A19103F-16F7-4668-BE54-9A1E7A4F7556}") = "FS.Abp.MediatR", "FS.Abp.MediatR\src\FS.Abp.MediatR\FS.Abp.MediatR.csproj", "{D6A2234F-6DC8-49C6-B4C0-7725758A8F41}"
EndProject
Project("{9A19103F-16F7-4668-BE54-9A1E7A4F7556}") = "FS.Abp.MediatR.Core", "FS.Abp.MediatR\src\FS.Abp.MediatR.Core\FS.Abp.MediatR.Core.csproj", "{B8EFEC12-A277-4193-AD51-0202527BE567}"
EndProject
Project("{9A19103F-16F7-4668-BE54-9A1E7A4F7556}") = "FS.Abp.MediatR.Domain", "FS.Abp.MediatR\src\FS.Abp.MediatR.Domain\FS.Abp.MediatR.Domain.csproj", "{43109B36-C07C-45C1-A014-E7166B18B422}"
EndProject
Project("{9A19103F-16F7-4668-BE54-9A1E7A4F7556}") = "FS.Abp.MediatR.AspNetCore", "FS.Abp.MediatR\src\FS.Abp.MediatR.AspNetCore\FS.Abp.MediatR.AspNetCore.csproj", "{72E53941-0148-4435-A95C-763A997B4864}"
EndProject
Project("{9A19103F-16F7-4668-BE54-9A1E7A4F7556}") = "FS.Abp.Swashbuckle", "FS.Abp.Swashbuckle\src\FS.Abp.Swashbuckle\FS.Abp.Swashbuckle.csproj", "{482413C3-100B-4605-9723-3759DC917058}"
EndProject
Project("{2150E333-8FDC-42A3-9474-1A3956D46DE8}") = "FS.Abp.Npoi.Mapper", "FS.Abp.Npoi.Mapper", "{2F0D43ED-0615-4C05-8C01-981C22E7022D}"
EndProject
Project("{9A19103F-16F7-4668-BE54-9A1E7A4F7556}") = "FS.Abp.Npoi.Mapper.Core", "FS.Abp.Npoi.Mapper\src\FS.Abp.Npoi.Mapper.Core\FS.Abp.Npoi.Mapper.Core.csproj", "{64D98BE7-EB48-4CA3-A7FE-89A54C0EB0EE}"
EndProject
Project("{2150E333-8FDC-42A3-9474-1A3956D46DE8}") = "FS.Abp.Metadata", "FS.Abp.Metadata", "{8A3932A4-026C-4B18-B2A5-CC3F4285ABBC}"
EndProject
Project("{9A19103F-16F7-4668-BE54-9A1E7A4F7556}") = "FS.Abp.Metadata", "FS.Abp.Metadata\src\FS.Abp.Metadata\FS.Abp.Metadata.csproj", "{A3E054F5-DBC8-4E08-920D-B5E17F56B3E1}"
EndProject
Project("{9A19103F-16F7-4668-BE54-9A1E7A4F7556}") = "FS.Abp.Metadata.Core", "FS.Abp.Metadata\src\FS.Abp.Metadata.Core\FS.Abp.Metadata.Core.csproj", "{11D1A11C-780B-451B-AA29-F74923858DD1}"
EndProject
Project("{2150E333-8FDC-42A3-9474-1A3956D46DE8}") = "FS.Abp.EntityFeatures", "FS.Abp.EntityFeatures", "{E43D4D8E-BB49-42B9-8358-E2D92F47BBBC}"
EndProject
Project("{9A19103F-16F7-4668-BE54-9A1E7A4F7556}") = "FS.Abp.EntityFeatures.AspNetCore", "FS.Abp.EntityFeatures\src\FS.Abp.EntityFeatures.AspNetCore\FS.Abp.EntityFeatures.AspNetCore.csproj", "{21C9285E-A0EB-41C0-94E1-12999A711B6F}"
EndProject
Project("{9A19103F-16F7-4668-BE54-9A1E7A4F7556}") = "FS.Abp.EntityFeatures.Domain.Shared", "FS.Abp.EntityFeatures\src\FS.Abp.EntityFeatures.Domain.Shared\FS.Abp.EntityFeatures.Domain.Shared.csproj", "{44C0E94D-E903-4723-AE8D-6E45EEAD487A}"
EndProject
Project("{9A19103F-16F7-4668-BE54-9A1E7A4F7556}") = "FS.Abp.EntityFeatures.Domain", "FS.Abp.EntityFeatures\src\FS.Abp.EntityFeatures.Domain\FS.Abp.EntityFeatures.Domain.csproj", "{461CAEAF-CC79-4598-A580-5347B96F1482}"
EndProject
Global
	GlobalSection(SolutionConfigurationPlatforms) = preSolution
		Debug|Any CPU = Debug|Any CPU
		Release|Any CPU = Release|Any CPU
	EndGlobalSection
	GlobalSection(ProjectConfigurationPlatforms) = postSolution
		{5908B8BE-0C13-4B73-A98B-3954BA0B1810}.Debug|Any CPU.ActiveCfg = Debug|Any CPU
		{5908B8BE-0C13-4B73-A98B-3954BA0B1810}.Debug|Any CPU.Build.0 = Debug|Any CPU
		{5908B8BE-0C13-4B73-A98B-3954BA0B1810}.Release|Any CPU.ActiveCfg = Release|Any CPU
		{5908B8BE-0C13-4B73-A98B-3954BA0B1810}.Release|Any CPU.Build.0 = Release|Any CPU
		{9543CE48-B48D-49B5-A2BB-8CC1D4BBB3E4}.Debug|Any CPU.ActiveCfg = Debug|Any CPU
		{9543CE48-B48D-49B5-A2BB-8CC1D4BBB3E4}.Debug|Any CPU.Build.0 = Debug|Any CPU
		{9543CE48-B48D-49B5-A2BB-8CC1D4BBB3E4}.Release|Any CPU.ActiveCfg = Release|Any CPU
		{9543CE48-B48D-49B5-A2BB-8CC1D4BBB3E4}.Release|Any CPU.Build.0 = Release|Any CPU
		{D6A2234F-6DC8-49C6-B4C0-7725758A8F41}.Debug|Any CPU.ActiveCfg = Debug|Any CPU
		{D6A2234F-6DC8-49C6-B4C0-7725758A8F41}.Debug|Any CPU.Build.0 = Debug|Any CPU
		{D6A2234F-6DC8-49C6-B4C0-7725758A8F41}.Release|Any CPU.ActiveCfg = Release|Any CPU
		{D6A2234F-6DC8-49C6-B4C0-7725758A8F41}.Release|Any CPU.Build.0 = Release|Any CPU
		{B8EFEC12-A277-4193-AD51-0202527BE567}.Debug|Any CPU.ActiveCfg = Debug|Any CPU
		{B8EFEC12-A277-4193-AD51-0202527BE567}.Debug|Any CPU.Build.0 = Debug|Any CPU
		{B8EFEC12-A277-4193-AD51-0202527BE567}.Release|Any CPU.ActiveCfg = Release|Any CPU
		{B8EFEC12-A277-4193-AD51-0202527BE567}.Release|Any CPU.Build.0 = Release|Any CPU
		{43109B36-C07C-45C1-A014-E7166B18B422}.Debug|Any CPU.ActiveCfg = Debug|Any CPU
		{43109B36-C07C-45C1-A014-E7166B18B422}.Debug|Any CPU.Build.0 = Debug|Any CPU
		{43109B36-C07C-45C1-A014-E7166B18B422}.Release|Any CPU.ActiveCfg = Release|Any CPU
		{43109B36-C07C-45C1-A014-E7166B18B422}.Release|Any CPU.Build.0 = Release|Any CPU
		{72E53941-0148-4435-A95C-763A997B4864}.Debug|Any CPU.ActiveCfg = Debug|Any CPU
		{72E53941-0148-4435-A95C-763A997B4864}.Debug|Any CPU.Build.0 = Debug|Any CPU
		{72E53941-0148-4435-A95C-763A997B4864}.Release|Any CPU.ActiveCfg = Release|Any CPU
		{72E53941-0148-4435-A95C-763A997B4864}.Release|Any CPU.Build.0 = Release|Any CPU
		{482413C3-100B-4605-9723-3759DC917058}.Debug|Any CPU.ActiveCfg = Debug|Any CPU
		{482413C3-100B-4605-9723-3759DC917058}.Debug|Any CPU.Build.0 = Debug|Any CPU
		{482413C3-100B-4605-9723-3759DC917058}.Release|Any CPU.ActiveCfg = Release|Any CPU
		{482413C3-100B-4605-9723-3759DC917058}.Release|Any CPU.Build.0 = Release|Any CPU
		{64D98BE7-EB48-4CA3-A7FE-89A54C0EB0EE}.Debug|Any CPU.ActiveCfg = Debug|Any CPU
		{64D98BE7-EB48-4CA3-A7FE-89A54C0EB0EE}.Debug|Any CPU.Build.0 = Debug|Any CPU
		{64D98BE7-EB48-4CA3-A7FE-89A54C0EB0EE}.Release|Any CPU.ActiveCfg = Release|Any CPU
		{64D98BE7-EB48-4CA3-A7FE-89A54C0EB0EE}.Release|Any CPU.Build.0 = Release|Any CPU
		{A3E054F5-DBC8-4E08-920D-B5E17F56B3E1}.Debug|Any CPU.ActiveCfg = Debug|Any CPU
		{A3E054F5-DBC8-4E08-920D-B5E17F56B3E1}.Debug|Any CPU.Build.0 = Debug|Any CPU
		{A3E054F5-DBC8-4E08-920D-B5E17F56B3E1}.Release|Any CPU.ActiveCfg = Release|Any CPU
		{A3E054F5-DBC8-4E08-920D-B5E17F56B3E1}.Release|Any CPU.Build.0 = Release|Any CPU
		{11D1A11C-780B-451B-AA29-F74923858DD1}.Debug|Any CPU.ActiveCfg = Debug|Any CPU
		{11D1A11C-780B-451B-AA29-F74923858DD1}.Debug|Any CPU.Build.0 = Debug|Any CPU
		{11D1A11C-780B-451B-AA29-F74923858DD1}.Release|Any CPU.ActiveCfg = Release|Any CPU
		{11D1A11C-780B-451B-AA29-F74923858DD1}.Release|Any CPU.Build.0 = Release|Any CPU
		{21C9285E-A0EB-41C0-94E1-12999A711B6F}.Debug|Any CPU.ActiveCfg = Debug|Any CPU
		{21C9285E-A0EB-41C0-94E1-12999A711B6F}.Debug|Any CPU.Build.0 = Debug|Any CPU
		{21C9285E-A0EB-41C0-94E1-12999A711B6F}.Release|Any CPU.ActiveCfg = Release|Any CPU
		{21C9285E-A0EB-41C0-94E1-12999A711B6F}.Release|Any CPU.Build.0 = Release|Any CPU
		{44C0E94D-E903-4723-AE8D-6E45EEAD487A}.Debug|Any CPU.ActiveCfg = Debug|Any CPU
		{44C0E94D-E903-4723-AE8D-6E45EEAD487A}.Debug|Any CPU.Build.0 = Debug|Any CPU
		{44C0E94D-E903-4723-AE8D-6E45EEAD487A}.Release|Any CPU.ActiveCfg = Release|Any CPU
		{44C0E94D-E903-4723-AE8D-6E45EEAD487A}.Release|Any CPU.Build.0 = Release|Any CPU
		{461CAEAF-CC79-4598-A580-5347B96F1482}.Debug|Any CPU.ActiveCfg = Debug|Any CPU
		{461CAEAF-CC79-4598-A580-5347B96F1482}.Debug|Any CPU.Build.0 = Debug|Any CPU
		{461CAEAF-CC79-4598-A580-5347B96F1482}.Release|Any CPU.ActiveCfg = Release|Any CPU
		{461CAEAF-CC79-4598-A580-5347B96F1482}.Release|Any CPU.Build.0 = Release|Any CPU
	EndGlobalSection
	GlobalSection(SolutionProperties) = preSolution
		HideSolutionNode = FALSE
	EndGlobalSection
	GlobalSection(NestedProjects) = preSolution
		{5908B8BE-0C13-4B73-A98B-3954BA0B1810} = {06EA2911-D549-44D5-B865-598158E08F25}
		{D6A2234F-6DC8-49C6-B4C0-7725758A8F41} = {96D0409D-C68D-4E9C-9983-8125709E1F54}
		{B8EFEC12-A277-4193-AD51-0202527BE567} = {96D0409D-C68D-4E9C-9983-8125709E1F54}
		{43109B36-C07C-45C1-A014-E7166B18B422} = {96D0409D-C68D-4E9C-9983-8125709E1F54}
		{72E53941-0148-4435-A95C-763A997B4864} = {96D0409D-C68D-4E9C-9983-8125709E1F54}
		{64D98BE7-EB48-4CA3-A7FE-89A54C0EB0EE} = {2F0D43ED-0615-4C05-8C01-981C22E7022D}
		{A3E054F5-DBC8-4E08-920D-B5E17F56B3E1} = {8A3932A4-026C-4B18-B2A5-CC3F4285ABBC}
		{11D1A11C-780B-451B-AA29-F74923858DD1} = {8A3932A4-026C-4B18-B2A5-CC3F4285ABBC}
		{21C9285E-A0EB-41C0-94E1-12999A711B6F} = {E43D4D8E-BB49-42B9-8358-E2D92F47BBBC}
		{44C0E94D-E903-4723-AE8D-6E45EEAD487A} = {E43D4D8E-BB49-42B9-8358-E2D92F47BBBC}
		{461CAEAF-CC79-4598-A580-5347B96F1482} = {E43D4D8E-BB49-42B9-8358-E2D92F47BBBC}
	EndGlobalSection
	GlobalSection(ExtensibilityGlobals) = postSolution
		SolutionGuid = {21499090-BC3F-14BB-6010-2F9E8399A0EC}
	EndGlobalSection
EndGlobal
