
Microsoft Visual Studio Solution File, Format Version 12.00
# Visual Studio Version 16
VisualStudioVersion = 16.0.29806.167
MinimumVisualStudioVersion = 10.0.40219.1
Project("{2150E333-8FDC-42A3-9474-1A3956D46DE8}") = "src", "src", "{5784FB66-677E-4D90-8341-24922D13B0EA}"
EndProject
Project("{9A19103F-16F7-4668-BE54-9A1E7A4F7556}") = "Volo.Abp.Sms.Twilio", "src\Volo.Abp.Sms.Twilio\Volo.Abp.Sms.Twilio.csproj", "{A08BC62E-2806-4565-8DA4-6402DBBBEDFB}"
EndProject
Project("{2150E333-8FDC-42A3-9474-1A3956D46DE8}") = "test", "test", "{A3C089F4-A79D-4ADB-A088-159E1ED935D8}"
EndProject
Project("{FAE04EC0-301F-11D3-BF4B-00C04F79EFBC}") = "Volo.Abp.Sms.Twilio.ConsoleTest", "test\Volo.Abp.Sms.Twilio.ConsoleTest\Volo.Abp.Sms.Twilio.ConsoleTest.csproj", "{ADB88EF7-3AC2-41F4-9F32-CF6C752076D3}"
EndProject
Global
	GlobalSection(SolutionConfigurationPlatforms) = preSolution
		Debug|Any CPU = Debug|Any CPU
		Release|Any CPU = Release|Any CPU
	EndGlobalSection
	GlobalSection(ProjectConfigurationPlatforms) = postSolution
		{A08BC62E-2806-4565-8DA4-6402DBBBEDFB}.Debug|Any CPU.ActiveCfg = Debug|Any CPU
		{A08BC62E-2806-4565-8DA4-6402DBBBEDFB}.Debug|Any CPU.Build.0 = Debug|Any CPU
		{A08BC62E-2806-4565-8DA4-6402DBBBEDFB}.Release|Any CPU.ActiveCfg = Release|Any CPU
		{A08BC62E-2806-4565-8DA4-6402DBBBEDFB}.Release|Any CPU.Build.0 = Release|Any CPU
		{ADB88EF7-3AC2-41F4-9F32-CF6C752076D3}.Debug|Any CPU.ActiveCfg = Debug|Any CPU
		{ADB88EF7-3AC2-41F4-9F32-CF6C752076D3}.Debug|Any CPU.Build.0 = Debug|Any CPU
		{ADB88EF7-3AC2-41F4-9F32-CF6C752076D3}.Release|Any CPU.ActiveCfg = Release|Any CPU
		{ADB88EF7-3AC2-41F4-9F32-CF6C752076D3}.Release|Any CPU.Build.0 = Release|Any CPU
	EndGlobalSection
	GlobalSection(SolutionProperties) = preSolution
		HideSolutionNode = FALSE
	EndGlobalSection
	GlobalSection(NestedProjects) = preSolution
		{A08BC62E-2806-4565-8DA4-6402DBBBEDFB} = {5784FB66-677E-4D90-8341-24922D13B0EA}
		{ADB88EF7-3AC2-41F4-9F32-CF6C752076D3} = {A3C089F4-A79D-4ADB-A088-159E1ED935D8}
	EndGlobalSection
	GlobalSection(ExtensibilityGlobals) = postSolution
		SolutionGuid = {B5CA9803-903F-6769-1088-D371AF935173}
	EndGlobalSection
EndGlobal
