
Microsoft Visual Studio Solution File, Format Version 12.00
# Visual Studio Version 16
VisualStudioVersion = 16.0.29001.49
MinimumVisualStudioVersion = 10.0.40219.1
Project("{9A19103F-16F7-4668-BE54-9A1E7A4F7556}") = "FS.Abp.Metadata", "src\FS.Abp.Metadata\FS.Abp.Metadata.csproj", "{A3E054F5-DBC8-4E08-920D-B5E17F56B3E1}"
EndProject
Project("{9A19103F-16F7-4668-BE54-9A1E7A4F7556}") = "FS.Abp.Metadata.Core", "src\FS.Abp.Metadata.Core\FS.Abp.Metadata.Core.csproj", "{11D1A11C-780B-451B-AA29-F74923858DD1}"
EndProject
Global
	GlobalSection(SolutionConfigurationPlatforms) = preSolution
		Debug|Any CPU = Debug|Any CPU
		Release|Any CPU = Release|Any CPU
	EndGlobalSection
	GlobalSection(ProjectConfigurationPlatforms) = postSolution
		{A3E054F5-DBC8-4E08-920D-B5E17F56B3E1}.Debug|Any CPU.ActiveCfg = Debug|Any CPU
		{A3E054F5-DBC8-4E08-920D-B5E17F56B3E1}.Debug|Any CPU.Build.0 = Debug|Any CPU
		{A3E054F5-DBC8-4E08-920D-B5E17F56B3E1}.Release|Any CPU.ActiveCfg = Release|Any CPU
		{A3E054F5-DBC8-4E08-920D-B5E17F56B3E1}.Release|Any CPU.Build.0 = Release|Any CPU
		{11D1A11C-780B-451B-AA29-F74923858DD1}.Debug|Any CPU.ActiveCfg = Debug|Any CPU
		{11D1A11C-780B-451B-AA29-F74923858DD1}.Debug|Any CPU.Build.0 = Debug|Any CPU
		{11D1A11C-780B-451B-AA29-F74923858DD1}.Release|Any CPU.ActiveCfg = Release|Any CPU
		{11D1A11C-780B-451B-AA29-F74923858DD1}.Release|Any CPU.Build.0 = Release|Any CPU
	EndGlobalSection
	GlobalSection(SolutionProperties) = preSolution
		HideSolutionNode = FALSE
	EndGlobalSection
	GlobalSection(ExtensibilityGlobals) = postSolution
		SolutionGuid = {21499090-BC3F-14BB-6010-2F9E8399A0EC}
	EndGlobalSection
EndGlobal
