
Microsoft Visual Studio Solution File, Format Version 12.00
# Visual Studio Version 17
VisualStudioVersion = 17.1.32328.378
MinimumVisualStudioVersion = 10.0.40219.1
Project("{2150E333-8FDC-42A3-9474-1A3956D46DE8}") = "src", "src", "{649A3FFA-182F-4E56-9717-E6A9A2BEC545}"
EndProject
Project("{9A19103F-16F7-4668-BE54-9A1E7A4F7556}") = "FS.Abp.AuditLogging.Core", "src\FS.Abp.AuditLogging.Core\FS.Abp.AuditLogging.Core.csproj", "{2A5559B7-BD98-43A7-B6B0-FA43A8E1C6ED}"
EndProject
Project("{9A19103F-16F7-4668-BE54-9A1E7A4F7556}") = "FS.Abp.AuditLogging.AspNetCore", "src\FS.Abp.AuditLogging.AspNetCore\FS.Abp.AuditLogging.AspNetCore.csproj", "{AD20BC03-9B57-46B2-A9C9-C59708CADD58}"
EndProject
Project("{2150E333-8FDC-42A3-9474-1A3956D46DE8}") = "framework", "framework", "{130A96A4-1682-4FC8-A71B-7891896A80D8}"
EndProject
Project("{9A19103F-16F7-4668-BE54-9A1E7A4F7556}") = "FS.Abp.AuditLogging.EntityFrameworkCore", "src\FS.Abp.AuditLogging.EntityFrameworkCore\FS.Abp.AuditLogging.EntityFrameworkCore.csproj", "{D76415B0-5EF6-466D-B9D7-B6CC72860977}"
EndProject
Project("{9A19103F-16F7-4668-BE54-9A1E7A4F7556}") = "FS.Abp.AutoFilterer.Core", "..\..\framework\FS.Abp.AutoFilterer\src\FS.Abp.AutoFilterer.Core\FS.Abp.AutoFilterer.Core.csproj", "{5BB62CFE-1C7C-4264-A375-E032A7D79E61}"
EndProject
Project("{9A19103F-16F7-4668-BE54-9A1E7A4F7556}") = "FS.Abp.AuditLogging.Application.Contracts", "src\FS.Abp.AuditLogging.Application.Contracts\FS.Abp.AuditLogging.Application.Contracts.csproj", "{477342F7-7620-49BD-8936-88BB47BBA198}"
EndProject
Project("{9A19103F-16F7-4668-BE54-9A1E7A4F7556}") = "FS.Abp.AuditLogging.Application", "src\FS.Abp.AuditLogging.Application\FS.Abp.AuditLogging.Application.csproj", "{11161FD3-0C43-47D7-A709-6691697203E4}"
EndProject
Project("{9A19103F-16F7-4668-BE54-9A1E7A4F7556}") = "FS.Abp.AuditLogging.DbMigrator", "src\FS.Abp.AuditLogging.DbMigrator\FS.Abp.AuditLogging.DbMigrator.csproj", "{CA21C680-D5F3-4D33-BF71-DD61A73FD0D7}"
EndProject
Project("{2150E333-8FDC-42A3-9474-1A3956D46DE8}") = "db-migrator", "db-migrator", "{5DA6831A-67BD-4B4E-89F9-B62A00F3B085}"
EndProject
Global
	GlobalSection(SolutionConfigurationPlatforms) = preSolution
		Debug|Any CPU = Debug|Any CPU
		Release|Any CPU = Release|Any CPU
	EndGlobalSection
	GlobalSection(ProjectConfigurationPlatforms) = postSolution
		{2A5559B7-BD98-43A7-B6B0-FA43A8E1C6ED}.Debug|Any CPU.ActiveCfg = Debug|Any CPU
		{2A5559B7-BD98-43A7-B6B0-FA43A8E1C6ED}.Debug|Any CPU.Build.0 = Debug|Any CPU
		{2A5559B7-BD98-43A7-B6B0-FA43A8E1C6ED}.Release|Any CPU.ActiveCfg = Release|Any CPU
		{2A5559B7-BD98-43A7-B6B0-FA43A8E1C6ED}.Release|Any CPU.Build.0 = Release|Any CPU
		{AD20BC03-9B57-46B2-A9C9-C59708CADD58}.Debug|Any CPU.ActiveCfg = Debug|Any CPU
		{AD20BC03-9B57-46B2-A9C9-C59708CADD58}.Debug|Any CPU.Build.0 = Debug|Any CPU
		{AD20BC03-9B57-46B2-A9C9-C59708CADD58}.Release|Any CPU.ActiveCfg = Release|Any CPU
		{AD20BC03-9B57-46B2-A9C9-C59708CADD58}.Release|Any CPU.Build.0 = Release|Any CPU
		{D76415B0-5EF6-466D-B9D7-B6CC72860977}.Debug|Any CPU.ActiveCfg = Debug|Any CPU
		{D76415B0-5EF6-466D-B9D7-B6CC72860977}.Debug|Any CPU.Build.0 = Debug|Any CPU
		{D76415B0-5EF6-466D-B9D7-B6CC72860977}.Release|Any CPU.ActiveCfg = Release|Any CPU
		{D76415B0-5EF6-466D-B9D7-B6CC72860977}.Release|Any CPU.Build.0 = Release|Any CPU
		{5BB62CFE-1C7C-4264-A375-E032A7D79E61}.Debug|Any CPU.ActiveCfg = Debug|Any CPU
		{5BB62CFE-1C7C-4264-A375-E032A7D79E61}.Debug|Any CPU.Build.0 = Debug|Any CPU
		{5BB62CFE-1C7C-4264-A375-E032A7D79E61}.Release|Any CPU.ActiveCfg = Release|Any CPU
		{5BB62CFE-1C7C-4264-A375-E032A7D79E61}.Release|Any CPU.Build.0 = Release|Any CPU
		{477342F7-7620-49BD-8936-88BB47BBA198}.Debug|Any CPU.ActiveCfg = Debug|Any CPU
		{477342F7-7620-49BD-8936-88BB47BBA198}.Debug|Any CPU.Build.0 = Debug|Any CPU
		{477342F7-7620-49BD-8936-88BB47BBA198}.Release|Any CPU.ActiveCfg = Release|Any CPU
		{477342F7-7620-49BD-8936-88BB47BBA198}.Release|Any CPU.Build.0 = Release|Any CPU
		{11161FD3-0C43-47D7-A709-6691697203E4}.Debug|Any CPU.ActiveCfg = Debug|Any CPU
		{11161FD3-0C43-47D7-A709-6691697203E4}.Debug|Any CPU.Build.0 = Debug|Any CPU
		{11161FD3-0C43-47D7-A709-6691697203E4}.Release|Any CPU.ActiveCfg = Release|Any CPU
		{11161FD3-0C43-47D7-A709-6691697203E4}.Release|Any CPU.Build.0 = Release|Any CPU
		{CA21C680-D5F3-4D33-BF71-DD61A73FD0D7}.Debug|Any CPU.ActiveCfg = Debug|Any CPU
		{CA21C680-D5F3-4D33-BF71-DD61A73FD0D7}.Debug|Any CPU.Build.0 = Debug|Any CPU
		{CA21C680-D5F3-4D33-BF71-DD61A73FD0D7}.Release|Any CPU.ActiveCfg = Release|Any CPU
		{CA21C680-D5F3-4D33-BF71-DD61A73FD0D7}.Release|Any CPU.Build.0 = Release|Any CPU
	EndGlobalSection
	GlobalSection(SolutionProperties) = preSolution
		HideSolutionNode = FALSE
	EndGlobalSection
	GlobalSection(NestedProjects) = preSolution
		{2A5559B7-BD98-43A7-B6B0-FA43A8E1C6ED} = {649A3FFA-182F-4E56-9717-E6A9A2BEC545}
		{AD20BC03-9B57-46B2-A9C9-C59708CADD58} = {649A3FFA-182F-4E56-9717-E6A9A2BEC545}
		{D76415B0-5EF6-466D-B9D7-B6CC72860977} = {649A3FFA-182F-4E56-9717-E6A9A2BEC545}
		{5BB62CFE-1C7C-4264-A375-E032A7D79E61} = {130A96A4-1682-4FC8-A71B-7891896A80D8}
		{477342F7-7620-49BD-8936-88BB47BBA198} = {649A3FFA-182F-4E56-9717-E6A9A2BEC545}
		{11161FD3-0C43-47D7-A709-6691697203E4} = {649A3FFA-182F-4E56-9717-E6A9A2BEC545}
		{CA21C680-D5F3-4D33-BF71-DD61A73FD0D7} = {5DA6831A-67BD-4B4E-89F9-B62A00F3B085}
	EndGlobalSection
	GlobalSection(ExtensibilityGlobals) = postSolution
		SolutionGuid = {21499090-BC3F-14BB-6010-2F9E8399A0EC}
	EndGlobalSection
EndGlobal
