
Microsoft Visual Studio Solution File, Format Version 12.00
# Visual Studio Version 16
VisualStudioVersion = 16.0.29709.97
MinimumVisualStudioVersion = 10.0.40219.1
Project("{2150E333-8FDC-42A3-9474-1A3956D46DE8}") = "src", "src", "{F7C89BED-EC2F-4383-9FF8-555611AAB2CA}"
EndProject
Project("{2150E333-8FDC-42A3-9474-1A3956D46DE8}") = "test", "test", "{649B1578-993B-4EB2-9E63-F8CC57B20888}"
EndProject
Project("{9A19103F-16F7-4668-BE54-9A1E7A4F7556}") = "FS.Abp.RestSharp", "src\FS.Abp.RestSharp\FS.Abp.RestSharp.csproj", "{8B5F8DC7-BE7A-474F-A23F-C63228B8B465}"
EndProject
Global
	GlobalSection(SolutionConfigurationPlatforms) = preSolution
		Debug|Any CPU = Debug|Any CPU
		Release|Any CPU = Release|Any CPU
	EndGlobalSection
	GlobalSection(ProjectConfigurationPlatforms) = postSolution
		{8B5F8DC7-BE7A-474F-A23F-C63228B8B465}.Debug|Any CPU.ActiveCfg = Debug|Any CPU
		{8B5F8DC7-BE7A-474F-A23F-C63228B8B465}.Debug|Any CPU.Build.0 = Debug|Any CPU
		{8B5F8DC7-BE7A-474F-A23F-C63228B8B465}.Release|Any CPU.ActiveCfg = Release|Any CPU
		{8B5F8DC7-BE7A-474F-A23F-C63228B8B465}.Release|Any CPU.Build.0 = Release|Any CPU
	EndGlobalSection
	GlobalSection(SolutionProperties) = preSolution
		HideSolutionNode = FALSE
	EndGlobalSection
	GlobalSection(NestedProjects) = preSolution
		{8B5F8DC7-BE7A-474F-A23F-C63228B8B465} = {F7C89BED-EC2F-4383-9FF8-555611AAB2CA}
	EndGlobalSection
	GlobalSection(ExtensibilityGlobals) = postSolution
		SolutionGuid = {0DF6CE8A-0288-4B49-B328-6379496CC484}
	EndGlobalSection
EndGlobal
